// !$*UTF8*$!
{
	archiveVersion = 1;
	classes = {
	};
	objectVersion = 46;
	objects = {

/* Begin PBXAggregateTarget section */
		CDC335FE17B97B110098386C /* Documentation */ = {
			isa = PBXAggregateTarget;
			buildConfigurationList = CDC3360117B97B110098386C /* Build configuration list for PBXAggregateTarget "Documentation" */;
			buildPhases = (
				CDC3360217B97B190098386C /* Build appledoc */,
			);
			dependencies = (
			);
			name = Documentation;
			productName = Documentation;
		};
		CDE4CAE61813DDFE007E0EF7 /* Upload API */ = {
			isa = PBXAggregateTarget;
			buildConfigurationList = CDE4CAE81813DDFE007E0EF7 /* Build configuration list for PBXAggregateTarget "Upload API" */;
			buildPhases = (
				CDE4CAE71813DDFE007E0EF7 /* Upload appledoc to Github */,
			);
			dependencies = (
				CDE4CAEC1813DE3A007E0EF7 /* PBXTargetDependency */,
			);
			name = "Upload API";
			productName = Documentation;
		};
/* End PBXAggregateTarget section */

/* Begin PBXBuildFile section */
		1F03BC991E86CC7E0002F0AD /* EventsViewController.swift in Sources */ = {isa = PBXBuildFile; fileRef = 1F03BC981E86CC7E0002F0AD /* EventsViewController.swift */; };
		1F03BC9B1E86CF770002F0AD /* ScreenViewController.swift in Sources */ = {isa = PBXBuildFile; fileRef = 1F03BC9A1E86CF770002F0AD /* ScreenViewController.swift */; };
		1F03BC9D1E86CFC30002F0AD /* SecondScreenViewController.swift in Sources */ = {isa = PBXBuildFile; fileRef = 1F03BC9C1E86CFC30002F0AD /* SecondScreenViewController.swift */; };
		1F72DA6F1E61ECAF00EFF764 /* AppDelegate.swift in Sources */ = {isa = PBXBuildFile; fileRef = 1F72DA6E1E61ECAF00EFF764 /* AppDelegate.swift */; };
		1F72DA711E62E55200EFF764 /* MenuViewController.swift in Sources */ = {isa = PBXBuildFile; fileRef = 1F72DA701E62E55200EFF764 /* MenuViewController.swift */; };
		1F72DA731E62E78E00EFF764 /* ConfigurationViewController.swift in Sources */ = {isa = PBXBuildFile; fileRef = 1F72DA721E62E78E00EFF764 /* ConfigurationViewController.swift */; };
		1F9C69F31F89254200728626 /* CustomTrackingParametersViewController.swift in Sources */ = {isa = PBXBuildFile; fileRef = 1F9C69F21F89254200728626 /* CustomTrackingParametersViewController.swift */; };
		1FA444982047A16800F7E37E /* SearchViewController.swift in Sources */ = {isa = PBXBuildFile; fileRef = 1FA444972047A16800F7E37E /* SearchViewController.swift */; };
		1FC89ADD1FE2A2A5002EEB27 /* MatomoTracker+SharedInstance.swift in Sources */ = {isa = PBXBuildFile; fileRef = 1FC89ADC1FE2A2A5002EEB27 /* MatomoTracker+SharedInstance.swift */; };
		1FDC91771F1A648C0046F506 /* CustomDimensionsViewController.swift in Sources */ = {isa = PBXBuildFile; fileRef = 1FDC91711F1A648C0046F506 /* CustomDimensionsViewController.swift */; };
		1FDC91791F1A648C0046F506 /* ObjectiveCCompatibilityChecker.m in Sources */ = {isa = PBXBuildFile; fileRef = 1FDC91741F1A648C0046F506 /* ObjectiveCCompatibilityChecker.m */; };
		1FDC917A1F1A648C0046F506 /* OptOutViewController.swift in Sources */ = {isa = PBXBuildFile; fileRef = 1FDC91751F1A648C0046F506 /* OptOutViewController.swift */; };
		24F6AE8F1F61FDE200C6C22C /* UserIDViewController.swift in Sources */ = {isa = PBXBuildFile; fileRef = 24F6AE8E1F61FDE200C6C22C /* UserIDViewController.swift */; };
		CD93EC8C17E76E290062BE20 /* UIKit.framework in Frameworks */ = {isa = PBXBuildFile; fileRef = CD1EA93417B0DA4400F63E14 /* UIKit.framework */; };
		CD93EC8D17E76E290062BE20 /* Foundation.framework in Frameworks */ = {isa = PBXBuildFile; fileRef = CD10FABF17B0378D0012BE50 /* Foundation.framework */; };
		CD93EC8E17E76E290062BE20 /* CoreGraphics.framework in Frameworks */ = {isa = PBXBuildFile; fileRef = CD1EA93D17B0DB7500F63E14 /* CoreGraphics.framework */; };
		CD93EC9417E76E290062BE20 /* InfoPlist.strings in Resources */ = {isa = PBXBuildFile; fileRef = CD93EC9217E76E290062BE20 /* InfoPlist.strings */; };
		CD93EC9C17E76E290062BE20 /* Default.png in Resources */ = {isa = PBXBuildFile; fileRef = CD93EC9B17E76E290062BE20 /* Default.png */; };
		CD93EC9E17E76E290062BE20 /* Default@2x.png in Resources */ = {isa = PBXBuildFile; fileRef = CD93EC9D17E76E290062BE20 /* Default@2x.png */; };
		CD93ECA017E76E290062BE20 /* Default-568h@2x.png in Resources */ = {isa = PBXBuildFile; fileRef = CD93EC9F17E76E290062BE20 /* Default-568h@2x.png */; };
		CD93ECA317E76E290062BE20 /* MainStoryboard.storyboard in Resources */ = {isa = PBXBuildFile; fileRef = CD93ECA117E76E290062BE20 /* MainStoryboard.storyboard */; };
		CDC55E2918017D530019A03E /* CoreData.framework in Frameworks */ = {isa = PBXBuildFile; fileRef = CD1EA93217B0DA3E00F63E14 /* CoreData.framework */; };
		CDC55E2A18017D630019A03E /* CoreLocation.framework in Frameworks */ = {isa = PBXBuildFile; fileRef = CD2F7DAF17B9561C00E240FC /* CoreLocation.framework */; };
		F8A9F7D97906DD313D029A2D /* Pods_example_ios.framework in Frameworks */ = {isa = PBXBuildFile; fileRef = EF14E5FDE67AFE4EE7C8B67B /* Pods_example_ios.framework */; };
/* End PBXBuildFile section */

/* Begin PBXContainerItemProxy section */
		CDE4CAEB1813DE3A007E0EF7 /* PBXContainerItemProxy */ = {
			isa = PBXContainerItemProxy;
			containerPortal = CD10FAB417B0378D0012BE50 /* Project object */;
			proxyType = 1;
			remoteGlobalIDString = CDC335FE17B97B110098386C;
			remoteInfo = Documentation;
		};
/* End PBXContainerItemProxy section */

/* Begin PBXFileReference section */
		1F03BC981E86CC7E0002F0AD /* EventsViewController.swift */ = {isa = PBXFileReference; fileEncoding = 4; lastKnownFileType = sourcecode.swift; path = EventsViewController.swift; sourceTree = "<group>"; };
		1F03BC9A1E86CF770002F0AD /* ScreenViewController.swift */ = {isa = PBXFileReference; fileEncoding = 4; lastKnownFileType = sourcecode.swift; path = ScreenViewController.swift; sourceTree = "<group>"; };
		1F03BC9C1E86CFC30002F0AD /* SecondScreenViewController.swift */ = {isa = PBXFileReference; fileEncoding = 4; lastKnownFileType = sourcecode.swift; path = SecondScreenViewController.swift; sourceTree = "<group>"; };
		1F72DA6D1E61ECAF00EFF764 /* ios-Bridging-Header.h */ = {isa = PBXFileReference; lastKnownFileType = sourcecode.c.h; path = "ios-Bridging-Header.h"; sourceTree = "<group>"; };
		1F72DA6E1E61ECAF00EFF764 /* AppDelegate.swift */ = {isa = PBXFileReference; fileEncoding = 4; lastKnownFileType = sourcecode.swift; path = AppDelegate.swift; sourceTree = "<group>"; };
		1F72DA701E62E55200EFF764 /* MenuViewController.swift */ = {isa = PBXFileReference; fileEncoding = 4; lastKnownFileType = sourcecode.swift; path = MenuViewController.swift; sourceTree = "<group>"; };
		1F72DA721E62E78E00EFF764 /* ConfigurationViewController.swift */ = {isa = PBXFileReference; fileEncoding = 4; lastKnownFileType = sourcecode.swift; path = ConfigurationViewController.swift; sourceTree = "<group>"; };
		1F9C69F21F89254200728626 /* CustomTrackingParametersViewController.swift */ = {isa = PBXFileReference; lastKnownFileType = sourcecode.swift; path = CustomTrackingParametersViewController.swift; sourceTree = "<group>"; };
		1FA444972047A16800F7E37E /* SearchViewController.swift */ = {isa = PBXFileReference; lastKnownFileType = sourcecode.swift; path = SearchViewController.swift; sourceTree = "<group>"; };
		1FC89ADC1FE2A2A5002EEB27 /* MatomoTracker+SharedInstance.swift */ = {isa = PBXFileReference; fileEncoding = 4; lastKnownFileType = sourcecode.swift; path = "MatomoTracker+SharedInstance.swift"; sourceTree = "<group>"; };
		1FDC91711F1A648C0046F506 /* CustomDimensionsViewController.swift */ = {isa = PBXFileReference; fileEncoding = 4; lastKnownFileType = sourcecode.swift; path = CustomDimensionsViewController.swift; sourceTree = "<group>"; };
		1FDC91731F1A648C0046F506 /* ObjectiveCCompatibilityChecker.h */ = {isa = PBXFileReference; fileEncoding = 4; lastKnownFileType = sourcecode.c.h; path = ObjectiveCCompatibilityChecker.h; sourceTree = "<group>"; };
		1FDC91741F1A648C0046F506 /* ObjectiveCCompatibilityChecker.m */ = {isa = PBXFileReference; fileEncoding = 4; lastKnownFileType = sourcecode.c.objc; path = ObjectiveCCompatibilityChecker.m; sourceTree = "<group>"; };
		1FDC91751F1A648C0046F506 /* OptOutViewController.swift */ = {isa = PBXFileReference; fileEncoding = 4; lastKnownFileType = sourcecode.swift; path = OptOutViewController.swift; sourceTree = "<group>"; };
		24F6AE8E1F61FDE200C6C22C /* UserIDViewController.swift */ = {isa = PBXFileReference; fileEncoding = 4; lastKnownFileType = sourcecode.swift; path = UserIDViewController.swift; sourceTree = "<group>"; };
		3AEBBD63B45D1F968424585B /* libPods-iosafnetworking2.a */ = {isa = PBXFileReference; explicitFileType = archive.ar; includeInIndex = 0; path = "libPods-iosafnetworking2.a"; sourceTree = BUILT_PRODUCTS_DIR; };
		9BB58213275F072D13140292 /* libPods-ios.a */ = {isa = PBXFileReference; explicitFileType = archive.ar; includeInIndex = 0; path = "libPods-ios.a"; sourceTree = BUILT_PRODUCTS_DIR; };
		A512D280229592361DDA7E8D /* Pods-example-ios.release.xcconfig */ = {isa = PBXFileReference; includeInIndex = 1; lastKnownFileType = text.xcconfig; name = "Pods-example-ios.release.xcconfig"; path = "../../Pods/Target Support Files/Pods-example-ios/Pods-example-ios.release.xcconfig"; sourceTree = "<group>"; };
		AC92312231977BC13ABD15F1 /* Pods-example-ios.debug.xcconfig */ = {isa = PBXFileReference; includeInIndex = 1; lastKnownFileType = text.xcconfig; name = "Pods-example-ios.debug.xcconfig"; path = "../../Pods/Target Support Files/Pods-example-ios/Pods-example-ios.debug.xcconfig"; sourceTree = "<group>"; };
		AFEF98FA72F773DD178FA44C /* libPods-osx.a */ = {isa = PBXFileReference; explicitFileType = archive.ar; includeInIndex = 0; path = "libPods-osx.a"; sourceTree = BUILT_PRODUCTS_DIR; };
		CD03D99517E8FDFC00D7723F /* OptOutViewController.h */ = {isa = PBXFileReference; fileEncoding = 4; lastKnownFileType = sourcecode.c.h; path = OptOutViewController.h; sourceTree = "<group>"; };
		CD03D99617E8FDFC00D7723F /* OptOutViewController.m */ = {isa = PBXFileReference; fileEncoding = 4; lastKnownFileType = sourcecode.c.objc; path = OptOutViewController.m; sourceTree = "<group>"; };
		CD10FABF17B0378D0012BE50 /* Foundation.framework */ = {isa = PBXFileReference; lastKnownFileType = wrapper.framework; name = Foundation.framework; path = System/Library/Frameworks/Foundation.framework; sourceTree = SDKROOT; };
		CD1EA93217B0DA3E00F63E14 /* CoreData.framework */ = {isa = PBXFileReference; lastKnownFileType = wrapper.framework; name = CoreData.framework; path = System/Library/Frameworks/CoreData.framework; sourceTree = SDKROOT; };
		CD1EA93417B0DA4400F63E14 /* UIKit.framework */ = {isa = PBXFileReference; lastKnownFileType = wrapper.framework; name = UIKit.framework; path = System/Library/Frameworks/UIKit.framework; sourceTree = SDKROOT; };
		CD1EA93D17B0DB7500F63E14 /* CoreGraphics.framework */ = {isa = PBXFileReference; lastKnownFileType = wrapper.framework; name = CoreGraphics.framework; path = System/Library/Frameworks/CoreGraphics.framework; sourceTree = SDKROOT; };
		CD2F7DAF17B9561C00E240FC /* CoreLocation.framework */ = {isa = PBXFileReference; lastKnownFileType = wrapper.framework; name = CoreLocation.framework; path = System/Library/Frameworks/CoreLocation.framework; sourceTree = SDKROOT; };
		CD5C9813193E65CF00A8A801 /* CampaignViewController.h */ = {isa = PBXFileReference; fileEncoding = 4; lastKnownFileType = sourcecode.c.h; path = CampaignViewController.h; sourceTree = "<group>"; };
		CD5C9814193E65CF00A8A801 /* CampaignViewController.m */ = {isa = PBXFileReference; fileEncoding = 4; lastKnownFileType = sourcecode.c.objc; path = CampaignViewController.m; sourceTree = "<group>"; };
		CD5F3BED18678C9000D04E03 /* CoreLocation.framework */ = {isa = PBXFileReference; lastKnownFileType = wrapper.framework; name = CoreLocation.framework; path = Platforms/MacOSX.platform/Developer/SDKs/MacOSX10.9.sdk/System/Library/Frameworks/CoreLocation.framework; sourceTree = DEVELOPER_DIR; };
		CD7ABB131B0FD0D2002312DA /* DownloadViewController.h */ = {isa = PBXFileReference; fileEncoding = 4; lastKnownFileType = sourcecode.c.h; path = DownloadViewController.h; sourceTree = "<group>"; };
		CD7ABB141B0FD0D2002312DA /* DownloadViewController.m */ = {isa = PBXFileReference; fileEncoding = 4; lastKnownFileType = sourcecode.c.objc; path = DownloadViewController.m; sourceTree = "<group>"; };
		CD91BDD219A1382900A4B80D /* CustomVariablesViewController.h */ = {isa = PBXFileReference; fileEncoding = 4; lastKnownFileType = sourcecode.c.h; path = CustomVariablesViewController.h; sourceTree = "<group>"; };
		CD91BDD319A1382900A4B80D /* CustomVariablesViewController.m */ = {isa = PBXFileReference; fileEncoding = 4; lastKnownFileType = sourcecode.c.objc; path = CustomVariablesViewController.m; sourceTree = "<group>"; };
		CD93EC8B17E76E290062BE20 /* ios.app */ = {isa = PBXFileReference; explicitFileType = wrapper.application; includeInIndex = 0; path = ios.app; sourceTree = BUILT_PRODUCTS_DIR; };
		CD93EC9117E76E290062BE20 /* PiwikTrackeriOSDemo-Info.plist */ = {isa = PBXFileReference; lastKnownFileType = text.plist.xml; path = "PiwikTrackeriOSDemo-Info.plist"; sourceTree = "<group>"; };
		CD93EC9317E76E290062BE20 /* en */ = {isa = PBXFileReference; lastKnownFileType = text.plist.strings; name = en; path = en.lproj/InfoPlist.strings; sourceTree = "<group>"; };
		CD93EC9517E76E290062BE20 /* main.m */ = {isa = PBXFileReference; lastKnownFileType = sourcecode.c.objc; path = main.m; sourceTree = "<group>"; };
		CD93EC9717E76E290062BE20 /* PiwikTrackeriOSDemo-Prefix.pch */ = {isa = PBXFileReference; lastKnownFileType = sourcecode.c.h; path = "PiwikTrackeriOSDemo-Prefix.pch"; sourceTree = "<group>"; };
		CD93EC9B17E76E290062BE20 /* Default.png */ = {isa = PBXFileReference; lastKnownFileType = image.png; path = Default.png; sourceTree = "<group>"; };
		CD93EC9D17E76E290062BE20 /* Default@2x.png */ = {isa = PBXFileReference; lastKnownFileType = image.png; path = "Default@2x.png"; sourceTree = "<group>"; };
		CD93EC9F17E76E290062BE20 /* Default-568h@2x.png */ = {isa = PBXFileReference; lastKnownFileType = image.png; path = "Default-568h@2x.png"; sourceTree = "<group>"; };
		CD93ECA217E76E290062BE20 /* en */ = {isa = PBXFileReference; lastKnownFileType = file.storyboard; name = en; path = en.lproj/MainStoryboard.storyboard; sourceTree = "<group>"; };
		CD93ECAF17E77B700062BE20 /* EventsViewController.h */ = {isa = PBXFileReference; fileEncoding = 4; lastKnownFileType = sourcecode.c.h; path = EventsViewController.h; sourceTree = "<group>"; };
		CD93ECB017E77B700062BE20 /* EventsViewController.m */ = {isa = PBXFileReference; fileEncoding = 4; lastKnownFileType = sourcecode.c.objc; path = EventsViewController.m; sourceTree = "<group>"; };
		CD93ECB217E77BA70062BE20 /* ExceptionViewController.h */ = {isa = PBXFileReference; fileEncoding = 4; lastKnownFileType = sourcecode.c.h; path = ExceptionViewController.h; sourceTree = "<group>"; };
		CD93ECB317E77BA70062BE20 /* ExceptionViewController.m */ = {isa = PBXFileReference; fileEncoding = 4; lastKnownFileType = sourcecode.c.objc; path = ExceptionViewController.m; sourceTree = "<group>"; };
		CD93ECB517E77BEB0062BE20 /* SocialViewController.h */ = {isa = PBXFileReference; fileEncoding = 4; lastKnownFileType = sourcecode.c.h; path = SocialViewController.h; sourceTree = "<group>"; };
		CD93ECB617E77BEB0062BE20 /* SocialViewController.m */ = {isa = PBXFileReference; fileEncoding = 4; lastKnownFileType = sourcecode.c.objc; path = SocialViewController.m; sourceTree = "<group>"; };
		CD9AC5471801CA6500EE8F43 /* GoalsViewController.h */ = {isa = PBXFileReference; fileEncoding = 4; lastKnownFileType = sourcecode.c.h; path = GoalsViewController.h; sourceTree = "<group>"; };
		CD9AC5481801CA6500EE8F43 /* GoalsViewController.m */ = {isa = PBXFileReference; fileEncoding = 4; lastKnownFileType = sourcecode.c.objc; path = GoalsViewController.m; sourceTree = "<group>"; };
		CDD56BFC19F587A100816D5A /* ContentTrackerViewController.h */ = {isa = PBXFileReference; fileEncoding = 4; lastKnownFileType = sourcecode.c.h; path = ContentTrackerViewController.h; sourceTree = "<group>"; };
		CDD56BFD19F587A100816D5A /* ContentTrackerViewController.m */ = {isa = PBXFileReference; fileEncoding = 4; lastKnownFileType = sourcecode.c.objc; path = ContentTrackerViewController.m; sourceTree = "<group>"; };
		CDEAEAB6180B36F800EB91C2 /* Cocoa.framework */ = {isa = PBXFileReference; lastKnownFileType = wrapper.framework; name = Cocoa.framework; path = Library/Frameworks/Cocoa.framework; sourceTree = DEVELOPER_DIR; };
		CDEDC027189518B00054CF73 /* EcommerceViewController.h */ = {isa = PBXFileReference; fileEncoding = 4; lastKnownFileType = sourcecode.c.h; path = EcommerceViewController.h; sourceTree = "<group>"; };
		CDEDC028189518B00054CF73 /* EcommerceViewController.m */ = {isa = PBXFileReference; fileEncoding = 4; lastKnownFileType = sourcecode.c.objc; path = EcommerceViewController.m; sourceTree = "<group>"; };
		EF14E5FDE67AFE4EE7C8B67B /* Pods_example_ios.framework */ = {isa = PBXFileReference; explicitFileType = wrapper.framework; includeInIndex = 0; path = Pods_example_ios.framework; sourceTree = BUILT_PRODUCTS_DIR; };
/* End PBXFileReference section */

/* Begin PBXFrameworksBuildPhase section */
		CD93EC8817E76E290062BE20 /* Frameworks */ = {
			isa = PBXFrameworksBuildPhase;
			buildActionMask = 2147483647;
			files = (
				CD93EC8D17E76E290062BE20 /* Foundation.framework in Frameworks */,
				CD93EC8C17E76E290062BE20 /* UIKit.framework in Frameworks */,
				CDC55E2918017D530019A03E /* CoreData.framework in Frameworks */,
				CDC55E2A18017D630019A03E /* CoreLocation.framework in Frameworks */,
				CD93EC8E17E76E290062BE20 /* CoreGraphics.framework in Frameworks */,
				F8A9F7D97906DD313D029A2D /* Pods_example_ios.framework in Frameworks */,
			);
			runOnlyForDeploymentPostprocessing = 0;
		};
/* End PBXFrameworksBuildPhase section */

/* Begin PBXGroup section */
		56D3B2A29360E0C4A14A8360 /* Pods */ = {
			isa = PBXGroup;
			children = (
				AC92312231977BC13ABD15F1 /* Pods-example-ios.debug.xcconfig */,
				A512D280229592361DDA7E8D /* Pods-example-ios.release.xcconfig */,
			);
			name = Pods;
			sourceTree = "<group>";
		};
		CD10FAB317B0378D0012BE50 = {
			isa = PBXGroup;
			children = (
				CD10FABE17B0378D0012BE50 /* Frameworks */,
				CD10FABD17B0378D0012BE50 /* Products */,
				CD93EC8F17E76E290062BE20 /* iOS Example */,
				56D3B2A29360E0C4A14A8360 /* Pods */,
			);
			sourceTree = "<group>";
		};
		CD10FABD17B0378D0012BE50 /* Products */ = {
			isa = PBXGroup;
			children = (
				CD93EC8B17E76E290062BE20 /* ios.app */,
			);
			name = Products;
			sourceTree = "<group>";
		};
		CD10FABE17B0378D0012BE50 /* Frameworks */ = {
			isa = PBXGroup;
			children = (
				CD5F3BED18678C9000D04E03 /* CoreLocation.framework */,
				CD10FABF17B0378D0012BE50 /* Foundation.framework */,
				CD1EA93417B0DA4400F63E14 /* UIKit.framework */,
				CD1EA93217B0DA3E00F63E14 /* CoreData.framework */,
				CD1EA93D17B0DB7500F63E14 /* CoreGraphics.framework */,
				CD2F7DAF17B9561C00E240FC /* CoreLocation.framework */,
				CDEAEAB6180B36F800EB91C2 /* Cocoa.framework */,
				9BB58213275F072D13140292 /* libPods-ios.a */,
				3AEBBD63B45D1F968424585B /* libPods-iosafnetworking2.a */,
				AFEF98FA72F773DD178FA44C /* libPods-osx.a */,
				EF14E5FDE67AFE4EE7C8B67B /* Pods_example_ios.framework */,
			);
			name = Frameworks;
			sourceTree = "<group>";
		};
		CD93EC8F17E76E290062BE20 /* iOS Example */ = {
			isa = PBXGroup;
			children = (
				CD93EC9017E76E290062BE20 /* Supporting Files */,
				1F72DA6E1E61ECAF00EFF764 /* AppDelegate.swift */,
				1F72DA701E62E55200EFF764 /* MenuViewController.swift */,
				1F72DA721E62E78E00EFF764 /* ConfigurationViewController.swift */,
				1F03BC981E86CC7E0002F0AD /* EventsViewController.swift */,
				1F03BC9A1E86CF770002F0AD /* ScreenViewController.swift */,
				1F03BC9C1E86CFC30002F0AD /* SecondScreenViewController.swift */,
				1FDC91751F1A648C0046F506 /* OptOutViewController.swift */,
				1FDC91711F1A648C0046F506 /* CustomDimensionsViewController.swift */,
				24F6AE8E1F61FDE200C6C22C /* UserIDViewController.swift */,
				1F9C69F21F89254200728626 /* CustomTrackingParametersViewController.swift */,
				1FA444972047A16800F7E37E /* SearchViewController.swift */,
				CD5C9813193E65CF00A8A801 /* CampaignViewController.h */,
				CD5C9814193E65CF00A8A801 /* CampaignViewController.m */,
				CDD56BFC19F587A100816D5A /* ContentTrackerViewController.h */,
				CDD56BFD19F587A100816D5A /* ContentTrackerViewController.m */,
				CD91BDD219A1382900A4B80D /* CustomVariablesViewController.h */,
				CD91BDD319A1382900A4B80D /* CustomVariablesViewController.m */,
				CD7ABB131B0FD0D2002312DA /* DownloadViewController.h */,
				CD7ABB141B0FD0D2002312DA /* DownloadViewController.m */,
				CDEDC027189518B00054CF73 /* EcommerceViewController.h */,
				CDEDC028189518B00054CF73 /* EcommerceViewController.m */,
				CD93ECAF17E77B700062BE20 /* EventsViewController.h */,
				CD93ECB017E77B700062BE20 /* EventsViewController.m */,
				CD93ECB217E77BA70062BE20 /* ExceptionViewController.h */,
				CD93ECB317E77BA70062BE20 /* ExceptionViewController.m */,
				CD9AC5471801CA6500EE8F43 /* GoalsViewController.h */,
				CD9AC5481801CA6500EE8F43 /* GoalsViewController.m */,
				CD93ECA117E76E290062BE20 /* MainStoryboard.storyboard */,
				CD03D99517E8FDFC00D7723F /* OptOutViewController.h */,
				CD03D99617E8FDFC00D7723F /* OptOutViewController.m */,
				CD93ECB517E77BEB0062BE20 /* SocialViewController.h */,
				CD93ECB617E77BEB0062BE20 /* SocialViewController.m */,
				1FDC91731F1A648C0046F506 /* ObjectiveCCompatibilityChecker.h */,
				1FDC91741F1A648C0046F506 /* ObjectiveCCompatibilityChecker.m */,
				1F72DA6D1E61ECAF00EFF764 /* ios-Bridging-Header.h */,
				1FC89ADC1FE2A2A5002EEB27 /* MatomoTracker+SharedInstance.swift */,
			);
			path = "iOS Example";
			sourceTree = "<group>";
		};
		CD93EC9017E76E290062BE20 /* Supporting Files */ = {
			isa = PBXGroup;
			children = (
				CD93EC9F17E76E290062BE20 /* Default-568h@2x.png */,
				CD93EC9B17E76E290062BE20 /* Default.png */,
				CD93EC9D17E76E290062BE20 /* Default@2x.png */,
				CD93EC9217E76E290062BE20 /* InfoPlist.strings */,
				CD93EC9117E76E290062BE20 /* PiwikTrackeriOSDemo-Info.plist */,
				CD93EC9717E76E290062BE20 /* PiwikTrackeriOSDemo-Prefix.pch */,
				CD93EC9517E76E290062BE20 /* main.m */,
			);
			path = "Supporting Files";
			sourceTree = "<group>";
		};
/* End PBXGroup section */

/* Begin PBXNativeTarget section */
		CD93EC8A17E76E290062BE20 /* ios */ = {
			isa = PBXNativeTarget;
			buildConfigurationList = CD93ECAC17E76E290062BE20 /* Build configuration list for PBXNativeTarget "ios" */;
			buildPhases = (
				434B17FA41C3CDFE84FF8205 /* [CP] Check Pods Manifest.lock */,
				CD93EC8717E76E290062BE20 /* Sources */,
				CD93EC8817E76E290062BE20 /* Frameworks */,
				CD93EC8917E76E290062BE20 /* Resources */,
				01A5049A4137D2B0AC2675EF /* [CP] Embed Pods Frameworks */,
				CFD8060A28B5CB0CDA3FF3F0 /* [CP] Copy Pods Resources */,
			);
			buildRules = (
			);
			dependencies = (
			);
			name = ios;
			productName = PiwikTrackeriOSDemo;
			productReference = CD93EC8B17E76E290062BE20 /* ios.app */;
			productType = "com.apple.product-type.application";
		};
/* End PBXNativeTarget section */

/* Begin PBXProject section */
		CD10FAB417B0378D0012BE50 /* Project object */ = {
			isa = PBXProject;
			attributes = {
				LastTestingUpgradeCheck = 0600;
				LastUpgradeCheck = 0900;
				ORGANIZATIONNAME = "Mattias Levin";
				TargetAttributes = {
					CD93EC8A17E76E290062BE20 = {
						LastSwiftMigration = 0820;
					};
				};
			};
			buildConfigurationList = CD10FAB717B0378D0012BE50 /* Build configuration list for PBXProject "ios" */;
			compatibilityVersion = "Xcode 3.2";
			developmentRegion = English;
			hasScannedForEncodings = 0;
			knownRegions = (
				en,
				Base,
			);
			mainGroup = CD10FAB317B0378D0012BE50;
			productRefGroup = CD10FABD17B0378D0012BE50 /* Products */;
			projectDirPath = "";
			projectRoot = "";
			targets = (
				CD93EC8A17E76E290062BE20 /* ios */,
				CDC335FE17B97B110098386C /* Documentation */,
				CDE4CAE61813DDFE007E0EF7 /* Upload API */,
			);
		};
/* End PBXProject section */

/* Begin PBXResourcesBuildPhase section */
		CD93EC8917E76E290062BE20 /* Resources */ = {
			isa = PBXResourcesBuildPhase;
			buildActionMask = 2147483647;
			files = (
				CD93EC9417E76E290062BE20 /* InfoPlist.strings in Resources */,
				CD93EC9C17E76E290062BE20 /* Default.png in Resources */,
				CD93EC9E17E76E290062BE20 /* Default@2x.png in Resources */,
				CD93ECA017E76E290062BE20 /* Default-568h@2x.png in Resources */,
				CD93ECA317E76E290062BE20 /* MainStoryboard.storyboard in Resources */,
			);
			runOnlyForDeploymentPostprocessing = 0;
		};
/* End PBXResourcesBuildPhase section */

/* Begin PBXShellScriptBuildPhase section */
		01A5049A4137D2B0AC2675EF /* [CP] Embed Pods Frameworks */ = {
			isa = PBXShellScriptBuildPhase;
			buildActionMask = 2147483647;
			files = (
			);
			inputPaths = (
				"${SRCROOT}/../../Pods/Target Support Files/Pods-example-ios/Pods-example-ios-frameworks.sh",
				"${BUILT_PRODUCTS_DIR}/MatomoTracker-iOS/MatomoTracker.framework",
			);
			name = "[CP] Embed Pods Frameworks";
			outputPaths = (
				"${TARGET_BUILD_DIR}/${FRAMEWORKS_FOLDER_PATH}/MatomoTracker.framework",
			);
			runOnlyForDeploymentPostprocessing = 0;
			shellPath = /bin/sh;
			shellScript = "\"${SRCROOT}/../../Pods/Target Support Files/Pods-example-ios/Pods-example-ios-frameworks.sh\"\n";
			showEnvVarsInLog = 0;
		};
		434B17FA41C3CDFE84FF8205 /* [CP] Check Pods Manifest.lock */ = {
			isa = PBXShellScriptBuildPhase;
			buildActionMask = 2147483647;
			files = (
			);
			inputPaths = (
				"${PODS_PODFILE_DIR_PATH}/Podfile.lock",
				"${PODS_ROOT}/Manifest.lock",
			);
			name = "[CP] Check Pods Manifest.lock";
			outputPaths = (
				"$(DERIVED_FILE_DIR)/Pods-example-ios-checkManifestLockResult.txt",
			);
			runOnlyForDeploymentPostprocessing = 0;
			shellPath = /bin/sh;
			shellScript = "diff \"${PODS_PODFILE_DIR_PATH}/Podfile.lock\" \"${PODS_ROOT}/Manifest.lock\" > /dev/null\nif [ $? != 0 ] ; then\n    # print error to STDERR\n    echo \"error: The sandbox is not in sync with the Podfile.lock. Run 'pod install' or update your CocoaPods installation.\" >&2\n    exit 1\nfi\n# This output is used by Xcode 'outputs' to avoid re-running this script phase.\necho \"SUCCESS\" > \"${SCRIPT_OUTPUT_FILE_0}\"\n";
			showEnvVarsInLog = 0;
		};
		CDC3360217B97B190098386C /* Build appledoc */ = {
			isa = PBXShellScriptBuildPhase;
			buildActionMask = 2147483647;
			files = (
			);
			inputPaths = (
			);
			name = "Build appledoc";
			outputPaths = (
			);
			runOnlyForDeploymentPostprocessing = 0;
			shellPath = /bin/sh;
			shellScript = "/usr/local/bin/appledoc \\\n--project-name PiwikTracker \\\n--project-company Wadpam \\\n--company-id com.wadpam \\\n--output \"$SOURCE_ROOT/Doc\" \\\n--no-repeat-first-par \\\n--explicit-crossref \\\n--no-install-docset \\\n--keep-intermediate-files \\\n\"$SOURCE_ROOT/PiwikTracker/.\"";
		};
		CDE4CAE71813DDFE007E0EF7 /* Upload appledoc to Github */ = {
			isa = PBXShellScriptBuildPhase;
			buildActionMask = 2147483647;
			files = (
			);
			inputPaths = (
			);
			name = "Upload appledoc to Github";
			outputPaths = (
			);
			runOnlyForDeploymentPostprocessing = 0;
			shellPath = /bin/sh;
			shellScript = "echo \"Remove tmp directory\"\ncd /tmp\nrm -rf PiwikTracker\n\necho \"Clone documentation branch\"\ngit clone -b gh-pages https://github.com/piwik/piwik-sdk-ios.git\n\necho \"Copy new documentation into place\"\ncd piwik-sdk-ios\nrm -rf docs\ncp -rv \"$SOURCE_ROOT\"/Doc docs\n\necho \"Commit changes\"\ngit commit -am \"Update API documentation\"\n\necho \"Push changes\"\ngit push origin gh-pages";
		};
		CFD8060A28B5CB0CDA3FF3F0 /* [CP] Copy Pods Resources */ = {
			isa = PBXShellScriptBuildPhase;
			buildActionMask = 2147483647;
			files = (
			);
			inputPaths = (
			);
			name = "[CP] Copy Pods Resources";
			outputPaths = (
			);
			runOnlyForDeploymentPostprocessing = 0;
			shellPath = /bin/sh;
			shellScript = "\"${SRCROOT}/../../Pods/Target Support Files/Pods-example-ios/Pods-example-ios-resources.sh\"\n";
			showEnvVarsInLog = 0;
		};
/* End PBXShellScriptBuildPhase section */

/* Begin PBXSourcesBuildPhase section */
		CD93EC8717E76E290062BE20 /* Sources */ = {
			isa = PBXSourcesBuildPhase;
			buildActionMask = 2147483647;
			files = (
				1F9C69F31F89254200728626 /* CustomTrackingParametersViewController.swift in Sources */,
				1FC89ADD1FE2A2A5002EEB27 /* MatomoTracker+SharedInstance.swift in Sources */,
				1F03BC9D1E86CFC30002F0AD /* SecondScreenViewController.swift in Sources */,
				1FDC91791F1A648C0046F506 /* ObjectiveCCompatibilityChecker.m in Sources */,
				1FDC91771F1A648C0046F506 /* CustomDimensionsViewController.swift in Sources */,
				1FDC917A1F1A648C0046F506 /* OptOutViewController.swift in Sources */,
				1F72DA6F1E61ECAF00EFF764 /* AppDelegate.swift in Sources */,
				1FA444982047A16800F7E37E /* SearchViewController.swift in Sources */,
				1F03BC991E86CC7E0002F0AD /* EventsViewController.swift in Sources */,
				24F6AE8F1F61FDE200C6C22C /* UserIDViewController.swift in Sources */,
				1F03BC9B1E86CF770002F0AD /* ScreenViewController.swift in Sources */,
				1F72DA711E62E55200EFF764 /* MenuViewController.swift in Sources */,
				1F72DA731E62E78E00EFF764 /* ConfigurationViewController.swift in Sources */,
			);
			runOnlyForDeploymentPostprocessing = 0;
		};
/* End PBXSourcesBuildPhase section */

/* Begin PBXTargetDependency section */
		CDE4CAEC1813DE3A007E0EF7 /* PBXTargetDependency */ = {
			isa = PBXTargetDependency;
			target = CDC335FE17B97B110098386C /* Documentation */;
			targetProxy = CDE4CAEB1813DE3A007E0EF7 /* PBXContainerItemProxy */;
		};
/* End PBXTargetDependency section */

/* Begin PBXVariantGroup section */
		CD93EC9217E76E290062BE20 /* InfoPlist.strings */ = {
			isa = PBXVariantGroup;
			children = (
				CD93EC9317E76E290062BE20 /* en */,
			);
			name = InfoPlist.strings;
			path = .;
			sourceTree = "<group>";
		};
		CD93ECA117E76E290062BE20 /* MainStoryboard.storyboard */ = {
			isa = PBXVariantGroup;
			children = (
				CD93ECA217E76E290062BE20 /* en */,
			);
			name = MainStoryboard.storyboard;
			path = .;
			sourceTree = "<group>";
		};
/* End PBXVariantGroup section */

/* Begin XCBuildConfiguration section */
		CD10FADF17B0378E0012BE50 /* Debug */ = {
			isa = XCBuildConfiguration;
			buildSettings = {
				ALWAYS_SEARCH_USER_PATHS = NO;
				CLANG_CXX_LANGUAGE_STANDARD = "gnu++0x";
				CLANG_CXX_LIBRARY = "libc++";
				CLANG_ENABLE_OBJC_ARC = YES;
				CLANG_WARN_BLOCK_CAPTURE_AUTORELEASING = YES;
				CLANG_WARN_BOOL_CONVERSION = YES;
				CLANG_WARN_COMMA = YES;
				CLANG_WARN_CONSTANT_CONVERSION = YES;
				CLANG_WARN_EMPTY_BODY = YES;
				CLANG_WARN_ENUM_CONVERSION = YES;
				CLANG_WARN_INFINITE_RECURSION = YES;
				CLANG_WARN_INT_CONVERSION = YES;
				CLANG_WARN_NON_LITERAL_NULL_CONVERSION = YES;
				CLANG_WARN_OBJC_LITERAL_CONVERSION = YES;
				CLANG_WARN_RANGE_LOOP_ANALYSIS = YES;
				CLANG_WARN_STRICT_PROTOTYPES = YES;
				CLANG_WARN_SUSPICIOUS_MOVE = YES;
				CLANG_WARN_UNREACHABLE_CODE = YES;
				CLANG_WARN__DUPLICATE_METHOD_MATCH = YES;
				COPY_PHASE_STRIP = NO;
				ENABLE_STRICT_OBJC_MSGSEND = YES;
				ENABLE_TESTABILITY = YES;
				GCC_C_LANGUAGE_STANDARD = gnu99;
				GCC_DYNAMIC_NO_PIC = NO;
				GCC_NO_COMMON_BLOCKS = YES;
				GCC_OPTIMIZATION_LEVEL = 0;
				GCC_PREPROCESSOR_DEFINITIONS = (
					"DEBUG=1",
					"$(inherited)",
				);
				GCC_SYMBOLS_PRIVATE_EXTERN = NO;
				GCC_WARN_64_TO_32_BIT_CONVERSION = YES;
				GCC_WARN_ABOUT_RETURN_TYPE = YES;
				GCC_WARN_UNDECLARED_SELECTOR = YES;
				GCC_WARN_UNINITIALIZED_AUTOS = YES;
				GCC_WARN_UNUSED_FUNCTION = YES;
				GCC_WARN_UNUSED_VARIABLE = YES;
				IPHONEOS_DEPLOYMENT_TARGET = 8.0;
				MACOSX_DEPLOYMENT_TARGET = 10.8;
				ONLY_ACTIVE_ARCH = YES;
			};
			name = Debug;
		};
		CD10FAE017B0378E0012BE50 /* Release */ = {
			isa = XCBuildConfiguration;
			buildSettings = {
				ALWAYS_SEARCH_USER_PATHS = NO;
				CLANG_CXX_LANGUAGE_STANDARD = "gnu++0x";
				CLANG_CXX_LIBRARY = "libc++";
				CLANG_ENABLE_OBJC_ARC = YES;
				CLANG_WARN_BLOCK_CAPTURE_AUTORELEASING = YES;
				CLANG_WARN_BOOL_CONVERSION = YES;
				CLANG_WARN_COMMA = YES;
				CLANG_WARN_CONSTANT_CONVERSION = YES;
				CLANG_WARN_EMPTY_BODY = YES;
				CLANG_WARN_ENUM_CONVERSION = YES;
				CLANG_WARN_INFINITE_RECURSION = YES;
				CLANG_WARN_INT_CONVERSION = YES;
				CLANG_WARN_NON_LITERAL_NULL_CONVERSION = YES;
				CLANG_WARN_OBJC_LITERAL_CONVERSION = YES;
				CLANG_WARN_RANGE_LOOP_ANALYSIS = YES;
				CLANG_WARN_STRICT_PROTOTYPES = YES;
				CLANG_WARN_SUSPICIOUS_MOVE = YES;
				CLANG_WARN_UNREACHABLE_CODE = YES;
				CLANG_WARN__DUPLICATE_METHOD_MATCH = YES;
				COPY_PHASE_STRIP = YES;
				ENABLE_STRICT_OBJC_MSGSEND = YES;
				GCC_C_LANGUAGE_STANDARD = gnu99;
				GCC_NO_COMMON_BLOCKS = YES;
				GCC_WARN_64_TO_32_BIT_CONVERSION = YES;
				GCC_WARN_ABOUT_RETURN_TYPE = YES;
				GCC_WARN_UNDECLARED_SELECTOR = YES;
				GCC_WARN_UNINITIALIZED_AUTOS = YES;
				GCC_WARN_UNUSED_FUNCTION = YES;
				GCC_WARN_UNUSED_VARIABLE = YES;
				IPHONEOS_DEPLOYMENT_TARGET = 8.0;
				MACOSX_DEPLOYMENT_TARGET = 10.8;
				SWIFT_OPTIMIZATION_LEVEL = "-Owholemodule";
				VALIDATE_PRODUCT = YES;
			};
			name = Release;
		};
		CD93ECAA17E76E290062BE20 /* Debug */ = {
			isa = XCBuildConfiguration;
			baseConfigurationReference = AC92312231977BC13ABD15F1 /* Pods-example-ios.debug.xcconfig */;
			buildSettings = {
				ALWAYS_EMBED_SWIFT_STANDARD_LIBRARIES = YES;
				CLANG_ENABLE_MODULES = YES;
				"CODE_SIGN_IDENTITY[sdk=iphoneos*]" = "iPhone Developer";
				GCC_PRECOMPILE_PREFIX_HEADER = YES;
				GCC_PREFIX_HEADER = "iOS Example/Supporting Files/PiwikTrackeriOSDemo-Prefix.pch";
				INFOPLIST_FILE = "iOS Example/Supporting Files/PiwikTrackeriOSDemo-Info.plist";
				IPHONEOS_DEPLOYMENT_TARGET = 8.0;
				LD_RUNPATH_SEARCH_PATHS = "$(inherited) @executable_path/Frameworks";
				PRODUCT_BUNDLE_IDENTIFIER = org.matomo.iostracker;
				PRODUCT_NAME = "$(TARGET_NAME)";
				SDKROOT = iphoneos;
				SWIFT_OBJC_BRIDGING_HEADER = "iOS Example/ios-Bridging-Header.h";
				SWIFT_OPTIMIZATION_LEVEL = "-Onone";
				SWIFT_VERSION = 4.0;
				WRAPPER_EXTENSION = app;
			};
			name = Debug;
		};
		CD93ECAB17E76E290062BE20 /* Release */ = {
			isa = XCBuildConfiguration;
			baseConfigurationReference = A512D280229592361DDA7E8D /* Pods-example-ios.release.xcconfig */;
			buildSettings = {
				ALWAYS_EMBED_SWIFT_STANDARD_LIBRARIES = YES;
				CLANG_ENABLE_MODULES = YES;
				"CODE_SIGN_IDENTITY[sdk=iphoneos*]" = "iPhone Developer";
				GCC_PRECOMPILE_PREFIX_HEADER = YES;
				GCC_PREFIX_HEADER = "iOS Example/Supporting Files/PiwikTrackeriOSDemo-Prefix.pch";
				INFOPLIST_FILE = "iOS Example/Supporting Files/PiwikTrackeriOSDemo-Info.plist";
				IPHONEOS_DEPLOYMENT_TARGET = 8.0;
				LD_RUNPATH_SEARCH_PATHS = "$(inherited) @executable_path/Frameworks";
				OTHER_CFLAGS = "$(inherited)";
				PRODUCT_BUNDLE_IDENTIFIER = org.matomo.iostracker;
				PRODUCT_NAME = "$(TARGET_NAME)";
				SDKROOT = iphoneos;
				SWIFT_OBJC_BRIDGING_HEADER = "iOS Example/ios-Bridging-Header.h";
				SWIFT_VERSION = 4.0;
				WRAPPER_EXTENSION = app;
			};
			name = Release;
		};
		CDC335FF17B97B110098386C /* Debug */ = {
			isa = XCBuildConfiguration;
			buildSettings = {
				PRODUCT_NAME = "$(TARGET_NAME)";
			};
			name = Debug;
		};
		CDC3360017B97B110098386C /* Release */ = {
			isa = XCBuildConfiguration;
			buildSettings = {
				PRODUCT_NAME = "$(TARGET_NAME)";
			};
			name = Release;
		};
		CDE4CAE91813DDFE007E0EF7 /* Debug */ = {
			isa = XCBuildConfiguration;
			buildSettings = {
				PRODUCT_NAME = "Documentation copy";
			};
			name = Debug;
		};
		CDE4CAEA1813DDFE007E0EF7 /* Release */ = {
			isa = XCBuildConfiguration;
			buildSettings = {
				PRODUCT_NAME = "Documentation copy";
			};
			name = Release;
		};
/* End XCBuildConfiguration section */

/* Begin XCConfigurationList section */
		CD10FAB717B0378D0012BE50 /* Build configuration list for PBXProject "ios" */ = {
			isa = XCConfigurationList;
			buildConfigurations = (
				CD10FADF17B0378E0012BE50 /* Debug */,
				CD10FAE017B0378E0012BE50 /* Release */,
			);
			defaultConfigurationIsVisible = 0;
			defaultConfigurationName = Release;
		};
		CD93ECAC17E76E290062BE20 /* Build configuration list for PBXNativeTarget "ios" */ = {
			isa = XCConfigurationList;
			buildConfigurations = (
				CD93ECAA17E76E290062BE20 /* Debug */,
				CD93ECAB17E76E290062BE20 /* Release */,
			);
			defaultConfigurationIsVisible = 0;
			defaultConfigurationName = Release;
		};
		CDC3360117B97B110098386C /* Build configuration list for PBXAggregateTarget "Documentation" */ = {
			isa = XCConfigurationList;
			buildConfigurations = (
				CDC335FF17B97B110098386C /* Debug */,
				CDC3360017B97B110098386C /* Release */,
			);
			defaultConfigurationIsVisible = 0;
			defaultConfigurationName = Release;
		};
		CDE4CAE81813DDFE007E0EF7 /* Build configuration list for PBXAggregateTarget "Upload API" */ = {
			isa = XCConfigurationList;
			buildConfigurations = (
				CDE4CAE91813DDFE007E0EF7 /* Debug */,
				CDE4CAEA1813DDFE007E0EF7 /* Release */,
			);
			defaultConfigurationIsVisible = 0;
			defaultConfigurationName = Release;
		};
/* End XCConfigurationList section */
	};
	rootObject = CD10FAB417B0378D0012BE50 /* Project object */;
}
