PODS:
  - Nimble (5.1.1)
  - PiwikTracker (4.0.0-alpha2):
    - PiwikTracker/Core (= 4.0.0-alpha2)
  - PiwikTracker/Core (4.0.0-alpha2)
  - Quick (0.10.0)

DEPENDENCIES:
  - Nimble (~> 5.1)
  - PiwikTracker (from `./`)
  - Quick (~> 0.10)

EXTERNAL SOURCES:
  PiwikTracker:
    :path: "./"

SPEC CHECKSUMS:
  Nimble: 415e3aa3267e7bc2c96b05fa814ddea7bb686a29
  PiwikTracker: 70b418f419a1cc8d0e4e4306c27d35ab328fb76d
  Quick: 5d290df1c69d5ee2f0729956dcf0fd9a30447eaa

PODFILE CHECKSUM: 2d5a69062784df1b845aef47c967dd27d6d4206e

COCOAPODS: 1.2.1
