PODS:
  - Nimble (5.1.1)
  - PiwikTracker (4.0.0-alpha2):
    - PiwikTracker/Core (= 4.0.0-alpha2)
  - PiwikTracker/Core (4.0.0-alpha2)
  - Quick (0.10.0)

DEPENDENCIES:
  - Nimble (~> 5.1)
  - PiwikTracker (from `./`)
  - Quick (~> 0.10)

EXTERNAL SOURCES:
  PiwikTracker:
    :path: "./"

SPEC CHECKSUMS:
  Nimble: 415e3aa3267e7bc2c96b05fa814ddea7bb686a29
  PiwikTracker: 183e1a6dae79b8e22edcbc024e839d81f1a4f2b7
  Quick: 5d290df1c69d5ee2f0729956dcf0fd9a30447eaa

PODFILE CHECKSUM: f0370e3aa96003532fcbbbb252ac424405cbdfa0

COCOAPODS: 1.2.1
