PODS:
  - Nimble (5.1.1)
  - PiwikTracker (4.0.0):
    - PiwikTracker/Core (= 4.0.0)
  - PiwikTracker/Core (4.0.0)
  - Quick (0.10.0)

DEPENDENCIES:
  - Nimble (~> 5.1)
  - PiwikTracker (from `./`)
  - Quick (~> 0.10)

EXTERNAL SOURCES:
  PiwikTracker:
    :path: "./"

SPEC CHECKSUMS:
  Nimble: 415e3aa3267e7bc2c96b05fa814ddea7bb686a29
  PiwikTracker: 1fbb3b086dda92bf36e522137bc3a60d6d6ee306
  Quick: 5d290df1c69d5ee2f0729956dcf0fd9a30447eaa

PODFILE CHECKSUM: a7f24eb0ec9a2aaa14dbc693f87f65c7b3ca1934

COCOAPODS: 1.2.1
