// !$*UTF8*$!
{
	archiveVersion = 1;
	classes = {
	};
	objectVersion = 46;
	objects = {

/* Begin PBXAggregateTarget section */
		CDC335FE17B97B110098386C /* Documentation */ = {
			isa = PBXAggregateTarget;
			buildConfigurationList = CDC3360117B97B110098386C /* Build configuration list for PBXAggregateTarget "Documentation" */;
			buildPhases = (
				CDC3360217B97B190098386C /* Build appledoc */,
			);
			dependencies = (
			);
			name = Documentation;
			productName = Documentation;
		};
		CDE4CAE61813DDFE007E0EF7 /* Upload API */ = {
			isa = PBXAggregateTarget;
			buildConfigurationList = CDE4CAE81813DDFE007E0EF7 /* Build configuration list for PBXAggregateTarget "Upload API" */;
			buildPhases = (
				CDE4CAE71813DDFE007E0EF7 /* Upload appledoc to Github */,
			);
			dependencies = (
				CDE4CAEC1813DE3A007E0EF7 /* PBXTargetDependency */,
			);
			name = "Upload API";
			productName = Documentation;
		};
/* End PBXAggregateTarget section */

/* Begin PBXBuildFile section */
		1F0673C51DAD342B000A7E05 /* UIApplication+Extension.swift in Sources */ = {isa = PBXBuildFile; fileRef = 1F0673C41DAD342B000A7E05 /* UIApplication+Extension.swift */; };
		1F0673C71DAD34F9000A7E05 /* PiwikUserDefaults.swift in Sources */ = {isa = PBXBuildFile; fileRef = 1F0673C61DAD34F9000A7E05 /* PiwikUserDefaults.swift */; };
		1F8B48431DAA3772003012F7 /* PiwikDispatcherStub.swift in Sources */ = {isa = PBXBuildFile; fileRef = 1F8B48421DAA3772003012F7 /* PiwikDispatcherStub.swift */; };
		1F8B48451DAA3A67003012F7 /* PiwikTrackerSpecs.swift in Sources */ = {isa = PBXBuildFile; fileRef = 1F8B48441DAA3A67003012F7 /* PiwikTrackerSpecs.swift */; };
		1F8B48471DAA63C0003012F7 /* PiwikTracker+SpecExtension.swift in Sources */ = {isa = PBXBuildFile; fileRef = 1F8B48461DAA63C0003012F7 /* PiwikTracker+SpecExtension.swift */; };
		1F8B48551DAA6FC6003012F7 /* StringExtension.swift in Sources */ = {isa = PBXBuildFile; fileRef = 1F8B484A1DAA6D78003012F7 /* StringExtension.swift */; };
		1F8B48571DAA6FE4003012F7 /* PiwikTrackerSwift-BridgingHeader.h in Headers */ = {isa = PBXBuildFile; fileRef = 1F8B48561DAA6FE4003012F7 /* PiwikTrackerSwift-BridgingHeader.h */; };
		1F8B485A1DAA750D003012F7 /* EventQueue.swift in Sources */ = {isa = PBXBuildFile; fileRef = 1F8B48591DAA750D003012F7 /* EventQueue.swift */; };
		1F8B485C1DAA7522003012F7 /* EventQueueVolatile.swift in Sources */ = {isa = PBXBuildFile; fileRef = 1F8B485B1DAA7521003012F7 /* EventQueueVolatile.swift */; };
		1F8B485E1DAA87A6003012F7 /* Campaign.swift in Sources */ = {isa = PBXBuildFile; fileRef = 1F8B485D1DAA87A6003012F7 /* Campaign.swift */; };
		1F8B485F1DAA9EEF003012F7 /* CustomVariable.swift in Sources */ = {isa = PBXBuildFile; fileRef = 1F8B48481DAA694F003012F7 /* CustomVariable.swift */; };
		1F8B48631DAC36AA003012F7 /* UIDevice+Extension.swift in Sources */ = {isa = PBXBuildFile; fileRef = 1F8B48621DAC36AA003012F7 /* UIDevice+Extension.swift */; };
		1FECA87E1DA7DDDB00859C13 /* PiwikTrackerSwift.framework in Frameworks */ = {isa = PBXBuildFile; fileRef = 1FECA8751DA7DDDB00859C13 /* PiwikTrackerSwift.framework */; };
		1FECA8851DA7DDDB00859C13 /* PiwikTracker-Swift.h in Headers */ = {isa = PBXBuildFile; fileRef = 1FECA8771DA7DDDB00859C13 /* PiwikTracker-Swift.h */; settings = {ATTRIBUTES = (Public, ); }; };
		1FECA88D1DA7DDF100859C13 /* PTEventEntity.swift in Sources */ = {isa = PBXBuildFile; fileRef = 1FECA88C1DA7DDF100859C13 /* PTEventEntity.swift */; };
		1FECA88F1DA7DEAC00859C13 /* PiwikTrackedViewController.swift in Sources */ = {isa = PBXBuildFile; fileRef = 1FECA88E1DA7DEAC00859C13 /* PiwikTrackedViewController.swift */; };
		1FECA8911DA7E0DA00859C13 /* PiwikDispatcher.swift in Sources */ = {isa = PBXBuildFile; fileRef = 1FECA8901DA7E0DA00859C13 /* PiwikDispatcher.swift */; };
		1FECA8931DA7E24D00859C13 /* PiwikDebugDispatcher.swift in Sources */ = {isa = PBXBuildFile; fileRef = 1FECA8921DA7E24D00859C13 /* PiwikDebugDispatcher.swift */; };
		1FECA8961DA7E3C600859C13 /* PiwikTracker.swift in Sources */ = {isa = PBXBuildFile; fileRef = 1FECA8951DA7E3C600859C13 /* PiwikTracker.swift */; };
		1FECA8981DA7ED3800859C13 /* PiwikConstants.swift in Sources */ = {isa = PBXBuildFile; fileRef = 1FECA8971DA7ED3800859C13 /* PiwikConstants.swift */; };
		CD03D99417E8F8CB00D7723F /* Screen2ViewController.m in Sources */ = {isa = PBXBuildFile; fileRef = CD03D99317E8F8CB00D7723F /* Screen2ViewController.m */; };
		CD03D99717E8FDFD00D7723F /* OptOutViewController.m in Sources */ = {isa = PBXBuildFile; fileRef = CD03D99617E8FDFC00D7723F /* OptOutViewController.m */; };
		CD10FAC017B0378D0012BE50 /* Foundation.framework in Frameworks */ = {isa = PBXBuildFile; fileRef = CD10FABF17B0378D0012BE50 /* Foundation.framework */; };
		CD10FAF017B037B50012BE50 /* PiwikTracker.m in Sources */ = {isa = PBXBuildFile; fileRef = CD10FAEB17B037B50012BE50 /* PiwikTracker.m */; };
		CD152F4E188C52BA0090BFD3 /* PiwikTransactionBuilder.m in Sources */ = {isa = PBXBuildFile; fileRef = CD152F4D188C52BA0090BFD3 /* PiwikTransactionBuilder.m */; };
		CD152F53188C54720090BFD3 /* PiwikTransaction.m in Sources */ = {isa = PBXBuildFile; fileRef = CD152F52188C54720090BFD3 /* PiwikTransaction.m */; };
		CD152F58188C549F0090BFD3 /* PiwikTransactionItem.m in Sources */ = {isa = PBXBuildFile; fileRef = CD152F57188C549F0090BFD3 /* PiwikTransactionItem.m */; };
		CD152F5D188C7CCA0090BFD3 /* PiwikLocationManager.m in Sources */ = {isa = PBXBuildFile; fileRef = CD152F5C188C7CCA0090BFD3 /* PiwikLocationManager.m */; };
		CD1EA93317B0DA3E00F63E14 /* CoreData.framework in Frameworks */ = {isa = PBXBuildFile; fileRef = CD1EA93217B0DA3E00F63E14 /* CoreData.framework */; };
		CD1EA93517B0DA4400F63E14 /* UIKit.framework in Frameworks */ = {isa = PBXBuildFile; fileRef = CD1EA93417B0DA4400F63E14 /* UIKit.framework */; };
		CD1EA96917B0E5B400F63E14 /* PTEventEntity.m in Sources */ = {isa = PBXBuildFile; fileRef = CD1EA96817B0E5B400F63E14 /* PTEventEntity.m */; };
		CD1EEB2219B4A208009BAA7A /* PiwikDebugDispatcher.m in Sources */ = {isa = PBXBuildFile; fileRef = CD1EEB1F19B4A208009BAA7A /* PiwikDebugDispatcher.m */; };
		CD1EEB2319B4A208009BAA7A /* PiwikNSURLSessionDispatcher.m in Sources */ = {isa = PBXBuildFile; fileRef = CD1EEB2119B4A208009BAA7A /* PiwikNSURLSessionDispatcher.m */; };
		CD1EEBB419B5E640009BAA7A /* PiwikAFNetworking1Dispatcher.m in Sources */ = {isa = PBXBuildFile; fileRef = CD1EEBB319B5E640009BAA7A /* PiwikAFNetworking1Dispatcher.m */; };
		CD1EEBD219B5E94B009BAA7A /* PiwikAFNetworking2Dispatcher.m in Sources */ = {isa = PBXBuildFile; fileRef = CD1EEBD119B5E94B009BAA7A /* PiwikAFNetworking2Dispatcher.m */; };
		CD1EEBE219B713F4009BAA7A /* PiwikTrackerTests.m in Sources */ = {isa = PBXBuildFile; fileRef = CD1EEBE119B713F4009BAA7A /* PiwikTrackerTests.m */; };
		CD1EEBE319B713F4009BAA7A /* libPiwikTracker.a in Frameworks */ = {isa = PBXBuildFile; fileRef = CD10FABC17B0378D0012BE50 /* libPiwikTracker.a */; };
		CD2F7DB317B96D0000E240FC /* PiwikTrackedViewController.m in Sources */ = {isa = PBXBuildFile; fileRef = CD2F7DB217B96D0000E240FC /* PiwikTrackedViewController.m */; };
		CD5C9815193E65CF00A8A801 /* CampaignViewController.m in Sources */ = {isa = PBXBuildFile; fileRef = CD5C9814193E65CF00A8A801 /* CampaignViewController.m */; };
		CD5F3BEE18678C9000D04E03 /* CoreLocation.framework in Frameworks */ = {isa = PBXBuildFile; fileRef = CD5F3BED18678C9000D04E03 /* CoreLocation.framework */; };
		CD7ABB151B0FD0D2002312DA /* DownloadViewController.m in Sources */ = {isa = PBXBuildFile; fileRef = CD7ABB141B0FD0D2002312DA /* DownloadViewController.m */; };
		CD8EB28A193B914E000E3F1F /* ConfigurationViewController.m in Sources */ = {isa = PBXBuildFile; fileRef = CD8EB289193B914E000E3F1F /* ConfigurationViewController.m */; };
		CD91BDD419A1382900A4B80D /* CustomVariablesViewController.m in Sources */ = {isa = PBXBuildFile; fileRef = CD91BDD319A1382900A4B80D /* CustomVariablesViewController.m */; };
		CD93EC8C17E76E290062BE20 /* UIKit.framework in Frameworks */ = {isa = PBXBuildFile; fileRef = CD1EA93417B0DA4400F63E14 /* UIKit.framework */; };
		CD93EC8D17E76E290062BE20 /* Foundation.framework in Frameworks */ = {isa = PBXBuildFile; fileRef = CD10FABF17B0378D0012BE50 /* Foundation.framework */; };
		CD93EC8E17E76E290062BE20 /* CoreGraphics.framework in Frameworks */ = {isa = PBXBuildFile; fileRef = CD1EA93D17B0DB7500F63E14 /* CoreGraphics.framework */; };
		CD93EC9417E76E290062BE20 /* InfoPlist.strings in Resources */ = {isa = PBXBuildFile; fileRef = CD93EC9217E76E290062BE20 /* InfoPlist.strings */; };
		CD93EC9617E76E290062BE20 /* main.m in Sources */ = {isa = PBXBuildFile; fileRef = CD93EC9517E76E290062BE20 /* main.m */; };
		CD93EC9A17E76E290062BE20 /* AppDelegate.m in Sources */ = {isa = PBXBuildFile; fileRef = CD93EC9917E76E290062BE20 /* AppDelegate.m */; };
		CD93EC9C17E76E290062BE20 /* Default.png in Resources */ = {isa = PBXBuildFile; fileRef = CD93EC9B17E76E290062BE20 /* Default.png */; };
		CD93EC9E17E76E290062BE20 /* Default@2x.png in Resources */ = {isa = PBXBuildFile; fileRef = CD93EC9D17E76E290062BE20 /* Default@2x.png */; };
		CD93ECA017E76E290062BE20 /* Default-568h@2x.png in Resources */ = {isa = PBXBuildFile; fileRef = CD93EC9F17E76E290062BE20 /* Default-568h@2x.png */; };
		CD93ECA317E76E290062BE20 /* MainStoryboard.storyboard in Resources */ = {isa = PBXBuildFile; fileRef = CD93ECA117E76E290062BE20 /* MainStoryboard.storyboard */; };
		CD93ECA617E76E290062BE20 /* MenuViewController.m in Sources */ = {isa = PBXBuildFile; fileRef = CD93ECA517E76E290062BE20 /* MenuViewController.m */; };
		CD93ECAE17E7798F0062BE20 /* ScreenViewController.m in Sources */ = {isa = PBXBuildFile; fileRef = CD93ECAD17E7798F0062BE20 /* ScreenViewController.m */; };
		CD93ECB117E77B700062BE20 /* EventsViewController.m in Sources */ = {isa = PBXBuildFile; fileRef = CD93ECB017E77B700062BE20 /* EventsViewController.m */; };
		CD93ECB417E77BA70062BE20 /* ExceptionViewController.m in Sources */ = {isa = PBXBuildFile; fileRef = CD93ECB317E77BA70062BE20 /* ExceptionViewController.m */; };
		CD93ECB717E77BEB0062BE20 /* SocialViewController.m in Sources */ = {isa = PBXBuildFile; fileRef = CD93ECB617E77BEB0062BE20 /* SocialViewController.m */; };
		CD9AC5461801C6BB00EE8F43 /* SearchViewController.m in Sources */ = {isa = PBXBuildFile; fileRef = CD9AC5451801C6BB00EE8F43 /* SearchViewController.m */; };
		CD9AC5491801CA6500EE8F43 /* GoalsViewController.m in Sources */ = {isa = PBXBuildFile; fileRef = CD9AC5481801CA6500EE8F43 /* GoalsViewController.m */; };
		CDA9500719F05D56004A2277 /* UserIDViewController.m in Sources */ = {isa = PBXBuildFile; fileRef = CDA9500619F05D56004A2277 /* UserIDViewController.m */; };
		CDBCF6FB1B10C6C200F77481 /* piwiktracker.xcdatamodeld in Sources */ = {isa = PBXBuildFile; fileRef = CDBCF6F81B10C6C200F77481 /* piwiktracker.xcdatamodeld */; };
		CDBCF6FD1B10D1C100F77481 /* CoreDataMigrationTests.m in Sources */ = {isa = PBXBuildFile; fileRef = CDBCF6FC1B10D1C100F77481 /* CoreDataMigrationTests.m */; };
		CDBCF7001B10D39800F77481 /* piwiktracker_v1.sqlite in Resources */ = {isa = PBXBuildFile; fileRef = CDBCF6FF1B10D39800F77481 /* piwiktracker_v1.sqlite */; };
		CDBCF7011B10D47300F77481 /* piwiktracker.xcdatamodeld in Sources */ = {isa = PBXBuildFile; fileRef = CDBCF6F81B10C6C200F77481 /* piwiktracker.xcdatamodeld */; };
		CDC55E2918017D530019A03E /* CoreData.framework in Frameworks */ = {isa = PBXBuildFile; fileRef = CD1EA93217B0DA3E00F63E14 /* CoreData.framework */; };
		CDC55E2A18017D630019A03E /* CoreLocation.framework in Frameworks */ = {isa = PBXBuildFile; fileRef = CD2F7DAF17B9561C00E240FC /* CoreLocation.framework */; };
		CDD56BFE19F587A100816D5A /* ContentTrackerViewController.m in Sources */ = {isa = PBXBuildFile; fileRef = CDD56BFD19F587A100816D5A /* ContentTrackerViewController.m */; };
		CDEAEAB7180B36F800EB91C2 /* Cocoa.framework in Frameworks */ = {isa = PBXBuildFile; fileRef = CDEAEAB6180B36F800EB91C2 /* Cocoa.framework */; };
		CDEAEAC1180B36F900EB91C2 /* InfoPlist.strings in Resources */ = {isa = PBXBuildFile; fileRef = CDEAEABF180B36F900EB91C2 /* InfoPlist.strings */; };
		CDEAEAC3180B36F900EB91C2 /* main.m in Sources */ = {isa = PBXBuildFile; fileRef = CDEAEAC2180B36F900EB91C2 /* main.m */; };
		CDEAEAC7180B36F900EB91C2 /* Credits.rtf in Resources */ = {isa = PBXBuildFile; fileRef = CDEAEAC5180B36F900EB91C2 /* Credits.rtf */; };
		CDEAEACA180B36F900EB91C2 /* AppDelegate.m in Sources */ = {isa = PBXBuildFile; fileRef = CDEAEAC9180B36F900EB91C2 /* AppDelegate.m */; };
		CDEAEACD180B36F900EB91C2 /* MainMenu.xib in Resources */ = {isa = PBXBuildFile; fileRef = CDEAEACB180B36F900EB91C2 /* MainMenu.xib */; };
		CDEAEACF180B36F900EB91C2 /* Images.xcassets in Resources */ = {isa = PBXBuildFile; fileRef = CDEAEACE180B36F900EB91C2 /* Images.xcassets */; };
		CDEDC029189518B00054CF73 /* EcommerceViewController.m in Sources */ = {isa = PBXBuildFile; fileRef = CDEDC028189518B00054CF73 /* EcommerceViewController.m */; };
		CF7C19994BA2403997714A6E /* Pods_PiwikTrackerSwiftTests.framework in Frameworks */ = {isa = PBXBuildFile; fileRef = 47016783E4F5BDEDED890AB1 /* Pods_PiwikTrackerSwiftTests.framework */; };
/* End PBXBuildFile section */

/* Begin PBXContainerItemProxy section */
		1FECA87F1DA7DDDB00859C13 /* PBXContainerItemProxy */ = {
			isa = PBXContainerItemProxy;
			containerPortal = CD10FAB417B0378D0012BE50 /* Project object */;
			proxyType = 1;
			remoteGlobalIDString = 1FECA8741DA7DDDB00859C13;
			remoteInfo = "PiwikTracker-Swift";
		};
		CD1EEBE419B713F4009BAA7A /* PBXContainerItemProxy */ = {
			isa = PBXContainerItemProxy;
			containerPortal = CD10FAB417B0378D0012BE50 /* Project object */;
			proxyType = 1;
			remoteGlobalIDString = CD10FABB17B0378D0012BE50;
			remoteInfo = PiwikTracker;
		};
		CD1EEBE919B713F5009BAA7A /* PBXContainerItemProxy */ = {
			isa = PBXContainerItemProxy;
			containerPortal = CD10FAB417B0378D0012BE50 /* Project object */;
			proxyType = 1;
			remoteGlobalIDString = CD10FABB17B0378D0012BE50;
			remoteInfo = PiwikTracker;
		};
		CD1EEBEB19B713F5009BAA7A /* PBXContainerItemProxy */ = {
			isa = PBXContainerItemProxy;
			containerPortal = CD10FAB417B0378D0012BE50 /* Project object */;
			proxyType = 1;
			remoteGlobalIDString = CD10FABB17B0378D0012BE50;
			remoteInfo = PiwikTracker;
		};
		CD1EEBED19B74519009BAA7A /* PBXContainerItemProxy */ = {
			isa = PBXContainerItemProxy;
			containerPortal = CD10FAB417B0378D0012BE50 /* Project object */;
			proxyType = 1;
			remoteGlobalIDString = CD10FABB17B0378D0012BE50;
			remoteInfo = PiwikTracker;
		};
		CDE4CAEB1813DE3A007E0EF7 /* PBXContainerItemProxy */ = {
			isa = PBXContainerItemProxy;
			containerPortal = CD10FAB417B0378D0012BE50 /* Project object */;
			proxyType = 1;
			remoteGlobalIDString = CDC335FE17B97B110098386C;
			remoteInfo = Documentation;
		};
/* End PBXContainerItemProxy section */

/* Begin PBXCopyFilesBuildPhase section */
		CD10FABA17B0378D0012BE50 /* CopyFiles */ = {
			isa = PBXCopyFilesBuildPhase;
			buildActionMask = 2147483647;
			dstPath = "include/${PRODUCT_NAME}";
			dstSubfolderSpec = 16;
			files = (
			);
			runOnlyForDeploymentPostprocessing = 0;
		};
		CD1EEB9919B5E600009BAA7A /* CopyFiles */ = {
			isa = PBXCopyFilesBuildPhase;
			buildActionMask = 2147483647;
			dstPath = "include/$(PRODUCT_NAME)";
			dstSubfolderSpec = 16;
			files = (
			);
			runOnlyForDeploymentPostprocessing = 0;
		};
		CD1EEBB719B5E85A009BAA7A /* CopyFiles */ = {
			isa = PBXCopyFilesBuildPhase;
			buildActionMask = 2147483647;
			dstPath = "include/$(PRODUCT_NAME)";
			dstSubfolderSpec = 16;
			files = (
			);
			runOnlyForDeploymentPostprocessing = 0;
		};
/* End PBXCopyFilesBuildPhase section */

/* Begin PBXFileReference section */
		02BE992845BFB9EB0C8A0B47 /* Pods-PiwikTrackerSwiftTests.debug.xcconfig */ = {isa = PBXFileReference; includeInIndex = 1; lastKnownFileType = text.xcconfig; name = "Pods-PiwikTrackerSwiftTests.debug.xcconfig"; path = "Pods/Target Support Files/Pods-PiwikTrackerSwiftTests/Pods-PiwikTrackerSwiftTests.debug.xcconfig"; sourceTree = "<group>"; };
		1F0673C41DAD342B000A7E05 /* UIApplication+Extension.swift */ = {isa = PBXFileReference; fileEncoding = 4; lastKnownFileType = sourcecode.swift; path = "UIApplication+Extension.swift"; sourceTree = "<group>"; };
		1F0673C61DAD34F9000A7E05 /* PiwikUserDefaults.swift */ = {isa = PBXFileReference; fileEncoding = 4; lastKnownFileType = sourcecode.swift; path = PiwikUserDefaults.swift; sourceTree = "<group>"; };
		1F8B48421DAA3772003012F7 /* PiwikDispatcherStub.swift */ = {isa = PBXFileReference; fileEncoding = 4; lastKnownFileType = sourcecode.swift; path = PiwikDispatcherStub.swift; sourceTree = "<group>"; };
		1F8B48441DAA3A67003012F7 /* PiwikTrackerSpecs.swift */ = {isa = PBXFileReference; fileEncoding = 4; lastKnownFileType = sourcecode.swift; path = PiwikTrackerSpecs.swift; sourceTree = "<group>"; };
		1F8B48461DAA63C0003012F7 /* PiwikTracker+SpecExtension.swift */ = {isa = PBXFileReference; fileEncoding = 4; lastKnownFileType = sourcecode.swift; path = "PiwikTracker+SpecExtension.swift"; sourceTree = "<group>"; };
		1F8B48481DAA694F003012F7 /* CustomVariable.swift */ = {isa = PBXFileReference; fileEncoding = 4; lastKnownFileType = sourcecode.swift; path = CustomVariable.swift; sourceTree = "<group>"; };
		1F8B484A1DAA6D78003012F7 /* StringExtension.swift */ = {isa = PBXFileReference; fileEncoding = 4; lastKnownFileType = sourcecode.swift; path = StringExtension.swift; sourceTree = "<group>"; };
		1F8B48561DAA6FE4003012F7 /* PiwikTrackerSwift-BridgingHeader.h */ = {isa = PBXFileReference; fileEncoding = 4; lastKnownFileType = sourcecode.c.h; path = "PiwikTrackerSwift-BridgingHeader.h"; sourceTree = "<group>"; };
		1F8B48591DAA750D003012F7 /* EventQueue.swift */ = {isa = PBXFileReference; fileEncoding = 4; lastKnownFileType = sourcecode.swift; path = EventQueue.swift; sourceTree = "<group>"; };
		1F8B485B1DAA7521003012F7 /* EventQueueVolatile.swift */ = {isa = PBXFileReference; fileEncoding = 4; lastKnownFileType = sourcecode.swift; path = EventQueueVolatile.swift; sourceTree = "<group>"; };
		1F8B485D1DAA87A6003012F7 /* Campaign.swift */ = {isa = PBXFileReference; fileEncoding = 4; lastKnownFileType = sourcecode.swift; path = Campaign.swift; sourceTree = "<group>"; };
		1F8B48621DAC36AA003012F7 /* UIDevice+Extension.swift */ = {isa = PBXFileReference; fileEncoding = 4; lastKnownFileType = sourcecode.swift; path = "UIDevice+Extension.swift"; sourceTree = "<group>"; };
		1FECA8751DA7DDDB00859C13 /* PiwikTrackerSwift.framework */ = {isa = PBXFileReference; explicitFileType = wrapper.framework; includeInIndex = 0; path = PiwikTrackerSwift.framework; sourceTree = BUILT_PRODUCTS_DIR; };
		1FECA8771DA7DDDB00859C13 /* PiwikTracker-Swift.h */ = {isa = PBXFileReference; lastKnownFileType = sourcecode.c.h; path = "PiwikTracker-Swift.h"; sourceTree = "<group>"; };
		1FECA8781DA7DDDB00859C13 /* Info.plist */ = {isa = PBXFileReference; lastKnownFileType = text.plist.xml; path = Info.plist; sourceTree = "<group>"; };
		1FECA87D1DA7DDDB00859C13 /* PiwikTrackerSwiftTests.xctest */ = {isa = PBXFileReference; explicitFileType = wrapper.cfbundle; includeInIndex = 0; path = PiwikTrackerSwiftTests.xctest; sourceTree = BUILT_PRODUCTS_DIR; };
		1FECA8841DA7DDDB00859C13 /* Info.plist */ = {isa = PBXFileReference; lastKnownFileType = text.plist.xml; path = Info.plist; sourceTree = "<group>"; };
		1FECA88C1DA7DDF100859C13 /* PTEventEntity.swift */ = {isa = PBXFileReference; fileEncoding = 4; lastKnownFileType = sourcecode.swift; path = PTEventEntity.swift; sourceTree = "<group>"; };
		1FECA88E1DA7DEAC00859C13 /* PiwikTrackedViewController.swift */ = {isa = PBXFileReference; fileEncoding = 4; lastKnownFileType = sourcecode.swift; path = PiwikTrackedViewController.swift; sourceTree = "<group>"; };
		1FECA8901DA7E0DA00859C13 /* PiwikDispatcher.swift */ = {isa = PBXFileReference; fileEncoding = 4; lastKnownFileType = sourcecode.swift; path = PiwikDispatcher.swift; sourceTree = "<group>"; };
		1FECA8921DA7E24D00859C13 /* PiwikDebugDispatcher.swift */ = {isa = PBXFileReference; fileEncoding = 4; lastKnownFileType = sourcecode.swift; path = PiwikDebugDispatcher.swift; sourceTree = "<group>"; };
		1FECA8951DA7E3C600859C13 /* PiwikTracker.swift */ = {isa = PBXFileReference; fileEncoding = 4; lastKnownFileType = sourcecode.swift; path = PiwikTracker.swift; sourceTree = "<group>"; };
		1FECA8971DA7ED3800859C13 /* PiwikConstants.swift */ = {isa = PBXFileReference; fileEncoding = 4; lastKnownFileType = sourcecode.swift; path = PiwikConstants.swift; sourceTree = "<group>"; };
		3AEBBD63B45D1F968424585B /* libPods-iosafnetworking2.a */ = {isa = PBXFileReference; explicitFileType = archive.ar; includeInIndex = 0; path = "libPods-iosafnetworking2.a"; sourceTree = BUILT_PRODUCTS_DIR; };
		47016783E4F5BDEDED890AB1 /* Pods_PiwikTrackerSwiftTests.framework */ = {isa = PBXFileReference; explicitFileType = wrapper.framework; includeInIndex = 0; path = Pods_PiwikTrackerSwiftTests.framework; sourceTree = BUILT_PRODUCTS_DIR; };
		9BB58213275F072D13140292 /* libPods-ios.a */ = {isa = PBXFileReference; explicitFileType = archive.ar; includeInIndex = 0; path = "libPods-ios.a"; sourceTree = BUILT_PRODUCTS_DIR; };
		AFEF98FA72F773DD178FA44C /* libPods-osx.a */ = {isa = PBXFileReference; explicitFileType = archive.ar; includeInIndex = 0; path = "libPods-osx.a"; sourceTree = BUILT_PRODUCTS_DIR; };
		CD03D99217E8F8CB00D7723F /* Screen2ViewController.h */ = {isa = PBXFileReference; fileEncoding = 4; lastKnownFileType = sourcecode.c.h; path = Screen2ViewController.h; sourceTree = "<group>"; };
		CD03D99317E8F8CB00D7723F /* Screen2ViewController.m */ = {isa = PBXFileReference; fileEncoding = 4; lastKnownFileType = sourcecode.c.objc; path = Screen2ViewController.m; sourceTree = "<group>"; };
		CD03D99517E8FDFC00D7723F /* OptOutViewController.h */ = {isa = PBXFileReference; fileEncoding = 4; lastKnownFileType = sourcecode.c.h; path = OptOutViewController.h; sourceTree = "<group>"; };
		CD03D99617E8FDFC00D7723F /* OptOutViewController.m */ = {isa = PBXFileReference; fileEncoding = 4; lastKnownFileType = sourcecode.c.objc; path = OptOutViewController.m; sourceTree = "<group>"; };
		CD10FABC17B0378D0012BE50 /* libPiwikTracker.a */ = {isa = PBXFileReference; explicitFileType = archive.ar; includeInIndex = 0; path = libPiwikTracker.a; sourceTree = BUILT_PRODUCTS_DIR; };
		CD10FABF17B0378D0012BE50 /* Foundation.framework */ = {isa = PBXFileReference; lastKnownFileType = wrapper.framework; name = Foundation.framework; path = System/Library/Frameworks/Foundation.framework; sourceTree = SDKROOT; };
		CD10FACE17B0378D0012BE50 /* SenTestingKit.framework */ = {isa = PBXFileReference; lastKnownFileType = wrapper.framework; name = SenTestingKit.framework; path = Library/Frameworks/SenTestingKit.framework; sourceTree = DEVELOPER_DIR; };
		CD10FAE917B037B50012BE50 /* PiwikTracker-Prefix.pch */ = {isa = PBXFileReference; fileEncoding = 4; lastKnownFileType = sourcecode.c.h; path = "PiwikTracker-Prefix.pch"; sourceTree = "<group>"; };
		CD10FAEA17B037B50012BE50 /* PiwikTracker.h */ = {isa = PBXFileReference; fileEncoding = 4; lastKnownFileType = sourcecode.c.h; path = PiwikTracker.h; sourceTree = "<group>"; };
		CD10FAEB17B037B50012BE50 /* PiwikTracker.m */ = {isa = PBXFileReference; fileEncoding = 4; lastKnownFileType = sourcecode.c.objc; lineEnding = 0; path = PiwikTracker.m; sourceTree = "<group>"; };
		CD152F3B188BE59F0090BFD3 /* PiwikTransaction.h */ = {isa = PBXFileReference; fileEncoding = 4; lastKnownFileType = sourcecode.c.h; path = PiwikTransaction.h; sourceTree = "<group>"; };
		CD152F41188C4B010090BFD3 /* PiwikTransactionItem.h */ = {isa = PBXFileReference; fileEncoding = 4; lastKnownFileType = sourcecode.c.h; path = PiwikTransactionItem.h; sourceTree = "<group>"; };
		CD152F4C188C52BA0090BFD3 /* PiwikTransactionBuilder.h */ = {isa = PBXFileReference; fileEncoding = 4; lastKnownFileType = sourcecode.c.h; path = PiwikTransactionBuilder.h; sourceTree = "<group>"; };
		CD152F4D188C52BA0090BFD3 /* PiwikTransactionBuilder.m */ = {isa = PBXFileReference; fileEncoding = 4; lastKnownFileType = sourcecode.c.objc; path = PiwikTransactionBuilder.m; sourceTree = "<group>"; };
		CD152F52188C54720090BFD3 /* PiwikTransaction.m */ = {isa = PBXFileReference; fileEncoding = 4; lastKnownFileType = sourcecode.c.objc; path = PiwikTransaction.m; sourceTree = "<group>"; };
		CD152F57188C549F0090BFD3 /* PiwikTransactionItem.m */ = {isa = PBXFileReference; fileEncoding = 4; lastKnownFileType = sourcecode.c.objc; path = PiwikTransactionItem.m; sourceTree = "<group>"; };
		CD152F5C188C7CCA0090BFD3 /* PiwikLocationManager.m */ = {isa = PBXFileReference; fileEncoding = 4; lastKnownFileType = sourcecode.c.objc; path = PiwikLocationManager.m; sourceTree = "<group>"; };
		CD1EA93217B0DA3E00F63E14 /* CoreData.framework */ = {isa = PBXFileReference; lastKnownFileType = wrapper.framework; name = CoreData.framework; path = System/Library/Frameworks/CoreData.framework; sourceTree = SDKROOT; };
		CD1EA93417B0DA4400F63E14 /* UIKit.framework */ = {isa = PBXFileReference; lastKnownFileType = wrapper.framework; name = UIKit.framework; path = System/Library/Frameworks/UIKit.framework; sourceTree = SDKROOT; };
		CD1EA93D17B0DB7500F63E14 /* CoreGraphics.framework */ = {isa = PBXFileReference; lastKnownFileType = wrapper.framework; name = CoreGraphics.framework; path = System/Library/Frameworks/CoreGraphics.framework; sourceTree = SDKROOT; };
		CD1EA96717B0E5B400F63E14 /* PTEventEntity.h */ = {isa = PBXFileReference; fileEncoding = 4; lastKnownFileType = sourcecode.c.h; path = PTEventEntity.h; sourceTree = "<group>"; };
		CD1EA96817B0E5B400F63E14 /* PTEventEntity.m */ = {isa = PBXFileReference; fileEncoding = 4; lastKnownFileType = sourcecode.c.objc; path = PTEventEntity.m; sourceTree = "<group>"; };
		CD1EEB1E19B4A208009BAA7A /* PiwikDebugDispatcher.h */ = {isa = PBXFileReference; fileEncoding = 4; lastKnownFileType = sourcecode.c.h; path = PiwikDebugDispatcher.h; sourceTree = "<group>"; };
		CD1EEB1F19B4A208009BAA7A /* PiwikDebugDispatcher.m */ = {isa = PBXFileReference; fileEncoding = 4; lastKnownFileType = sourcecode.c.objc; path = PiwikDebugDispatcher.m; sourceTree = "<group>"; };
		CD1EEB2019B4A208009BAA7A /* PiwikNSURLSessionDispatcher.h */ = {isa = PBXFileReference; fileEncoding = 4; lastKnownFileType = sourcecode.c.h; path = PiwikNSURLSessionDispatcher.h; sourceTree = "<group>"; };
		CD1EEB2119B4A208009BAA7A /* PiwikNSURLSessionDispatcher.m */ = {isa = PBXFileReference; fileEncoding = 4; lastKnownFileType = sourcecode.c.objc; path = PiwikNSURLSessionDispatcher.m; sourceTree = "<group>"; };
		CD1EEB9B19B5E600009BAA7A /* libPiwikTracker+AFNetworking1.a */ = {isa = PBXFileReference; explicitFileType = archive.ar; includeInIndex = 0; path = "libPiwikTracker+AFNetworking1.a"; sourceTree = BUILT_PRODUCTS_DIR; };
		CD1EEBB219B5E640009BAA7A /* PiwikAFNetworking1Dispatcher.h */ = {isa = PBXFileReference; fileEncoding = 4; lastKnownFileType = sourcecode.c.h; path = PiwikAFNetworking1Dispatcher.h; sourceTree = "<group>"; };
		CD1EEBB319B5E640009BAA7A /* PiwikAFNetworking1Dispatcher.m */ = {isa = PBXFileReference; fileEncoding = 4; lastKnownFileType = sourcecode.c.objc; path = PiwikAFNetworking1Dispatcher.m; sourceTree = "<group>"; };
		CD1EEBB919B5E85A009BAA7A /* libPiwikTracker+AFNetworking2.a */ = {isa = PBXFileReference; explicitFileType = archive.ar; includeInIndex = 0; path = "libPiwikTracker+AFNetworking2.a"; sourceTree = BUILT_PRODUCTS_DIR; };
		CD1EEBD019B5E94B009BAA7A /* PiwikAFNetworking2Dispatcher.h */ = {isa = PBXFileReference; fileEncoding = 4; lastKnownFileType = sourcecode.c.h; path = PiwikAFNetworking2Dispatcher.h; sourceTree = "<group>"; };
		CD1EEBD119B5E94B009BAA7A /* PiwikAFNetworking2Dispatcher.m */ = {isa = PBXFileReference; fileEncoding = 4; lastKnownFileType = sourcecode.c.objc; path = PiwikAFNetworking2Dispatcher.m; sourceTree = "<group>"; };
		CD1EEBDD19B713F4009BAA7A /* PiwikTrackerTests.xctest */ = {isa = PBXFileReference; explicitFileType = wrapper.cfbundle; includeInIndex = 0; path = PiwikTrackerTests.xctest; sourceTree = BUILT_PRODUCTS_DIR; };
		CD1EEBE019B713F4009BAA7A /* Info.plist */ = {isa = PBXFileReference; lastKnownFileType = text.plist.xml; path = Info.plist; sourceTree = "<group>"; };
		CD1EEBE119B713F4009BAA7A /* PiwikTrackerTests.m */ = {isa = PBXFileReference; lastKnownFileType = sourcecode.c.objc; path = PiwikTrackerTests.m; sourceTree = "<group>"; };
		CD2F7DAF17B9561C00E240FC /* CoreLocation.framework */ = {isa = PBXFileReference; lastKnownFileType = wrapper.framework; name = CoreLocation.framework; path = System/Library/Frameworks/CoreLocation.framework; sourceTree = SDKROOT; };
		CD2F7DB117B96D0000E240FC /* PiwikTrackedViewController.h */ = {isa = PBXFileReference; fileEncoding = 4; lastKnownFileType = sourcecode.c.h; path = PiwikTrackedViewController.h; sourceTree = "<group>"; };
		CD2F7DB217B96D0000E240FC /* PiwikTrackedViewController.m */ = {isa = PBXFileReference; fileEncoding = 4; lastKnownFileType = sourcecode.c.objc; path = PiwikTrackedViewController.m; sourceTree = "<group>"; };
		CD5C9813193E65CF00A8A801 /* CampaignViewController.h */ = {isa = PBXFileReference; fileEncoding = 4; lastKnownFileType = sourcecode.c.h; path = CampaignViewController.h; sourceTree = "<group>"; };
		CD5C9814193E65CF00A8A801 /* CampaignViewController.m */ = {isa = PBXFileReference; fileEncoding = 4; lastKnownFileType = sourcecode.c.objc; path = CampaignViewController.m; sourceTree = "<group>"; };
		CD5F3BED18678C9000D04E03 /* CoreLocation.framework */ = {isa = PBXFileReference; lastKnownFileType = wrapper.framework; name = CoreLocation.framework; path = Platforms/MacOSX.platform/Developer/SDKs/MacOSX10.9.sdk/System/Library/Frameworks/CoreLocation.framework; sourceTree = DEVELOPER_DIR; };
		CD7ABB131B0FD0D2002312DA /* DownloadViewController.h */ = {isa = PBXFileReference; fileEncoding = 4; lastKnownFileType = sourcecode.c.h; path = DownloadViewController.h; sourceTree = "<group>"; };
		CD7ABB141B0FD0D2002312DA /* DownloadViewController.m */ = {isa = PBXFileReference; fileEncoding = 4; lastKnownFileType = sourcecode.c.objc; path = DownloadViewController.m; sourceTree = "<group>"; };
		CD8EB288193B914E000E3F1F /* ConfigurationViewController.h */ = {isa = PBXFileReference; fileEncoding = 4; lastKnownFileType = sourcecode.c.h; path = ConfigurationViewController.h; sourceTree = "<group>"; };
		CD8EB289193B914E000E3F1F /* ConfigurationViewController.m */ = {isa = PBXFileReference; fileEncoding = 4; lastKnownFileType = sourcecode.c.objc; path = ConfigurationViewController.m; sourceTree = "<group>"; };
		CD91BDD219A1382900A4B80D /* CustomVariablesViewController.h */ = {isa = PBXFileReference; fileEncoding = 4; lastKnownFileType = sourcecode.c.h; path = CustomVariablesViewController.h; sourceTree = "<group>"; };
		CD91BDD319A1382900A4B80D /* CustomVariablesViewController.m */ = {isa = PBXFileReference; fileEncoding = 4; lastKnownFileType = sourcecode.c.objc; path = CustomVariablesViewController.m; sourceTree = "<group>"; };
		CD93EC8B17E76E290062BE20 /* PiwikTrackeriOSDemo.app */ = {isa = PBXFileReference; explicitFileType = wrapper.application; includeInIndex = 0; path = PiwikTrackeriOSDemo.app; sourceTree = BUILT_PRODUCTS_DIR; };
		CD93EC9117E76E290062BE20 /* PiwikTrackeriOSDemo-Info.plist */ = {isa = PBXFileReference; lastKnownFileType = text.plist.xml; path = "PiwikTrackeriOSDemo-Info.plist"; sourceTree = "<group>"; };
		CD93EC9317E76E290062BE20 /* en */ = {isa = PBXFileReference; lastKnownFileType = text.plist.strings; name = en; path = en.lproj/InfoPlist.strings; sourceTree = "<group>"; };
		CD93EC9517E76E290062BE20 /* main.m */ = {isa = PBXFileReference; lastKnownFileType = sourcecode.c.objc; path = main.m; sourceTree = "<group>"; };
		CD93EC9717E76E290062BE20 /* PiwikTrackeriOSDemo-Prefix.pch */ = {isa = PBXFileReference; lastKnownFileType = sourcecode.c.h; path = "PiwikTrackeriOSDemo-Prefix.pch"; sourceTree = "<group>"; };
		CD93EC9817E76E290062BE20 /* AppDelegate.h */ = {isa = PBXFileReference; lastKnownFileType = sourcecode.c.h; path = AppDelegate.h; sourceTree = "<group>"; };
		CD93EC9917E76E290062BE20 /* AppDelegate.m */ = {isa = PBXFileReference; lastKnownFileType = sourcecode.c.objc; path = AppDelegate.m; sourceTree = "<group>"; };
		CD93EC9B17E76E290062BE20 /* Default.png */ = {isa = PBXFileReference; lastKnownFileType = image.png; path = Default.png; sourceTree = "<group>"; };
		CD93EC9D17E76E290062BE20 /* Default@2x.png */ = {isa = PBXFileReference; lastKnownFileType = image.png; path = "Default@2x.png"; sourceTree = "<group>"; };
		CD93EC9F17E76E290062BE20 /* Default-568h@2x.png */ = {isa = PBXFileReference; lastKnownFileType = image.png; path = "Default-568h@2x.png"; sourceTree = "<group>"; };
		CD93ECA217E76E290062BE20 /* en */ = {isa = PBXFileReference; lastKnownFileType = file.storyboard; name = en; path = en.lproj/MainStoryboard.storyboard; sourceTree = "<group>"; };
		CD93ECA417E76E290062BE20 /* MenuViewController.h */ = {isa = PBXFileReference; lastKnownFileType = sourcecode.c.h; path = MenuViewController.h; sourceTree = "<group>"; };
		CD93ECA517E76E290062BE20 /* MenuViewController.m */ = {isa = PBXFileReference; lastKnownFileType = sourcecode.c.objc; path = MenuViewController.m; sourceTree = "<group>"; };
		CD93ECA717E76E290062BE20 /* ScreenViewController.h */ = {isa = PBXFileReference; lastKnownFileType = sourcecode.c.h; path = ScreenViewController.h; sourceTree = "<group>"; };
		CD93ECAD17E7798F0062BE20 /* ScreenViewController.m */ = {isa = PBXFileReference; fileEncoding = 4; lastKnownFileType = sourcecode.c.objc; path = ScreenViewController.m; sourceTree = "<group>"; };
		CD93ECAF17E77B700062BE20 /* EventsViewController.h */ = {isa = PBXFileReference; fileEncoding = 4; lastKnownFileType = sourcecode.c.h; path = EventsViewController.h; sourceTree = "<group>"; };
		CD93ECB017E77B700062BE20 /* EventsViewController.m */ = {isa = PBXFileReference; fileEncoding = 4; lastKnownFileType = sourcecode.c.objc; path = EventsViewController.m; sourceTree = "<group>"; };
		CD93ECB217E77BA70062BE20 /* ExceptionViewController.h */ = {isa = PBXFileReference; fileEncoding = 4; lastKnownFileType = sourcecode.c.h; path = ExceptionViewController.h; sourceTree = "<group>"; };
		CD93ECB317E77BA70062BE20 /* ExceptionViewController.m */ = {isa = PBXFileReference; fileEncoding = 4; lastKnownFileType = sourcecode.c.objc; path = ExceptionViewController.m; sourceTree = "<group>"; };
		CD93ECB517E77BEB0062BE20 /* SocialViewController.h */ = {isa = PBXFileReference; fileEncoding = 4; lastKnownFileType = sourcecode.c.h; path = SocialViewController.h; sourceTree = "<group>"; };
		CD93ECB617E77BEB0062BE20 /* SocialViewController.m */ = {isa = PBXFileReference; fileEncoding = 4; lastKnownFileType = sourcecode.c.objc; path = SocialViewController.m; sourceTree = "<group>"; };
		CD9AC5441801C6BB00EE8F43 /* SearchViewController.h */ = {isa = PBXFileReference; fileEncoding = 4; lastKnownFileType = sourcecode.c.h; path = SearchViewController.h; sourceTree = "<group>"; };
		CD9AC5451801C6BB00EE8F43 /* SearchViewController.m */ = {isa = PBXFileReference; fileEncoding = 4; lastKnownFileType = sourcecode.c.objc; path = SearchViewController.m; sourceTree = "<group>"; };
		CD9AC5471801CA6500EE8F43 /* GoalsViewController.h */ = {isa = PBXFileReference; fileEncoding = 4; lastKnownFileType = sourcecode.c.h; path = GoalsViewController.h; sourceTree = "<group>"; };
		CD9AC5481801CA6500EE8F43 /* GoalsViewController.m */ = {isa = PBXFileReference; fileEncoding = 4; lastKnownFileType = sourcecode.c.objc; path = GoalsViewController.m; sourceTree = "<group>"; };
		CDA9500519F05D56004A2277 /* UserIDViewController.h */ = {isa = PBXFileReference; fileEncoding = 4; lastKnownFileType = sourcecode.c.h; path = UserIDViewController.h; sourceTree = "<group>"; };
		CDA9500619F05D56004A2277 /* UserIDViewController.m */ = {isa = PBXFileReference; fileEncoding = 4; lastKnownFileType = sourcecode.c.objc; path = UserIDViewController.m; sourceTree = "<group>"; };
		CDBCF6F91B10C6C200F77481 /* piwiktracker v2.xcdatamodel */ = {isa = PBXFileReference; lastKnownFileType = wrapper.xcdatamodel; path = "piwiktracker v2.xcdatamodel"; sourceTree = "<group>"; };
		CDBCF6FA1B10C6C200F77481 /* piwiktracker.xcdatamodel */ = {isa = PBXFileReference; lastKnownFileType = wrapper.xcdatamodel; path = piwiktracker.xcdatamodel; sourceTree = "<group>"; };
		CDBCF6FC1B10D1C100F77481 /* CoreDataMigrationTests.m */ = {isa = PBXFileReference; fileEncoding = 4; lastKnownFileType = sourcecode.c.objc; path = CoreDataMigrationTests.m; sourceTree = "<group>"; };
		CDBCF6FF1B10D39800F77481 /* piwiktracker_v1.sqlite */ = {isa = PBXFileReference; lastKnownFileType = file; path = piwiktracker_v1.sqlite; sourceTree = "<group>"; };
		CDC7625519B0F9DA00EED980 /* PiwikDispatcher.h */ = {isa = PBXFileReference; lastKnownFileType = sourcecode.c.h; path = PiwikDispatcher.h; sourceTree = "<group>"; };
		CDD56BFC19F587A100816D5A /* ContentTrackerViewController.h */ = {isa = PBXFileReference; fileEncoding = 4; lastKnownFileType = sourcecode.c.h; path = ContentTrackerViewController.h; sourceTree = "<group>"; };
		CDD56BFD19F587A100816D5A /* ContentTrackerViewController.m */ = {isa = PBXFileReference; fileEncoding = 4; lastKnownFileType = sourcecode.c.objc; path = ContentTrackerViewController.m; sourceTree = "<group>"; };
		CDEAEAAC180B36CC00EB91C2 /* PiwikLocationManager.h */ = {isa = PBXFileReference; fileEncoding = 4; lastKnownFileType = sourcecode.c.h; path = PiwikLocationManager.h; sourceTree = "<group>"; };
		CDEAEAB5180B36F800EB91C2 /* PiwikTrackerOSXDemo.app */ = {isa = PBXFileReference; explicitFileType = wrapper.application; includeInIndex = 0; path = PiwikTrackerOSXDemo.app; sourceTree = BUILT_PRODUCTS_DIR; };
		CDEAEAB6180B36F800EB91C2 /* Cocoa.framework */ = {isa = PBXFileReference; lastKnownFileType = wrapper.framework; name = Cocoa.framework; path = Library/Frameworks/Cocoa.framework; sourceTree = DEVELOPER_DIR; };
		CDEAEAB9180B36F800EB91C2 /* AppKit.framework */ = {isa = PBXFileReference; lastKnownFileType = wrapper.framework; name = AppKit.framework; path = Library/Frameworks/AppKit.framework; sourceTree = SDKROOT; };
		CDEAEABA180B36F800EB91C2 /* CoreData.framework */ = {isa = PBXFileReference; lastKnownFileType = wrapper.framework; name = CoreData.framework; path = Library/Frameworks/CoreData.framework; sourceTree = SDKROOT; };
		CDEAEABB180B36F800EB91C2 /* Foundation.framework */ = {isa = PBXFileReference; lastKnownFileType = wrapper.framework; name = Foundation.framework; path = Library/Frameworks/Foundation.framework; sourceTree = SDKROOT; };
		CDEAEABE180B36F900EB91C2 /* PiwikTrackerOSXDemo-Info.plist */ = {isa = PBXFileReference; lastKnownFileType = text.plist.xml; path = "PiwikTrackerOSXDemo-Info.plist"; sourceTree = "<group>"; };
		CDEAEAC0180B36F900EB91C2 /* en */ = {isa = PBXFileReference; lastKnownFileType = text.plist.strings; name = en; path = en.lproj/InfoPlist.strings; sourceTree = "<group>"; };
		CDEAEAC2180B36F900EB91C2 /* main.m */ = {isa = PBXFileReference; lastKnownFileType = sourcecode.c.objc; path = main.m; sourceTree = "<group>"; };
		CDEAEAC4180B36F900EB91C2 /* PiwikTrackerOSXDemo-Prefix.pch */ = {isa = PBXFileReference; lastKnownFileType = sourcecode.c.h; path = "PiwikTrackerOSXDemo-Prefix.pch"; sourceTree = "<group>"; };
		CDEAEAC6180B36F900EB91C2 /* en */ = {isa = PBXFileReference; lastKnownFileType = text.rtf; name = en; path = en.lproj/Credits.rtf; sourceTree = "<group>"; };
		CDEAEAC8180B36F900EB91C2 /* AppDelegate.h */ = {isa = PBXFileReference; lastKnownFileType = sourcecode.c.h; path = AppDelegate.h; sourceTree = "<group>"; };
		CDEAEAC9180B36F900EB91C2 /* AppDelegate.m */ = {isa = PBXFileReference; lastKnownFileType = sourcecode.c.objc; path = AppDelegate.m; sourceTree = "<group>"; };
		CDEAEACC180B36F900EB91C2 /* Base */ = {isa = PBXFileReference; lastKnownFileType = file.xib; name = Base; path = Base.lproj/MainMenu.xib; sourceTree = "<group>"; };
		CDEAEACE180B36F900EB91C2 /* Images.xcassets */ = {isa = PBXFileReference; lastKnownFileType = folder.assetcatalog; path = Images.xcassets; sourceTree = "<group>"; };
		CDEAEAD5180B36F900EB91C2 /* XCTest.framework */ = {isa = PBXFileReference; lastKnownFileType = wrapper.framework; name = XCTest.framework; path = Library/Frameworks/XCTest.framework; sourceTree = DEVELOPER_DIR; };
		CDEDC027189518B00054CF73 /* EcommerceViewController.h */ = {isa = PBXFileReference; fileEncoding = 4; lastKnownFileType = sourcecode.c.h; path = EcommerceViewController.h; sourceTree = "<group>"; };
		CDEDC028189518B00054CF73 /* EcommerceViewController.m */ = {isa = PBXFileReference; fileEncoding = 4; lastKnownFileType = sourcecode.c.objc; path = EcommerceViewController.m; sourceTree = "<group>"; };
		DD9B6829682B278B57812E3F /* Pods-PiwikTrackerSwiftTests.release.xcconfig */ = {isa = PBXFileReference; includeInIndex = 1; lastKnownFileType = text.xcconfig; name = "Pods-PiwikTrackerSwiftTests.release.xcconfig"; path = "Pods/Target Support Files/Pods-PiwikTrackerSwiftTests/Pods-PiwikTrackerSwiftTests.release.xcconfig"; sourceTree = "<group>"; };
/* End PBXFileReference section */

/* Begin PBXFrameworksBuildPhase section */
		1FECA8711DA7DDDB00859C13 /* Frameworks */ = {
			isa = PBXFrameworksBuildPhase;
			buildActionMask = 2147483647;
			files = (
			);
			runOnlyForDeploymentPostprocessing = 0;
		};
		1FECA87A1DA7DDDB00859C13 /* Frameworks */ = {
			isa = PBXFrameworksBuildPhase;
			buildActionMask = 2147483647;
			files = (
				1FECA87E1DA7DDDB00859C13 /* PiwikTrackerSwift.framework in Frameworks */,
				CF7C19994BA2403997714A6E /* Pods_PiwikTrackerSwiftTests.framework in Frameworks */,
			);
			runOnlyForDeploymentPostprocessing = 0;
		};
		CD10FAB917B0378D0012BE50 /* Frameworks */ = {
			isa = PBXFrameworksBuildPhase;
			buildActionMask = 2147483647;
			files = (
				CD1EA93517B0DA4400F63E14 /* UIKit.framework in Frameworks */,
				CD1EA93317B0DA3E00F63E14 /* CoreData.framework in Frameworks */,
				CD10FAC017B0378D0012BE50 /* Foundation.framework in Frameworks */,
			);
			runOnlyForDeploymentPostprocessing = 0;
		};
		CD1EEB9819B5E600009BAA7A /* Frameworks */ = {
			isa = PBXFrameworksBuildPhase;
			buildActionMask = 2147483647;
			files = (
			);
			runOnlyForDeploymentPostprocessing = 0;
		};
		CD1EEBB619B5E85A009BAA7A /* Frameworks */ = {
			isa = PBXFrameworksBuildPhase;
			buildActionMask = 2147483647;
			files = (
			);
			runOnlyForDeploymentPostprocessing = 0;
		};
		CD1EEBDA19B713F4009BAA7A /* Frameworks */ = {
			isa = PBXFrameworksBuildPhase;
			buildActionMask = 2147483647;
			files = (
				CD1EEBE319B713F4009BAA7A /* libPiwikTracker.a in Frameworks */,
			);
			runOnlyForDeploymentPostprocessing = 0;
		};
		CD93EC8817E76E290062BE20 /* Frameworks */ = {
			isa = PBXFrameworksBuildPhase;
			buildActionMask = 2147483647;
			files = (
				CD93EC8D17E76E290062BE20 /* Foundation.framework in Frameworks */,
				CD93EC8C17E76E290062BE20 /* UIKit.framework in Frameworks */,
				CDC55E2918017D530019A03E /* CoreData.framework in Frameworks */,
				CDC55E2A18017D630019A03E /* CoreLocation.framework in Frameworks */,
				CD93EC8E17E76E290062BE20 /* CoreGraphics.framework in Frameworks */,
			);
			runOnlyForDeploymentPostprocessing = 0;
		};
		CDEAEAB2180B36F800EB91C2 /* Frameworks */ = {
			isa = PBXFrameworksBuildPhase;
			buildActionMask = 2147483647;
			files = (
				CD5F3BEE18678C9000D04E03 /* CoreLocation.framework in Frameworks */,
				CDEAEAB7180B36F800EB91C2 /* Cocoa.framework in Frameworks */,
			);
			runOnlyForDeploymentPostprocessing = 0;
		};
/* End PBXFrameworksBuildPhase section */

/* Begin PBXGroup section */
		1F8B48581DAA74F7003012F7 /* EventQueue */ = {
			isa = PBXGroup;
			children = (
				1F8B48591DAA750D003012F7 /* EventQueue.swift */,
				1F8B485B1DAA7521003012F7 /* EventQueueVolatile.swift */,
				1FECA88C1DA7DDF100859C13 /* PTEventEntity.swift */,
			);
			name = EventQueue;
			sourceTree = "<group>";
		};
		1FECA8761DA7DDDB00859C13 /* PiwikTracker-Swift */ = {
			isa = PBXGroup;
			children = (
				1F8B48581DAA74F7003012F7 /* EventQueue */,
				1FECA8941DA7E3A300859C13 /* Dispatcher */,
				1FECA8771DA7DDDB00859C13 /* PiwikTracker-Swift.h */,
				1FECA8781DA7DDDB00859C13 /* Info.plist */,
				1FECA88E1DA7DEAC00859C13 /* PiwikTrackedViewController.swift */,
				1FECA8951DA7E3C600859C13 /* PiwikTracker.swift */,
				1FECA8971DA7ED3800859C13 /* PiwikConstants.swift */,
				1F8B48481DAA694F003012F7 /* CustomVariable.swift */,
				1F8B484A1DAA6D78003012F7 /* StringExtension.swift */,
				1F8B48561DAA6FE4003012F7 /* PiwikTrackerSwift-BridgingHeader.h */,
				1F8B485D1DAA87A6003012F7 /* Campaign.swift */,
				1F8B48621DAC36AA003012F7 /* UIDevice+Extension.swift */,
				1F0673C41DAD342B000A7E05 /* UIApplication+Extension.swift */,
				1F0673C61DAD34F9000A7E05 /* PiwikUserDefaults.swift */,
			);
			path = "PiwikTracker-Swift";
			sourceTree = "<group>";
		};
		1FECA8811DA7DDDB00859C13 /* PiwikTracker-SwiftTests */ = {
			isa = PBXGroup;
			children = (
				1FECA8841DA7DDDB00859C13 /* Info.plist */,
				1F8B48421DAA3772003012F7 /* PiwikDispatcherStub.swift */,
				1F8B48441DAA3A67003012F7 /* PiwikTrackerSpecs.swift */,
				1F8B48461DAA63C0003012F7 /* PiwikTracker+SpecExtension.swift */,
			);
			path = "PiwikTracker-SwiftTests";
			sourceTree = "<group>";
		};
		1FECA8941DA7E3A300859C13 /* Dispatcher */ = {
			isa = PBXGroup;
			children = (
				1FECA8901DA7E0DA00859C13 /* PiwikDispatcher.swift */,
				1FECA8921DA7E24D00859C13 /* PiwikDebugDispatcher.swift */,
			);
			name = Dispatcher;
			sourceTree = "<group>";
		};
		2C303341E475657FAF926959 /* Pods */ = {
			isa = PBXGroup;
			children = (
				02BE992845BFB9EB0C8A0B47 /* Pods-PiwikTrackerSwiftTests.debug.xcconfig */,
				DD9B6829682B278B57812E3F /* Pods-PiwikTrackerSwiftTests.release.xcconfig */,
			);
			name = Pods;
			sourceTree = "<group>";
		};
		CD10FAB317B0378D0012BE50 = {
			isa = PBXGroup;
			children = (
				CD10FAC117B0378D0012BE50 /* PiwikTracker */,
				CD1EEB9C19B5E600009BAA7A /* PiwikTracker+AFNetworking1 */,
				CD1EEBBA19B5E85A009BAA7A /* PiwikTracker+AFNetworking2 */,
				CD93EC8F17E76E290062BE20 /* PiwikTrackeriOSDemo */,
				CDEAEABC180B36F800EB91C2 /* PiwikTrackerOSXDemo */,
				CD1EEBDE19B713F4009BAA7A /* PiwikTrackerTests */,
				1FECA8761DA7DDDB00859C13 /* PiwikTracker-Swift */,
				1FECA8811DA7DDDB00859C13 /* PiwikTracker-SwiftTests */,
				CD10FABE17B0378D0012BE50 /* Frameworks */,
				CD10FABD17B0378D0012BE50 /* Products */,
				2C303341E475657FAF926959 /* Pods */,
			);
			sourceTree = "<group>";
		};
		CD10FABD17B0378D0012BE50 /* Products */ = {
			isa = PBXGroup;
			children = (
				CD10FABC17B0378D0012BE50 /* libPiwikTracker.a */,
				CD93EC8B17E76E290062BE20 /* PiwikTrackeriOSDemo.app */,
				CDEAEAB5180B36F800EB91C2 /* PiwikTrackerOSXDemo.app */,
				CD1EEB9B19B5E600009BAA7A /* libPiwikTracker+AFNetworking1.a */,
				CD1EEBB919B5E85A009BAA7A /* libPiwikTracker+AFNetworking2.a */,
				CD1EEBDD19B713F4009BAA7A /* PiwikTrackerTests.xctest */,
				1FECA8751DA7DDDB00859C13 /* PiwikTrackerSwift.framework */,
				1FECA87D1DA7DDDB00859C13 /* PiwikTrackerSwiftTests.xctest */,
			);
			name = Products;
			sourceTree = "<group>";
		};
		CD10FABE17B0378D0012BE50 /* Frameworks */ = {
			isa = PBXGroup;
			children = (
				CD5F3BED18678C9000D04E03 /* CoreLocation.framework */,
				CD10FABF17B0378D0012BE50 /* Foundation.framework */,
				CD10FACE17B0378D0012BE50 /* SenTestingKit.framework */,
				CD1EA93417B0DA4400F63E14 /* UIKit.framework */,
				CD1EA93217B0DA3E00F63E14 /* CoreData.framework */,
				CD1EA93D17B0DB7500F63E14 /* CoreGraphics.framework */,
				CD2F7DAF17B9561C00E240FC /* CoreLocation.framework */,
				CDEAEAD5180B36F900EB91C2 /* XCTest.framework */,
				CDEAEAB8180B36F800EB91C2 /* Other Frameworks */,
				CDEAEAB6180B36F800EB91C2 /* Cocoa.framework */,
				9BB58213275F072D13140292 /* libPods-ios.a */,
				3AEBBD63B45D1F968424585B /* libPods-iosafnetworking2.a */,
				AFEF98FA72F773DD178FA44C /* libPods-osx.a */,
				47016783E4F5BDEDED890AB1 /* Pods_PiwikTrackerSwiftTests.framework */,
			);
			name = Frameworks;
			sourceTree = "<group>";
		};
		CD10FAC117B0378D0012BE50 /* PiwikTracker */ = {
			isa = PBXGroup;
			children = (
				CD10FAEA17B037B50012BE50 /* PiwikTracker.h */,
				CD10FAEB17B037B50012BE50 /* PiwikTracker.m */,
				CDC7625519B0F9DA00EED980 /* PiwikDispatcher.h */,
				CD1EEB1E19B4A208009BAA7A /* PiwikDebugDispatcher.h */,
				CD1EEB1F19B4A208009BAA7A /* PiwikDebugDispatcher.m */,
				CD1EEB2019B4A208009BAA7A /* PiwikNSURLSessionDispatcher.h */,
				CD1EEB2119B4A208009BAA7A /* PiwikNSURLSessionDispatcher.m */,
				CD152F3B188BE59F0090BFD3 /* PiwikTransaction.h */,
				CD152F52188C54720090BFD3 /* PiwikTransaction.m */,
				CD152F41188C4B010090BFD3 /* PiwikTransactionItem.h */,
				CD152F57188C549F0090BFD3 /* PiwikTransactionItem.m */,
				CD152F4C188C52BA0090BFD3 /* PiwikTransactionBuilder.h */,
				CD152F4D188C52BA0090BFD3 /* PiwikTransactionBuilder.m */,
				CD2F7DB117B96D0000E240FC /* PiwikTrackedViewController.h */,
				CD2F7DB217B96D0000E240FC /* PiwikTrackedViewController.m */,
				CD1EA96717B0E5B400F63E14 /* PTEventEntity.h */,
				CD1EA96817B0E5B400F63E14 /* PTEventEntity.m */,
				CDEAEAAC180B36CC00EB91C2 /* PiwikLocationManager.h */,
				CD152F5C188C7CCA0090BFD3 /* PiwikLocationManager.m */,
				CDBCF6F81B10C6C200F77481 /* piwiktracker.xcdatamodeld */,
				CD10FAE917B037B50012BE50 /* PiwikTracker-Prefix.pch */,
			);
			path = PiwikTracker;
			sourceTree = "<group>";
		};
		CD1EEB9C19B5E600009BAA7A /* PiwikTracker+AFNetworking1 */ = {
			isa = PBXGroup;
			children = (
				CD1EEBB219B5E640009BAA7A /* PiwikAFNetworking1Dispatcher.h */,
				CD1EEBB319B5E640009BAA7A /* PiwikAFNetworking1Dispatcher.m */,
			);
			path = "PiwikTracker+AFNetworking1";
			sourceTree = "<group>";
		};
		CD1EEBBA19B5E85A009BAA7A /* PiwikTracker+AFNetworking2 */ = {
			isa = PBXGroup;
			children = (
				CD1EEBD019B5E94B009BAA7A /* PiwikAFNetworking2Dispatcher.h */,
				CD1EEBD119B5E94B009BAA7A /* PiwikAFNetworking2Dispatcher.m */,
			);
			path = "PiwikTracker+AFNetworking2";
			sourceTree = "<group>";
		};
		CD1EEBDE19B713F4009BAA7A /* PiwikTrackerTests */ = {
			isa = PBXGroup;
			children = (
				CD1EEBE119B713F4009BAA7A /* PiwikTrackerTests.m */,
				CDBCF6FC1B10D1C100F77481 /* CoreDataMigrationTests.m */,
				CDBCF6FE1B10D39800F77481 /* DataStores */,
				CD1EEBDF19B713F4009BAA7A /* Supporting Files */,
			);
			path = PiwikTrackerTests;
			sourceTree = "<group>";
		};
		CD1EEBDF19B713F4009BAA7A /* Supporting Files */ = {
			isa = PBXGroup;
			children = (
				CD1EEBE019B713F4009BAA7A /* Info.plist */,
			);
			name = "Supporting Files";
			sourceTree = "<group>";
		};
		CD93EC8F17E76E290062BE20 /* PiwikTrackeriOSDemo */ = {
			isa = PBXGroup;
			children = (
				CD93ECA117E76E290062BE20 /* MainStoryboard.storyboard */,
				CD93EC9817E76E290062BE20 /* AppDelegate.h */,
				CD93EC9917E76E290062BE20 /* AppDelegate.m */,
				CD93ECA417E76E290062BE20 /* MenuViewController.h */,
				CD93ECA517E76E290062BE20 /* MenuViewController.m */,
				CD93ECA717E76E290062BE20 /* ScreenViewController.h */,
				CD93ECAD17E7798F0062BE20 /* ScreenViewController.m */,
				CD03D99217E8F8CB00D7723F /* Screen2ViewController.h */,
				CD03D99317E8F8CB00D7723F /* Screen2ViewController.m */,
				CD93ECAF17E77B700062BE20 /* EventsViewController.h */,
				CD93ECB017E77B700062BE20 /* EventsViewController.m */,
				CD91BDD219A1382900A4B80D /* CustomVariablesViewController.h */,
				CD91BDD319A1382900A4B80D /* CustomVariablesViewController.m */,
				CD93ECB217E77BA70062BE20 /* ExceptionViewController.h */,
				CD93ECB317E77BA70062BE20 /* ExceptionViewController.m */,
				CD93ECB517E77BEB0062BE20 /* SocialViewController.h */,
				CD93ECB617E77BEB0062BE20 /* SocialViewController.m */,
				CD9AC5441801C6BB00EE8F43 /* SearchViewController.h */,
				CD9AC5451801C6BB00EE8F43 /* SearchViewController.m */,
				CD9AC5471801CA6500EE8F43 /* GoalsViewController.h */,
				CD9AC5481801CA6500EE8F43 /* GoalsViewController.m */,
				CD03D99517E8FDFC00D7723F /* OptOutViewController.h */,
				CD03D99617E8FDFC00D7723F /* OptOutViewController.m */,
				CDEDC027189518B00054CF73 /* EcommerceViewController.h */,
				CDEDC028189518B00054CF73 /* EcommerceViewController.m */,
				CD8EB288193B914E000E3F1F /* ConfigurationViewController.h */,
				CD8EB289193B914E000E3F1F /* ConfigurationViewController.m */,
				CD5C9813193E65CF00A8A801 /* CampaignViewController.h */,
				CD5C9814193E65CF00A8A801 /* CampaignViewController.m */,
				CDA9500519F05D56004A2277 /* UserIDViewController.h */,
				CDA9500619F05D56004A2277 /* UserIDViewController.m */,
				CDD56BFC19F587A100816D5A /* ContentTrackerViewController.h */,
				CDD56BFD19F587A100816D5A /* ContentTrackerViewController.m */,
				CD7ABB131B0FD0D2002312DA /* DownloadViewController.h */,
				CD7ABB141B0FD0D2002312DA /* DownloadViewController.m */,
				CD93EC9017E76E290062BE20 /* Supporting Files */,
			);
			path = PiwikTrackeriOSDemo;
			sourceTree = "<group>";
		};
		CD93EC9017E76E290062BE20 /* Supporting Files */ = {
			isa = PBXGroup;
			children = (
				CD93EC9117E76E290062BE20 /* PiwikTrackeriOSDemo-Info.plist */,
				CD93EC9217E76E290062BE20 /* InfoPlist.strings */,
				CD93EC9517E76E290062BE20 /* main.m */,
				CD93EC9717E76E290062BE20 /* PiwikTrackeriOSDemo-Prefix.pch */,
				CD93EC9B17E76E290062BE20 /* Default.png */,
				CD93EC9D17E76E290062BE20 /* Default@2x.png */,
				CD93EC9F17E76E290062BE20 /* Default-568h@2x.png */,
			);
			name = "Supporting Files";
			sourceTree = "<group>";
		};
		CDBCF6FE1B10D39800F77481 /* DataStores */ = {
			isa = PBXGroup;
			children = (
				CDBCF6FF1B10D39800F77481 /* piwiktracker_v1.sqlite */,
			);
			path = DataStores;
			sourceTree = "<group>";
		};
		CDEAEAB8180B36F800EB91C2 /* Other Frameworks */ = {
			isa = PBXGroup;
			children = (
				CDEAEAB9180B36F800EB91C2 /* AppKit.framework */,
				CDEAEABA180B36F800EB91C2 /* CoreData.framework */,
				CDEAEABB180B36F800EB91C2 /* Foundation.framework */,
			);
			name = "Other Frameworks";
			sourceTree = "<group>";
		};
		CDEAEABC180B36F800EB91C2 /* PiwikTrackerOSXDemo */ = {
			isa = PBXGroup;
			children = (
				CDEAEAC8180B36F900EB91C2 /* AppDelegate.h */,
				CDEAEAC9180B36F900EB91C2 /* AppDelegate.m */,
				CDEAEACB180B36F900EB91C2 /* MainMenu.xib */,
				CDEAEACE180B36F900EB91C2 /* Images.xcassets */,
				CDEAEABD180B36F900EB91C2 /* Supporting Files */,
			);
			path = PiwikTrackerOSXDemo;
			sourceTree = "<group>";
		};
		CDEAEABD180B36F900EB91C2 /* Supporting Files */ = {
			isa = PBXGroup;
			children = (
				CDEAEABE180B36F900EB91C2 /* PiwikTrackerOSXDemo-Info.plist */,
				CDEAEABF180B36F900EB91C2 /* InfoPlist.strings */,
				CDEAEAC2180B36F900EB91C2 /* main.m */,
				CDEAEAC4180B36F900EB91C2 /* PiwikTrackerOSXDemo-Prefix.pch */,
				CDEAEAC5180B36F900EB91C2 /* Credits.rtf */,
			);
			name = "Supporting Files";
			sourceTree = "<group>";
		};
/* End PBXGroup section */

/* Begin PBXHeadersBuildPhase section */
		1FECA8721DA7DDDB00859C13 /* Headers */ = {
			isa = PBXHeadersBuildPhase;
			buildActionMask = 2147483647;
			files = (
				1F8B48571DAA6FE4003012F7 /* PiwikTrackerSwift-BridgingHeader.h in Headers */,
				1FECA8851DA7DDDB00859C13 /* PiwikTracker-Swift.h in Headers */,
			);
			runOnlyForDeploymentPostprocessing = 0;
		};
/* End PBXHeadersBuildPhase section */

/* Begin PBXNativeTarget section */
		1FECA8741DA7DDDB00859C13 /* PiwikTrackerSwift */ = {
			isa = PBXNativeTarget;
			buildConfigurationList = 1FECA88A1DA7DDDB00859C13 /* Build configuration list for PBXNativeTarget "PiwikTrackerSwift" */;
			buildPhases = (
				1FECA8701DA7DDDB00859C13 /* Sources */,
				1FECA8711DA7DDDB00859C13 /* Frameworks */,
				1FECA8721DA7DDDB00859C13 /* Headers */,
				1FECA8731DA7DDDB00859C13 /* Resources */,
			);
			buildRules = (
			);
			dependencies = (
			);
			name = PiwikTrackerSwift;
			productName = "PiwikTracker-Swift";
			productReference = 1FECA8751DA7DDDB00859C13 /* PiwikTrackerSwift.framework */;
			productType = "com.apple.product-type.framework";
		};
		1FECA87C1DA7DDDB00859C13 /* PiwikTrackerSwiftTests */ = {
			isa = PBXNativeTarget;
			buildConfigurationList = 1FECA88B1DA7DDDB00859C13 /* Build configuration list for PBXNativeTarget "PiwikTrackerSwiftTests" */;
			buildPhases = (
				EB876CF9ABA2C7A85CB48629 /* [CP] Check Pods Manifest.lock */,
				1FECA8791DA7DDDB00859C13 /* Sources */,
				1FECA87A1DA7DDDB00859C13 /* Frameworks */,
				1FECA87B1DA7DDDB00859C13 /* Resources */,
				524F6ADDD995BA8248FE619E /* [CP] Embed Pods Frameworks */,
				DDD2EE99C1CA41CE8AE568CD /* [CP] Copy Pods Resources */,
			);
			buildRules = (
			);
			dependencies = (
				1FECA8801DA7DDDB00859C13 /* PBXTargetDependency */,
			);
			name = PiwikTrackerSwiftTests;
			productName = "PiwikTracker-SwiftTests";
			productReference = 1FECA87D1DA7DDDB00859C13 /* PiwikTrackerSwiftTests.xctest */;
			productType = "com.apple.product-type.bundle.unit-test";
		};
		CD10FABB17B0378D0012BE50 /* PiwikTracker */ = {
			isa = PBXNativeTarget;
			buildConfigurationList = CD10FAE117B0378E0012BE50 /* Build configuration list for PBXNativeTarget "PiwikTracker" */;
			buildPhases = (
				CD10FAB817B0378D0012BE50 /* Sources */,
				CD10FAB917B0378D0012BE50 /* Frameworks */,
				CD10FABA17B0378D0012BE50 /* CopyFiles */,
			);
			buildRules = (
			);
			dependencies = (
			);
			name = PiwikTracker;
			productName = PiwikTracker;
			productReference = CD10FABC17B0378D0012BE50 /* libPiwikTracker.a */;
			productType = "com.apple.product-type.library.static";
		};
		CD1EEB9A19B5E600009BAA7A /* PiwikTracker+AFNetworking1 */ = {
			isa = PBXNativeTarget;
			buildConfigurationList = CD1EEBB019B5E601009BAA7A /* Build configuration list for PBXNativeTarget "PiwikTracker+AFNetworking1" */;
			buildPhases = (
				CD1EEB9719B5E600009BAA7A /* Sources */,
				CD1EEB9819B5E600009BAA7A /* Frameworks */,
				CD1EEB9919B5E600009BAA7A /* CopyFiles */,
			);
			buildRules = (
			);
			dependencies = (
			);
			name = "PiwikTracker+AFNetworking1";
			productName = "PiwikTracker+AFNetworking1";
			productReference = CD1EEB9B19B5E600009BAA7A /* libPiwikTracker+AFNetworking1.a */;
			productType = "com.apple.product-type.library.static";
		};
		CD1EEBB819B5E85A009BAA7A /* PiwikTracker+AFNetworking2 */ = {
			isa = PBXNativeTarget;
			buildConfigurationList = CD1EEBCA19B5E85A009BAA7A /* Build configuration list for PBXNativeTarget "PiwikTracker+AFNetworking2" */;
			buildPhases = (
				CD1EEBB519B5E85A009BAA7A /* Sources */,
				CD1EEBB619B5E85A009BAA7A /* Frameworks */,
				CD1EEBB719B5E85A009BAA7A /* CopyFiles */,
			);
			buildRules = (
			);
			dependencies = (
			);
			name = "PiwikTracker+AFNetworking2";
			productName = "PiwikTracker+AFNetworking2";
			productReference = CD1EEBB919B5E85A009BAA7A /* libPiwikTracker+AFNetworking2.a */;
			productType = "com.apple.product-type.library.static";
		};
		CD1EEBDC19B713F4009BAA7A /* PiwikTrackerTests */ = {
			isa = PBXNativeTarget;
			buildConfigurationList = CD1EEBE619B713F4009BAA7A /* Build configuration list for PBXNativeTarget "PiwikTrackerTests" */;
			buildPhases = (
				CD1EEBD919B713F4009BAA7A /* Sources */,
				CD1EEBDA19B713F4009BAA7A /* Frameworks */,
				CD1EEBDB19B713F4009BAA7A /* Resources */,
			);
			buildRules = (
			);
			dependencies = (
				CD1EEBE519B713F4009BAA7A /* PBXTargetDependency */,
				CD1EEBEA19B713F5009BAA7A /* PBXTargetDependency */,
				CD1EEBEC19B713F5009BAA7A /* PBXTargetDependency */,
				CD1EEBEE19B74519009BAA7A /* PBXTargetDependency */,
			);
			name = PiwikTrackerTests;
			productName = PiwikTrackerTests;
			productReference = CD1EEBDD19B713F4009BAA7A /* PiwikTrackerTests.xctest */;
			productType = "com.apple.product-type.bundle.unit-test";
		};
		CD93EC8A17E76E290062BE20 /* PiwikTrackeriOSDemo */ = {
			isa = PBXNativeTarget;
			buildConfigurationList = CD93ECAC17E76E290062BE20 /* Build configuration list for PBXNativeTarget "PiwikTrackeriOSDemo" */;
			buildPhases = (
				CD93EC8717E76E290062BE20 /* Sources */,
				CD93EC8817E76E290062BE20 /* Frameworks */,
				CD93EC8917E76E290062BE20 /* Resources */,
			);
			buildRules = (
			);
			dependencies = (
			);
			name = PiwikTrackeriOSDemo;
			productName = PiwikTrackeriOSDemo;
			productReference = CD93EC8B17E76E290062BE20 /* PiwikTrackeriOSDemo.app */;
			productType = "com.apple.product-type.application";
		};
		CDEAEAB4180B36F800EB91C2 /* PiwikTrackerOSXDemo */ = {
			isa = PBXNativeTarget;
			buildConfigurationList = CDEAEAE2180B36F900EB91C2 /* Build configuration list for PBXNativeTarget "PiwikTrackerOSXDemo" */;
			buildPhases = (
				CDEAEAB1180B36F800EB91C2 /* Sources */,
				CDEAEAB2180B36F800EB91C2 /* Frameworks */,
				CDEAEAB3180B36F800EB91C2 /* Resources */,
			);
			buildRules = (
			);
			dependencies = (
			);
			name = PiwikTrackerOSXDemo;
			productName = PiwikTrackerOSXDemo;
			productReference = CDEAEAB5180B36F800EB91C2 /* PiwikTrackerOSXDemo.app */;
			productType = "com.apple.product-type.application";
		};
/* End PBXNativeTarget section */

/* Begin PBXProject section */
		CD10FAB417B0378D0012BE50 /* Project object */ = {
			isa = PBXProject;
			attributes = {
				LastSwiftUpdateCheck = 0800;
				LastTestingUpgradeCheck = 0600;
				LastUpgradeCheck = 0460;
				ORGANIZATIONNAME = "Mattias Levin";
				TargetAttributes = {
					1FECA8741DA7DDDB00859C13 = {
						CreatedOnToolsVersion = 8.0;
						LastSwiftMigration = 0800;
						ProvisioningStyle = Automatic;
					};
					1FECA87C1DA7DDDB00859C13 = {
						CreatedOnToolsVersion = 8.0;
						LastSwiftMigration = 0800;
						ProvisioningStyle = Automatic;
					};
					CD1EEB9A19B5E600009BAA7A = {
						CreatedOnToolsVersion = 6.0;
					};
					CD1EEBB819B5E85A009BAA7A = {
						CreatedOnToolsVersion = 6.0;
					};
					CD1EEBDC19B713F4009BAA7A = {
						CreatedOnToolsVersion = 6.0;
						TestTargetID = CD10FABB17B0378D0012BE50;
					};
				};
			};
			buildConfigurationList = CD10FAB717B0378D0012BE50 /* Build configuration list for PBXProject "PiwikTracker" */;
			compatibilityVersion = "Xcode 3.2";
			developmentRegion = English;
			hasScannedForEncodings = 0;
			knownRegions = (
				en,
				Base,
			);
			mainGroup = CD10FAB317B0378D0012BE50;
			productRefGroup = CD10FABD17B0378D0012BE50 /* Products */;
			projectDirPath = "";
			projectRoot = "";
			targets = (
				CD10FABB17B0378D0012BE50 /* PiwikTracker */,
				CD1EEB9A19B5E600009BAA7A /* PiwikTracker+AFNetworking1 */,
				CD1EEBB819B5E85A009BAA7A /* PiwikTracker+AFNetworking2 */,
				CD93EC8A17E76E290062BE20 /* PiwikTrackeriOSDemo */,
				CDEAEAB4180B36F800EB91C2 /* PiwikTrackerOSXDemo */,
				CDC335FE17B97B110098386C /* Documentation */,
				CDE4CAE61813DDFE007E0EF7 /* Upload API */,
				CD1EEBDC19B713F4009BAA7A /* PiwikTrackerTests */,
				1FECA8741DA7DDDB00859C13 /* PiwikTrackerSwift */,
				1FECA87C1DA7DDDB00859C13 /* PiwikTrackerSwiftTests */,
			);
		};
/* End PBXProject section */

/* Begin PBXResourcesBuildPhase section */
		1FECA8731DA7DDDB00859C13 /* Resources */ = {
			isa = PBXResourcesBuildPhase;
			buildActionMask = 2147483647;
			files = (
			);
			runOnlyForDeploymentPostprocessing = 0;
		};
		1FECA87B1DA7DDDB00859C13 /* Resources */ = {
			isa = PBXResourcesBuildPhase;
			buildActionMask = 2147483647;
			files = (
			);
			runOnlyForDeploymentPostprocessing = 0;
		};
		CD1EEBDB19B713F4009BAA7A /* Resources */ = {
			isa = PBXResourcesBuildPhase;
			buildActionMask = 2147483647;
			files = (
				CDBCF7001B10D39800F77481 /* piwiktracker_v1.sqlite in Resources */,
			);
			runOnlyForDeploymentPostprocessing = 0;
		};
		CD93EC8917E76E290062BE20 /* Resources */ = {
			isa = PBXResourcesBuildPhase;
			buildActionMask = 2147483647;
			files = (
				CD93EC9417E76E290062BE20 /* InfoPlist.strings in Resources */,
				CD93EC9C17E76E290062BE20 /* Default.png in Resources */,
				CD93EC9E17E76E290062BE20 /* Default@2x.png in Resources */,
				CD93ECA017E76E290062BE20 /* Default-568h@2x.png in Resources */,
				CD93ECA317E76E290062BE20 /* MainStoryboard.storyboard in Resources */,
			);
			runOnlyForDeploymentPostprocessing = 0;
		};
		CDEAEAB3180B36F800EB91C2 /* Resources */ = {
			isa = PBXResourcesBuildPhase;
			buildActionMask = 2147483647;
			files = (
				CDEAEAC1180B36F900EB91C2 /* InfoPlist.strings in Resources */,
				CDEAEACF180B36F900EB91C2 /* Images.xcassets in Resources */,
				CDEAEAC7180B36F900EB91C2 /* Credits.rtf in Resources */,
				CDEAEACD180B36F900EB91C2 /* MainMenu.xib in Resources */,
			);
			runOnlyForDeploymentPostprocessing = 0;
		};
/* End PBXResourcesBuildPhase section */

/* Begin PBXShellScriptBuildPhase section */
		524F6ADDD995BA8248FE619E /* [CP] Embed Pods Frameworks */ = {
			isa = PBXShellScriptBuildPhase;
			buildActionMask = 2147483647;
			files = (
			);
			inputPaths = (
			);
			name = "[CP] Embed Pods Frameworks";
			outputPaths = (
			);
			runOnlyForDeploymentPostprocessing = 0;
			shellPath = /bin/sh;
			shellScript = "\"${SRCROOT}/Pods/Target Support Files/Pods-PiwikTrackerSwiftTests/Pods-PiwikTrackerSwiftTests-frameworks.sh\"\n";
			showEnvVarsInLog = 0;
		};
		CDC3360217B97B190098386C /* Build appledoc */ = {
			isa = PBXShellScriptBuildPhase;
			buildActionMask = 2147483647;
			files = (
			);
			inputPaths = (
			);
			name = "Build appledoc";
			outputPaths = (
			);
			runOnlyForDeploymentPostprocessing = 0;
			shellPath = /bin/sh;
			shellScript = "/usr/local/bin/appledoc \\\n--project-name PiwikTracker \\\n--project-company Wadpam \\\n--company-id com.wadpam \\\n--output \"$SOURCE_ROOT/Doc\" \\\n--no-repeat-first-par \\\n--explicit-crossref \\\n--no-install-docset \\\n--keep-intermediate-files \\\n\"$SOURCE_ROOT/PiwikTracker/.\"";
		};
		CDE4CAE71813DDFE007E0EF7 /* Upload appledoc to Github */ = {
			isa = PBXShellScriptBuildPhase;
			buildActionMask = 2147483647;
			files = (
			);
			inputPaths = (
			);
			name = "Upload appledoc to Github";
			outputPaths = (
			);
			runOnlyForDeploymentPostprocessing = 0;
			shellPath = /bin/sh;
			shellScript = "echo \"Remove tmp directory\"\ncd /tmp\nrm -rf PiwikTracker\n\necho \"Clone documentation branch\"\ngit clone -b gh-pages https://github.com/piwik/piwik-sdk-ios.git\n\necho \"Copy new documentation into place\"\ncd piwik-sdk-ios\nrm -rf docs\ncp -rv \"$SOURCE_ROOT\"/Doc docs\n\necho \"Commit changes\"\ngit commit -am \"Update API documentation\"\n\necho \"Push changes\"\ngit push origin gh-pages";
		};
		DDD2EE99C1CA41CE8AE568CD /* [CP] Copy Pods Resources */ = {
			isa = PBXShellScriptBuildPhase;
			buildActionMask = 2147483647;
			files = (
			);
			inputPaths = (
			);
			name = "[CP] Copy Pods Resources";
			outputPaths = (
			);
			runOnlyForDeploymentPostprocessing = 0;
			shellPath = /bin/sh;
			shellScript = "\"${SRCROOT}/Pods/Target Support Files/Pods-PiwikTrackerSwiftTests/Pods-PiwikTrackerSwiftTests-resources.sh\"\n";
			showEnvVarsInLog = 0;
		};
		EB876CF9ABA2C7A85CB48629 /* [CP] Check Pods Manifest.lock */ = {
			isa = PBXShellScriptBuildPhase;
			buildActionMask = 2147483647;
			files = (
			);
			inputPaths = (
			);
			name = "[CP] Check Pods Manifest.lock";
			outputPaths = (
			);
			runOnlyForDeploymentPostprocessing = 0;
			shellPath = /bin/sh;
			shellScript = "diff \"${PODS_ROOT}/../Podfile.lock\" \"${PODS_ROOT}/Manifest.lock\" > /dev/null\nif [[ $? != 0 ]] ; then\n    cat << EOM\nerror: The sandbox is not in sync with the Podfile.lock. Run 'pod install' or update your CocoaPods installation.\nEOM\n    exit 1\nfi\n";
			showEnvVarsInLog = 0;
		};
/* End PBXShellScriptBuildPhase section */

/* Begin PBXSourcesBuildPhase section */
		1FECA8701DA7DDDB00859C13 /* Sources */ = {
			isa = PBXSourcesBuildPhase;
			buildActionMask = 2147483647;
			files = (
				1F8B485C1DAA7522003012F7 /* EventQueueVolatile.swift in Sources */,
				1F8B48631DAC36AA003012F7 /* UIDevice+Extension.swift in Sources */,
				1F8B485F1DAA9EEF003012F7 /* CustomVariable.swift in Sources */,
				1FECA8911DA7E0DA00859C13 /* PiwikDispatcher.swift in Sources */,
				1FECA88F1DA7DEAC00859C13 /* PiwikTrackedViewController.swift in Sources */,
				1F8B485E1DAA87A6003012F7 /* Campaign.swift in Sources */,
				1F8B485A1DAA750D003012F7 /* EventQueue.swift in Sources */,
				1FECA88D1DA7DDF100859C13 /* PTEventEntity.swift in Sources */,
				1F8B48551DAA6FC6003012F7 /* StringExtension.swift in Sources */,
				1F0673C71DAD34F9000A7E05 /* PiwikUserDefaults.swift in Sources */,
				1FECA8961DA7E3C600859C13 /* PiwikTracker.swift in Sources */,
				1FECA8981DA7ED3800859C13 /* PiwikConstants.swift in Sources */,
				1FECA8931DA7E24D00859C13 /* PiwikDebugDispatcher.swift in Sources */,
				1F0673C51DAD342B000A7E05 /* UIApplication+Extension.swift in Sources */,
			);
			runOnlyForDeploymentPostprocessing = 0;
		};
		1FECA8791DA7DDDB00859C13 /* Sources */ = {
			isa = PBXSourcesBuildPhase;
			buildActionMask = 2147483647;
			files = (
				1F8B48451DAA3A67003012F7 /* PiwikTrackerSpecs.swift in Sources */,
				1F8B48431DAA3772003012F7 /* PiwikDispatcherStub.swift in Sources */,
				1F8B48471DAA63C0003012F7 /* PiwikTracker+SpecExtension.swift in Sources */,
			);
			runOnlyForDeploymentPostprocessing = 0;
		};
		CD10FAB817B0378D0012BE50 /* Sources */ = {
			isa = PBXSourcesBuildPhase;
			buildActionMask = 2147483647;
			files = (
				CD10FAF017B037B50012BE50 /* PiwikTracker.m in Sources */,
				CD152F5D188C7CCA0090BFD3 /* PiwikLocationManager.m in Sources */,
				CD152F58188C549F0090BFD3 /* PiwikTransactionItem.m in Sources */,
				CD1EA96917B0E5B400F63E14 /* PTEventEntity.m in Sources */,
				CDBCF6FB1B10C6C200F77481 /* piwiktracker.xcdatamodeld in Sources */,
				CD152F4E188C52BA0090BFD3 /* PiwikTransactionBuilder.m in Sources */,
				CD1EEB2219B4A208009BAA7A /* PiwikDebugDispatcher.m in Sources */,
				CD2F7DB317B96D0000E240FC /* PiwikTrackedViewController.m in Sources */,
				CD152F53188C54720090BFD3 /* PiwikTransaction.m in Sources */,
				CD1EEB2319B4A208009BAA7A /* PiwikNSURLSessionDispatcher.m in Sources */,
			);
			runOnlyForDeploymentPostprocessing = 0;
		};
		CD1EEB9719B5E600009BAA7A /* Sources */ = {
			isa = PBXSourcesBuildPhase;
			buildActionMask = 2147483647;
			files = (
				CD1EEBB419B5E640009BAA7A /* PiwikAFNetworking1Dispatcher.m in Sources */,
			);
			runOnlyForDeploymentPostprocessing = 0;
		};
		CD1EEBB519B5E85A009BAA7A /* Sources */ = {
			isa = PBXSourcesBuildPhase;
			buildActionMask = 2147483647;
			files = (
				CD1EEBD219B5E94B009BAA7A /* PiwikAFNetworking2Dispatcher.m in Sources */,
			);
			runOnlyForDeploymentPostprocessing = 0;
		};
		CD1EEBD919B713F4009BAA7A /* Sources */ = {
			isa = PBXSourcesBuildPhase;
			buildActionMask = 2147483647;
			files = (
				CDBCF7011B10D47300F77481 /* piwiktracker.xcdatamodeld in Sources */,
				CD1EEBE219B713F4009BAA7A /* PiwikTrackerTests.m in Sources */,
				CDBCF6FD1B10D1C100F77481 /* CoreDataMigrationTests.m in Sources */,
			);
			runOnlyForDeploymentPostprocessing = 0;
		};
		CD93EC8717E76E290062BE20 /* Sources */ = {
			isa = PBXSourcesBuildPhase;
			buildActionMask = 2147483647;
			files = (
				CD5C9815193E65CF00A8A801 /* CampaignViewController.m in Sources */,
				CD9AC5491801CA6500EE8F43 /* GoalsViewController.m in Sources */,
				CD93EC9617E76E290062BE20 /* main.m in Sources */,
				CDEDC029189518B00054CF73 /* EcommerceViewController.m in Sources */,
				CD93EC9A17E76E290062BE20 /* AppDelegate.m in Sources */,
				CD9AC5461801C6BB00EE8F43 /* SearchViewController.m in Sources */,
				CD91BDD419A1382900A4B80D /* CustomVariablesViewController.m in Sources */,
				CD93ECA617E76E290062BE20 /* MenuViewController.m in Sources */,
				CD7ABB151B0FD0D2002312DA /* DownloadViewController.m in Sources */,
				CD93ECAE17E7798F0062BE20 /* ScreenViewController.m in Sources */,
				CDD56BFE19F587A100816D5A /* ContentTrackerViewController.m in Sources */,
				CD93ECB117E77B700062BE20 /* EventsViewController.m in Sources */,
				CD93ECB417E77BA70062BE20 /* ExceptionViewController.m in Sources */,
				CD93ECB717E77BEB0062BE20 /* SocialViewController.m in Sources */,
				CDA9500719F05D56004A2277 /* UserIDViewController.m in Sources */,
				CD8EB28A193B914E000E3F1F /* ConfigurationViewController.m in Sources */,
				CD03D99417E8F8CB00D7723F /* Screen2ViewController.m in Sources */,
				CD03D99717E8FDFD00D7723F /* OptOutViewController.m in Sources */,
			);
			runOnlyForDeploymentPostprocessing = 0;
		};
		CDEAEAB1180B36F800EB91C2 /* Sources */ = {
			isa = PBXSourcesBuildPhase;
			buildActionMask = 2147483647;
			files = (
				CDEAEACA180B36F900EB91C2 /* AppDelegate.m in Sources */,
				CDEAEAC3180B36F900EB91C2 /* main.m in Sources */,
			);
			runOnlyForDeploymentPostprocessing = 0;
		};
/* End PBXSourcesBuildPhase section */

/* Begin PBXTargetDependency section */
		1FECA8801DA7DDDB00859C13 /* PBXTargetDependency */ = {
			isa = PBXTargetDependency;
			target = 1FECA8741DA7DDDB00859C13 /* PiwikTrackerSwift */;
			targetProxy = 1FECA87F1DA7DDDB00859C13 /* PBXContainerItemProxy */;
		};
		CD1EEBE519B713F4009BAA7A /* PBXTargetDependency */ = {
			isa = PBXTargetDependency;
			target = CD10FABB17B0378D0012BE50 /* PiwikTracker */;
			targetProxy = CD1EEBE419B713F4009BAA7A /* PBXContainerItemProxy */;
		};
		CD1EEBEA19B713F5009BAA7A /* PBXTargetDependency */ = {
			isa = PBXTargetDependency;
			target = CD10FABB17B0378D0012BE50 /* PiwikTracker */;
			targetProxy = CD1EEBE919B713F5009BAA7A /* PBXContainerItemProxy */;
		};
		CD1EEBEC19B713F5009BAA7A /* PBXTargetDependency */ = {
			isa = PBXTargetDependency;
			target = CD10FABB17B0378D0012BE50 /* PiwikTracker */;
			targetProxy = CD1EEBEB19B713F5009BAA7A /* PBXContainerItemProxy */;
		};
		CD1EEBEE19B74519009BAA7A /* PBXTargetDependency */ = {
			isa = PBXTargetDependency;
			target = CD10FABB17B0378D0012BE50 /* PiwikTracker */;
			targetProxy = CD1EEBED19B74519009BAA7A /* PBXContainerItemProxy */;
		};
		CDE4CAEC1813DE3A007E0EF7 /* PBXTargetDependency */ = {
			isa = PBXTargetDependency;
			target = CDC335FE17B97B110098386C /* Documentation */;
			targetProxy = CDE4CAEB1813DE3A007E0EF7 /* PBXContainerItemProxy */;
		};
/* End PBXTargetDependency section */

/* Begin PBXVariantGroup section */
		CD93EC9217E76E290062BE20 /* InfoPlist.strings */ = {
			isa = PBXVariantGroup;
			children = (
				CD93EC9317E76E290062BE20 /* en */,
			);
			name = InfoPlist.strings;
			sourceTree = "<group>";
		};
		CD93ECA117E76E290062BE20 /* MainStoryboard.storyboard */ = {
			isa = PBXVariantGroup;
			children = (
				CD93ECA217E76E290062BE20 /* en */,
			);
			name = MainStoryboard.storyboard;
			sourceTree = "<group>";
		};
		CDEAEABF180B36F900EB91C2 /* InfoPlist.strings */ = {
			isa = PBXVariantGroup;
			children = (
				CDEAEAC0180B36F900EB91C2 /* en */,
			);
			name = InfoPlist.strings;
			sourceTree = "<group>";
		};
		CDEAEAC5180B36F900EB91C2 /* Credits.rtf */ = {
			isa = PBXVariantGroup;
			children = (
				CDEAEAC6180B36F900EB91C2 /* en */,
			);
			name = Credits.rtf;
			sourceTree = "<group>";
		};
		CDEAEACB180B36F900EB91C2 /* MainMenu.xib */ = {
			isa = PBXVariantGroup;
			children = (
				CDEAEACC180B36F900EB91C2 /* Base */,
			);
			name = MainMenu.xib;
			sourceTree = "<group>";
		};
/* End PBXVariantGroup section */

/* Begin XCBuildConfiguration section */
		1FECA8861DA7DDDB00859C13 /* Debug */ = {
			isa = XCBuildConfiguration;
			buildSettings = {
				CLANG_ANALYZER_NONNULL = YES;
				CLANG_ENABLE_MODULES = YES;
				CLANG_WARN_BOOL_CONVERSION = YES;
				CLANG_WARN_DIRECT_OBJC_ISA_USAGE = YES_ERROR;
				CLANG_WARN_DOCUMENTATION_COMMENTS = YES;
				CLANG_WARN_INFINITE_RECURSION = YES;
				CLANG_WARN_OBJC_ROOT_CLASS = YES_ERROR;
				CLANG_WARN_SUSPICIOUS_MOVES = YES;
				CLANG_WARN_UNREACHABLE_CODE = YES;
				CODE_SIGN_IDENTITY = "";
				"CODE_SIGN_IDENTITY[sdk=iphoneos*]" = "iPhone Developer";
				CURRENT_PROJECT_VERSION = 1;
				DEBUG_INFORMATION_FORMAT = dwarf;
				DEFINES_MODULE = YES;
				DYLIB_COMPATIBILITY_VERSION = 1;
				DYLIB_CURRENT_VERSION = 1;
				DYLIB_INSTALL_NAME_BASE = "@rpath";
				ENABLE_STRICT_OBJC_MSGSEND = YES;
				ENABLE_TESTABILITY = YES;
				GCC_NO_COMMON_BLOCKS = YES;
				GCC_WARN_64_TO_32_BIT_CONVERSION = YES;
				GCC_WARN_ABOUT_RETURN_TYPE = YES_ERROR;
				GCC_WARN_UNDECLARED_SELECTOR = YES;
				GCC_WARN_UNINITIALIZED_AUTOS = YES_AGGRESSIVE;
				GCC_WARN_UNUSED_FUNCTION = YES;
				INFOPLIST_FILE = "PiwikTracker-Swift/Info.plist";
				INSTALL_PATH = "$(LOCAL_LIBRARY_DIR)/Frameworks";
				IPHONEOS_DEPLOYMENT_TARGET = 8.4;
				LD_RUNPATH_SEARCH_PATHS = "$(inherited) @executable_path/Frameworks @loader_path/Frameworks";
				MTL_ENABLE_DEBUG_INFO = YES;
				PRODUCT_BUNDLE_IDENTIFIER = "org.piwik.PiwikTracker-Swift";
				PRODUCT_NAME = "$(TARGET_NAME)";
				SKIP_INSTALL = YES;
				SWIFT_ACTIVE_COMPILATION_CONDITIONS = DEBUG;
				SWIFT_OBJC_BRIDGING_HEADER = "PiwikTracker-Swift/PiwikTrackerSwift-BridgingHeader.h";
				SWIFT_OPTIMIZATION_LEVEL = "-Onone";
				SWIFT_VERSION = 3.0;
				TARGETED_DEVICE_FAMILY = "1,2";
				VERSIONING_SYSTEM = "apple-generic";
				VERSION_INFO_PREFIX = "";
			};
			name = Debug;
		};
		1FECA8871DA7DDDB00859C13 /* Release */ = {
			isa = XCBuildConfiguration;
			buildSettings = {
				CLANG_ANALYZER_NONNULL = YES;
				CLANG_ENABLE_MODULES = YES;
				CLANG_WARN_BOOL_CONVERSION = YES;
				CLANG_WARN_DIRECT_OBJC_ISA_USAGE = YES_ERROR;
				CLANG_WARN_DOCUMENTATION_COMMENTS = YES;
				CLANG_WARN_INFINITE_RECURSION = YES;
				CLANG_WARN_OBJC_ROOT_CLASS = YES_ERROR;
				CLANG_WARN_SUSPICIOUS_MOVES = YES;
				CLANG_WARN_UNREACHABLE_CODE = YES;
				CODE_SIGN_IDENTITY = "";
				"CODE_SIGN_IDENTITY[sdk=iphoneos*]" = "iPhone Developer";
				COPY_PHASE_STRIP = NO;
				CURRENT_PROJECT_VERSION = 1;
				DEBUG_INFORMATION_FORMAT = "dwarf-with-dsym";
				DEFINES_MODULE = YES;
				DYLIB_COMPATIBILITY_VERSION = 1;
				DYLIB_CURRENT_VERSION = 1;
				DYLIB_INSTALL_NAME_BASE = "@rpath";
				ENABLE_NS_ASSERTIONS = NO;
				ENABLE_STRICT_OBJC_MSGSEND = YES;
				GCC_NO_COMMON_BLOCKS = YES;
				GCC_WARN_64_TO_32_BIT_CONVERSION = YES;
				GCC_WARN_ABOUT_RETURN_TYPE = YES_ERROR;
				GCC_WARN_UNDECLARED_SELECTOR = YES;
				GCC_WARN_UNINITIALIZED_AUTOS = YES_AGGRESSIVE;
				GCC_WARN_UNUSED_FUNCTION = YES;
				INFOPLIST_FILE = "PiwikTracker-Swift/Info.plist";
				INSTALL_PATH = "$(LOCAL_LIBRARY_DIR)/Frameworks";
				IPHONEOS_DEPLOYMENT_TARGET = 8.4;
				LD_RUNPATH_SEARCH_PATHS = "$(inherited) @executable_path/Frameworks @loader_path/Frameworks";
				MTL_ENABLE_DEBUG_INFO = NO;
				PRODUCT_BUNDLE_IDENTIFIER = "org.piwik.PiwikTracker-Swift";
				PRODUCT_NAME = "$(TARGET_NAME)";
				SKIP_INSTALL = YES;
				SWIFT_OBJC_BRIDGING_HEADER = "PiwikTracker-Swift/PiwikTrackerSwift-BridgingHeader.h";
				SWIFT_OPTIMIZATION_LEVEL = "-Owholemodule";
				SWIFT_VERSION = 3.0;
				TARGETED_DEVICE_FAMILY = "1,2";
				VERSIONING_SYSTEM = "apple-generic";
				VERSION_INFO_PREFIX = "";
			};
			name = Release;
		};
		1FECA8881DA7DDDB00859C13 /* Debug */ = {
			isa = XCBuildConfiguration;
			baseConfigurationReference = 02BE992845BFB9EB0C8A0B47 /* Pods-PiwikTrackerSwiftTests.debug.xcconfig */;
			buildSettings = {
				ALWAYS_EMBED_SWIFT_STANDARD_LIBRARIES = YES;
				CLANG_ANALYZER_NONNULL = YES;
				CLANG_ENABLE_MODULES = YES;
				CLANG_WARN_BOOL_CONVERSION = YES;
				CLANG_WARN_DIRECT_OBJC_ISA_USAGE = YES_ERROR;
				CLANG_WARN_DOCUMENTATION_COMMENTS = YES;
				CLANG_WARN_INFINITE_RECURSION = YES;
				CLANG_WARN_OBJC_ROOT_CLASS = YES_ERROR;
				CLANG_WARN_SUSPICIOUS_MOVES = YES;
				CLANG_WARN_UNREACHABLE_CODE = YES;
				"CODE_SIGN_IDENTITY[sdk=iphoneos*]" = "iPhone Developer";
				DEBUG_INFORMATION_FORMAT = dwarf;
				ENABLE_STRICT_OBJC_MSGSEND = YES;
				ENABLE_TESTABILITY = YES;
				GCC_NO_COMMON_BLOCKS = YES;
				GCC_WARN_64_TO_32_BIT_CONVERSION = YES;
				GCC_WARN_ABOUT_RETURN_TYPE = YES_ERROR;
				GCC_WARN_UNDECLARED_SELECTOR = YES;
				GCC_WARN_UNINITIALIZED_AUTOS = YES_AGGRESSIVE;
				GCC_WARN_UNUSED_FUNCTION = YES;
				INFOPLIST_FILE = "PiwikTracker-SwiftTests/Info.plist";
				IPHONEOS_DEPLOYMENT_TARGET = 10.0;
				LD_RUNPATH_SEARCH_PATHS = "$(inherited) @executable_path/Frameworks @loader_path/Frameworks";
				MTL_ENABLE_DEBUG_INFO = YES;
				PRODUCT_BUNDLE_IDENTIFIER = "org.piwik.PiwikTracker-SwiftTests";
				PRODUCT_NAME = "$(TARGET_NAME)";
				SWIFT_ACTIVE_COMPILATION_CONDITIONS = DEBUG;
				SWIFT_OBJC_BRIDGING_HEADER = "";
				SWIFT_OPTIMIZATION_LEVEL = "-Onone";
				SWIFT_VERSION = 3.0;
			};
			name = Debug;
		};
		1FECA8891DA7DDDB00859C13 /* Release */ = {
			isa = XCBuildConfiguration;
			baseConfigurationReference = DD9B6829682B278B57812E3F /* Pods-PiwikTrackerSwiftTests.release.xcconfig */;
			buildSettings = {
				ALWAYS_EMBED_SWIFT_STANDARD_LIBRARIES = YES;
				CLANG_ANALYZER_NONNULL = YES;
				CLANG_ENABLE_MODULES = YES;
				CLANG_WARN_BOOL_CONVERSION = YES;
				CLANG_WARN_DIRECT_OBJC_ISA_USAGE = YES_ERROR;
				CLANG_WARN_DOCUMENTATION_COMMENTS = YES;
				CLANG_WARN_INFINITE_RECURSION = YES;
				CLANG_WARN_OBJC_ROOT_CLASS = YES_ERROR;
				CLANG_WARN_SUSPICIOUS_MOVES = YES;
				CLANG_WARN_UNREACHABLE_CODE = YES;
				"CODE_SIGN_IDENTITY[sdk=iphoneos*]" = "iPhone Developer";
				COPY_PHASE_STRIP = NO;
				DEBUG_INFORMATION_FORMAT = "dwarf-with-dsym";
				ENABLE_NS_ASSERTIONS = NO;
				ENABLE_STRICT_OBJC_MSGSEND = YES;
				GCC_NO_COMMON_BLOCKS = YES;
				GCC_WARN_64_TO_32_BIT_CONVERSION = YES;
				GCC_WARN_ABOUT_RETURN_TYPE = YES_ERROR;
				GCC_WARN_UNDECLARED_SELECTOR = YES;
				GCC_WARN_UNINITIALIZED_AUTOS = YES_AGGRESSIVE;
				GCC_WARN_UNUSED_FUNCTION = YES;
				INFOPLIST_FILE = "PiwikTracker-SwiftTests/Info.plist";
				IPHONEOS_DEPLOYMENT_TARGET = 10.0;
				LD_RUNPATH_SEARCH_PATHS = "$(inherited) @executable_path/Frameworks @loader_path/Frameworks";
				MTL_ENABLE_DEBUG_INFO = NO;
				PRODUCT_BUNDLE_IDENTIFIER = "org.piwik.PiwikTracker-SwiftTests";
				PRODUCT_NAME = "$(TARGET_NAME)";
				SWIFT_OBJC_BRIDGING_HEADER = "";
				SWIFT_OPTIMIZATION_LEVEL = "-Owholemodule";
				SWIFT_VERSION = 3.0;
			};
			name = Release;
		};
		CD10FADF17B0378E0012BE50 /* Debug */ = {
			isa = XCBuildConfiguration;
			buildSettings = {
				ALWAYS_SEARCH_USER_PATHS = NO;
				CLANG_CXX_LANGUAGE_STANDARD = "gnu++0x";
				CLANG_CXX_LIBRARY = "libc++";
				CLANG_ENABLE_OBJC_ARC = YES;
				CLANG_WARN_CONSTANT_CONVERSION = YES;
				CLANG_WARN_EMPTY_BODY = YES;
				CLANG_WARN_ENUM_CONVERSION = YES;
				CLANG_WARN_INT_CONVERSION = YES;
				CLANG_WARN__DUPLICATE_METHOD_MATCH = YES;
				COPY_PHASE_STRIP = NO;
				GCC_C_LANGUAGE_STANDARD = gnu99;
				GCC_DYNAMIC_NO_PIC = NO;
				GCC_OPTIMIZATION_LEVEL = 0;
				GCC_PREPROCESSOR_DEFINITIONS = (
					"DEBUG=1",
					"$(inherited)",
				);
				GCC_SYMBOLS_PRIVATE_EXTERN = NO;
				GCC_WARN_ABOUT_RETURN_TYPE = YES;
				GCC_WARN_UNINITIALIZED_AUTOS = YES;
				GCC_WARN_UNUSED_VARIABLE = YES;
				IPHONEOS_DEPLOYMENT_TARGET = 7.0;
				MACOSX_DEPLOYMENT_TARGET = 10.8;
				ONLY_ACTIVE_ARCH = YES;
				SDKROOT = iphoneos;
			};
			name = Debug;
		};
		CD10FAE017B0378E0012BE50 /* Release */ = {
			isa = XCBuildConfiguration;
			buildSettings = {
				ALWAYS_SEARCH_USER_PATHS = NO;
				CLANG_CXX_LANGUAGE_STANDARD = "gnu++0x";
				CLANG_CXX_LIBRARY = "libc++";
				CLANG_ENABLE_OBJC_ARC = YES;
				CLANG_WARN_CONSTANT_CONVERSION = YES;
				CLANG_WARN_EMPTY_BODY = YES;
				CLANG_WARN_ENUM_CONVERSION = YES;
				CLANG_WARN_INT_CONVERSION = YES;
				CLANG_WARN__DUPLICATE_METHOD_MATCH = YES;
				COPY_PHASE_STRIP = YES;
				GCC_C_LANGUAGE_STANDARD = gnu99;
				GCC_WARN_ABOUT_RETURN_TYPE = YES;
				GCC_WARN_UNINITIALIZED_AUTOS = YES;
				GCC_WARN_UNUSED_VARIABLE = YES;
				IPHONEOS_DEPLOYMENT_TARGET = 7.0;
				MACOSX_DEPLOYMENT_TARGET = 10.8;
				SDKROOT = iphoneos;
				VALIDATE_PRODUCT = YES;
			};
			name = Release;
		};
		CD10FAE217B0378E0012BE50 /* Debug */ = {
			isa = XCBuildConfiguration;
			buildSettings = {
				DSTROOT = /tmp/PiwikTracker.dst;
				GCC_PRECOMPILE_PREFIX_HEADER = YES;
				GCC_PREFIX_HEADER = "PiwikTracker/PiwikTracker-Prefix.pch";
				OTHER_LDFLAGS = "$(inherited)";
				PRODUCT_NAME = "$(TARGET_NAME)";
				SKIP_INSTALL = YES;
			};
			name = Debug;
		};
		CD10FAE317B0378E0012BE50 /* Release */ = {
			isa = XCBuildConfiguration;
			buildSettings = {
				DSTROOT = /tmp/PiwikTracker.dst;
				GCC_PRECOMPILE_PREFIX_HEADER = YES;
				GCC_PREFIX_HEADER = "PiwikTracker/PiwikTracker-Prefix.pch";
				OTHER_LDFLAGS = "$(inherited)";
				PRODUCT_NAME = "$(TARGET_NAME)";
				SKIP_INSTALL = YES;
			};
			name = Release;
		};
		CD1EEBAC19B5E601009BAA7A /* Debug */ = {
			isa = XCBuildConfiguration;
			buildSettings = {
				CLANG_ENABLE_MODULES = YES;
				CLANG_WARN_BOOL_CONVERSION = YES;
				CLANG_WARN_DIRECT_OBJC_ISA_USAGE = YES_ERROR;
				CLANG_WARN_OBJC_ROOT_CLASS = YES_ERROR;
				CLANG_WARN_UNREACHABLE_CODE = YES;
				ENABLE_STRICT_OBJC_MSGSEND = YES;
				GCC_PREPROCESSOR_DEFINITIONS = (
					"DEBUG=1",
					"$(inherited)",
				);
				GCC_WARN_64_TO_32_BIT_CONVERSION = YES;
				GCC_WARN_ABOUT_RETURN_TYPE = YES_ERROR;
				GCC_WARN_UNDECLARED_SELECTOR = YES;
				GCC_WARN_UNINITIALIZED_AUTOS = YES_AGGRESSIVE;
				GCC_WARN_UNUSED_FUNCTION = YES;
				IPHONEOS_DEPLOYMENT_TARGET = 8.0;
				MTL_ENABLE_DEBUG_INFO = YES;
				OTHER_LDFLAGS = "$(inherited)";
				PRODUCT_NAME = "$(TARGET_NAME)";
				SKIP_INSTALL = YES;
			};
			name = Debug;
		};
		CD1EEBAD19B5E601009BAA7A /* Release */ = {
			isa = XCBuildConfiguration;
			buildSettings = {
				CLANG_ENABLE_MODULES = YES;
				CLANG_WARN_BOOL_CONVERSION = YES;
				CLANG_WARN_DIRECT_OBJC_ISA_USAGE = YES_ERROR;
				CLANG_WARN_OBJC_ROOT_CLASS = YES_ERROR;
				CLANG_WARN_UNREACHABLE_CODE = YES;
				ENABLE_NS_ASSERTIONS = NO;
				ENABLE_STRICT_OBJC_MSGSEND = YES;
				GCC_WARN_64_TO_32_BIT_CONVERSION = YES;
				GCC_WARN_ABOUT_RETURN_TYPE = YES_ERROR;
				GCC_WARN_UNDECLARED_SELECTOR = YES;
				GCC_WARN_UNINITIALIZED_AUTOS = YES_AGGRESSIVE;
				GCC_WARN_UNUSED_FUNCTION = YES;
				IPHONEOS_DEPLOYMENT_TARGET = 8.0;
				MTL_ENABLE_DEBUG_INFO = NO;
				OTHER_LDFLAGS = "$(inherited)";
				PRODUCT_NAME = "$(TARGET_NAME)";
				SKIP_INSTALL = YES;
			};
			name = Release;
		};
		CD1EEBCB19B5E85A009BAA7A /* Debug */ = {
			isa = XCBuildConfiguration;
			buildSettings = {
				CLANG_ENABLE_MODULES = YES;
				CLANG_WARN_BOOL_CONVERSION = YES;
				CLANG_WARN_DIRECT_OBJC_ISA_USAGE = YES_ERROR;
				CLANG_WARN_OBJC_ROOT_CLASS = YES_ERROR;
				CLANG_WARN_UNREACHABLE_CODE = YES;
				ENABLE_STRICT_OBJC_MSGSEND = YES;
				GCC_PREPROCESSOR_DEFINITIONS = (
					"DEBUG=1",
					"$(inherited)",
				);
				GCC_WARN_64_TO_32_BIT_CONVERSION = YES;
				GCC_WARN_ABOUT_RETURN_TYPE = YES_ERROR;
				GCC_WARN_UNDECLARED_SELECTOR = YES;
				GCC_WARN_UNINITIALIZED_AUTOS = YES_AGGRESSIVE;
				GCC_WARN_UNUSED_FUNCTION = YES;
				IPHONEOS_DEPLOYMENT_TARGET = 8.0;
				MTL_ENABLE_DEBUG_INFO = YES;
				OTHER_LDFLAGS = "$(inherited)";
				PRODUCT_NAME = "$(TARGET_NAME)";
				SKIP_INSTALL = YES;
			};
			name = Debug;
		};
		CD1EEBCC19B5E85A009BAA7A /* Release */ = {
			isa = XCBuildConfiguration;
			buildSettings = {
				CLANG_ENABLE_MODULES = YES;
				CLANG_WARN_BOOL_CONVERSION = YES;
				CLANG_WARN_DIRECT_OBJC_ISA_USAGE = YES_ERROR;
				CLANG_WARN_OBJC_ROOT_CLASS = YES_ERROR;
				CLANG_WARN_UNREACHABLE_CODE = YES;
				ENABLE_NS_ASSERTIONS = NO;
				ENABLE_STRICT_OBJC_MSGSEND = YES;
				GCC_WARN_64_TO_32_BIT_CONVERSION = YES;
				GCC_WARN_ABOUT_RETURN_TYPE = YES_ERROR;
				GCC_WARN_UNDECLARED_SELECTOR = YES;
				GCC_WARN_UNINITIALIZED_AUTOS = YES_AGGRESSIVE;
				GCC_WARN_UNUSED_FUNCTION = YES;
				IPHONEOS_DEPLOYMENT_TARGET = 8.0;
				MTL_ENABLE_DEBUG_INFO = NO;
				OTHER_LDFLAGS = "$(inherited)";
				PRODUCT_NAME = "$(TARGET_NAME)";
				SKIP_INSTALL = YES;
			};
			name = Release;
		};
		CD1EEBE719B713F4009BAA7A /* Debug */ = {
			isa = XCBuildConfiguration;
			buildSettings = {
				CLANG_ENABLE_MODULES = YES;
				CLANG_WARN_BOOL_CONVERSION = YES;
				CLANG_WARN_DIRECT_OBJC_ISA_USAGE = YES_ERROR;
				CLANG_WARN_OBJC_ROOT_CLASS = YES_ERROR;
				CLANG_WARN_UNREACHABLE_CODE = YES;
				ENABLE_STRICT_OBJC_MSGSEND = YES;
				FRAMEWORK_SEARCH_PATHS = (
					"$(SDKROOT)/Developer/Library/Frameworks",
					"$(inherited)",
				);
				GCC_PREPROCESSOR_DEFINITIONS = (
					"DEBUG=1",
					"$(inherited)",
				);
				GCC_WARN_64_TO_32_BIT_CONVERSION = YES;
				GCC_WARN_ABOUT_RETURN_TYPE = YES_ERROR;
				GCC_WARN_UNDECLARED_SELECTOR = YES;
				GCC_WARN_UNINITIALIZED_AUTOS = YES_AGGRESSIVE;
				GCC_WARN_UNUSED_FUNCTION = YES;
				INFOPLIST_FILE = PiwikTrackerTests/Info.plist;
				IPHONEOS_DEPLOYMENT_TARGET = 8.0;
				LD_RUNPATH_SEARCH_PATHS = "$(inherited) @executable_path/Frameworks @loader_path/Frameworks";
				MTL_ENABLE_DEBUG_INFO = YES;
				PRODUCT_NAME = "$(TARGET_NAME)";
			};
			name = Debug;
		};
		CD1EEBE819B713F4009BAA7A /* Release */ = {
			isa = XCBuildConfiguration;
			buildSettings = {
				CLANG_ENABLE_MODULES = YES;
				CLANG_WARN_BOOL_CONVERSION = YES;
				CLANG_WARN_DIRECT_OBJC_ISA_USAGE = YES_ERROR;
				CLANG_WARN_OBJC_ROOT_CLASS = YES_ERROR;
				CLANG_WARN_UNREACHABLE_CODE = YES;
				ENABLE_NS_ASSERTIONS = NO;
				ENABLE_STRICT_OBJC_MSGSEND = YES;
				FRAMEWORK_SEARCH_PATHS = (
					"$(SDKROOT)/Developer/Library/Frameworks",
					"$(inherited)",
				);
				GCC_WARN_64_TO_32_BIT_CONVERSION = YES;
				GCC_WARN_ABOUT_RETURN_TYPE = YES_ERROR;
				GCC_WARN_UNDECLARED_SELECTOR = YES;
				GCC_WARN_UNINITIALIZED_AUTOS = YES_AGGRESSIVE;
				GCC_WARN_UNUSED_FUNCTION = YES;
				INFOPLIST_FILE = PiwikTrackerTests/Info.plist;
				IPHONEOS_DEPLOYMENT_TARGET = 8.0;
				LD_RUNPATH_SEARCH_PATHS = "$(inherited) @executable_path/Frameworks @loader_path/Frameworks";
				MTL_ENABLE_DEBUG_INFO = NO;
				PRODUCT_NAME = "$(TARGET_NAME)";
			};
			name = Release;
		};
		CD93ECAA17E76E290062BE20 /* Debug */ = {
			isa = XCBuildConfiguration;
			buildSettings = {
				"CODE_SIGN_IDENTITY[sdk=iphoneos*]" = "iPhone Developer";
				GCC_PRECOMPILE_PREFIX_HEADER = YES;
				GCC_PREFIX_HEADER = "PiwikTrackeriOSDemo/PiwikTrackeriOSDemo-Prefix.pch";
				INFOPLIST_FILE = "PiwikTrackeriOSDemo/PiwikTrackeriOSDemo-Info.plist";
				IPHONEOS_DEPLOYMENT_TARGET = 8.0;
				PRODUCT_NAME = "$(TARGET_NAME)";
				WRAPPER_EXTENSION = app;
			};
			name = Debug;
		};
		CD93ECAB17E76E290062BE20 /* Release */ = {
			isa = XCBuildConfiguration;
			buildSettings = {
				"CODE_SIGN_IDENTITY[sdk=iphoneos*]" = "iPhone Developer";
				GCC_PRECOMPILE_PREFIX_HEADER = YES;
				GCC_PREFIX_HEADER = "PiwikTrackeriOSDemo/PiwikTrackeriOSDemo-Prefix.pch";
				INFOPLIST_FILE = "PiwikTrackeriOSDemo/PiwikTrackeriOSDemo-Info.plist";
				IPHONEOS_DEPLOYMENT_TARGET = 8.0;
				OTHER_CFLAGS = "$(inherited)";
				PRODUCT_NAME = "$(TARGET_NAME)";
				WRAPPER_EXTENSION = app;
			};
			name = Release;
		};
		CDC335FF17B97B110098386C /* Debug */ = {
			isa = XCBuildConfiguration;
			buildSettings = {
				PRODUCT_NAME = "$(TARGET_NAME)";
			};
			name = Debug;
		};
		CDC3360017B97B110098386C /* Release */ = {
			isa = XCBuildConfiguration;
			buildSettings = {
				PRODUCT_NAME = "$(TARGET_NAME)";
			};
			name = Release;
		};
		CDE4CAE91813DDFE007E0EF7 /* Debug */ = {
			isa = XCBuildConfiguration;
			buildSettings = {
				PRODUCT_NAME = "Documentation copy";
			};
			name = Debug;
		};
		CDE4CAEA1813DDFE007E0EF7 /* Release */ = {
			isa = XCBuildConfiguration;
			buildSettings = {
				PRODUCT_NAME = "Documentation copy";
			};
			name = Release;
		};
		CDEAEAE3180B36F900EB91C2 /* Debug */ = {
			isa = XCBuildConfiguration;
			buildSettings = {
				ASSETCATALOG_COMPILER_APPICON_NAME = AppIcon;
				CLANG_WARN_BOOL_CONVERSION = YES;
				CLANG_WARN_DIRECT_OBJC_ISA_USAGE = YES_ERROR;
				CLANG_WARN_OBJC_ROOT_CLASS = YES_ERROR;
				COMBINE_HIDPI_IMAGES = YES;
				FRAMEWORK_SEARCH_PATHS = (
					"$(inherited)",
					"$(DEVELOPER_FRAMEWORKS_DIR)",
				);
				GCC_ENABLE_OBJC_EXCEPTIONS = YES;
				GCC_PRECOMPILE_PREFIX_HEADER = YES;
				GCC_PREFIX_HEADER = "PiwikTrackerOSXDemo/PiwikTrackerOSXDemo-Prefix.pch";
				GCC_PREPROCESSOR_DEFINITIONS = (
					"DEBUG=1",
					"$(inherited)",
				);
				GCC_WARN_64_TO_32_BIT_CONVERSION = YES;
				GCC_WARN_ABOUT_RETURN_TYPE = YES_ERROR;
				GCC_WARN_UNDECLARED_SELECTOR = YES;
				GCC_WARN_UNUSED_FUNCTION = YES;
				INFOPLIST_FILE = "PiwikTrackerOSXDemo/PiwikTrackerOSXDemo-Info.plist";
				MACOSX_DEPLOYMENT_TARGET = 10.8;
				PRODUCT_NAME = "$(TARGET_NAME)";
				SDKROOT = macosx;
				WRAPPER_EXTENSION = app;
			};
			name = Debug;
		};
		CDEAEAE4180B36F900EB91C2 /* Release */ = {
			isa = XCBuildConfiguration;
			buildSettings = {
				ASSETCATALOG_COMPILER_APPICON_NAME = AppIcon;
				CLANG_WARN_BOOL_CONVERSION = YES;
				CLANG_WARN_DIRECT_OBJC_ISA_USAGE = YES_ERROR;
				CLANG_WARN_OBJC_ROOT_CLASS = YES_ERROR;
				COMBINE_HIDPI_IMAGES = YES;
				DEBUG_INFORMATION_FORMAT = "dwarf-with-dsym";
				ENABLE_NS_ASSERTIONS = NO;
				FRAMEWORK_SEARCH_PATHS = (
					"$(inherited)",
					"$(DEVELOPER_FRAMEWORKS_DIR)",
				);
				GCC_ENABLE_OBJC_EXCEPTIONS = YES;
				GCC_PRECOMPILE_PREFIX_HEADER = YES;
				GCC_PREFIX_HEADER = "PiwikTrackerOSXDemo/PiwikTrackerOSXDemo-Prefix.pch";
				GCC_WARN_64_TO_32_BIT_CONVERSION = YES;
				GCC_WARN_ABOUT_RETURN_TYPE = YES_ERROR;
				GCC_WARN_UNDECLARED_SELECTOR = YES;
				GCC_WARN_UNUSED_FUNCTION = YES;
				INFOPLIST_FILE = "PiwikTrackerOSXDemo/PiwikTrackerOSXDemo-Info.plist";
				MACOSX_DEPLOYMENT_TARGET = 10.8;
				PRODUCT_NAME = "$(TARGET_NAME)";
				SDKROOT = macosx;
				WRAPPER_EXTENSION = app;
			};
			name = Release;
		};
/* End XCBuildConfiguration section */

/* Begin XCConfigurationList section */
		1FECA88A1DA7DDDB00859C13 /* Build configuration list for PBXNativeTarget "PiwikTrackerSwift" */ = {
			isa = XCConfigurationList;
			buildConfigurations = (
				1FECA8861DA7DDDB00859C13 /* Debug */,
				1FECA8871DA7DDDB00859C13 /* Release */,
			);
			defaultConfigurationIsVisible = 0;
			defaultConfigurationName = Release;
		};
		1FECA88B1DA7DDDB00859C13 /* Build configuration list for PBXNativeTarget "PiwikTrackerSwiftTests" */ = {
			isa = XCConfigurationList;
			buildConfigurations = (
				1FECA8881DA7DDDB00859C13 /* Debug */,
				1FECA8891DA7DDDB00859C13 /* Release */,
			);
			defaultConfigurationIsVisible = 0;
			defaultConfigurationName = Release;
		};
		CD10FAB717B0378D0012BE50 /* Build configuration list for PBXProject "PiwikTracker" */ = {
			isa = XCConfigurationList;
			buildConfigurations = (
				CD10FADF17B0378E0012BE50 /* Debug */,
				CD10FAE017B0378E0012BE50 /* Release */,
			);
			defaultConfigurationIsVisible = 0;
			defaultConfigurationName = Release;
		};
		CD10FAE117B0378E0012BE50 /* Build configuration list for PBXNativeTarget "PiwikTracker" */ = {
			isa = XCConfigurationList;
			buildConfigurations = (
				CD10FAE217B0378E0012BE50 /* Debug */,
				CD10FAE317B0378E0012BE50 /* Release */,
			);
			defaultConfigurationIsVisible = 0;
			defaultConfigurationName = Release;
		};
		CD1EEBB019B5E601009BAA7A /* Build configuration list for PBXNativeTarget "PiwikTracker+AFNetworking1" */ = {
			isa = XCConfigurationList;
			buildConfigurations = (
				CD1EEBAC19B5E601009BAA7A /* Debug */,
				CD1EEBAD19B5E601009BAA7A /* Release */,
			);
			defaultConfigurationIsVisible = 0;
			defaultConfigurationName = Release;
		};
		CD1EEBCA19B5E85A009BAA7A /* Build configuration list for PBXNativeTarget "PiwikTracker+AFNetworking2" */ = {
			isa = XCConfigurationList;
			buildConfigurations = (
				CD1EEBCB19B5E85A009BAA7A /* Debug */,
				CD1EEBCC19B5E85A009BAA7A /* Release */,
			);
			defaultConfigurationIsVisible = 0;
			defaultConfigurationName = Release;
		};
		CD1EEBE619B713F4009BAA7A /* Build configuration list for PBXNativeTarget "PiwikTrackerTests" */ = {
			isa = XCConfigurationList;
			buildConfigurations = (
				CD1EEBE719B713F4009BAA7A /* Debug */,
				CD1EEBE819B713F4009BAA7A /* Release */,
			);
			defaultConfigurationIsVisible = 0;
			defaultConfigurationName = Release;
		};
		CD93ECAC17E76E290062BE20 /* Build configuration list for PBXNativeTarget "PiwikTrackeriOSDemo" */ = {
			isa = XCConfigurationList;
			buildConfigurations = (
				CD93ECAA17E76E290062BE20 /* Debug */,
				CD93ECAB17E76E290062BE20 /* Release */,
			);
			defaultConfigurationIsVisible = 0;
			defaultConfigurationName = Release;
		};
		CDC3360117B97B110098386C /* Build configuration list for PBXAggregateTarget "Documentation" */ = {
			isa = XCConfigurationList;
			buildConfigurations = (
				CDC335FF17B97B110098386C /* Debug */,
				CDC3360017B97B110098386C /* Release */,
			);
			defaultConfigurationIsVisible = 0;
			defaultConfigurationName = Release;
		};
		CDE4CAE81813DDFE007E0EF7 /* Build configuration list for PBXAggregateTarget "Upload API" */ = {
			isa = XCConfigurationList;
			buildConfigurations = (
				CDE4CAE91813DDFE007E0EF7 /* Debug */,
				CDE4CAEA1813DDFE007E0EF7 /* Release */,
			);
			defaultConfigurationIsVisible = 0;
			defaultConfigurationName = Release;
		};
		CDEAEAE2180B36F900EB91C2 /* Build configuration list for PBXNativeTarget "PiwikTrackerOSXDemo" */ = {
			isa = XCConfigurationList;
			buildConfigurations = (
				CDEAEAE3180B36F900EB91C2 /* Debug */,
				CDEAEAE4180B36F900EB91C2 /* Release */,
			);
			defaultConfigurationIsVisible = 0;
			defaultConfigurationName = Release;
		};
/* End XCConfigurationList section */

/* Begin XCVersionGroup section */
		CDBCF6F81B10C6C200F77481 /* piwiktracker.xcdatamodeld */ = {
			isa = XCVersionGroup;
			children = (
				CDBCF6F91B10C6C200F77481 /* piwiktracker v2.xcdatamodel */,
				CDBCF6FA1B10C6C200F77481 /* piwiktracker.xcdatamodel */,
			);
			currentVersion = CDBCF6F91B10C6C200F77481 /* piwiktracker v2.xcdatamodel */;
			path = piwiktracker.xcdatamodeld;
			sourceTree = "<group>";
			versionGroupType = wrapper.xcdatamodel;
		};
/* End XCVersionGroup section */
	};
	rootObject = CD10FAB417B0378D0012BE50 /* Project object */;
}
