// !$*UTF8*$!
{
	archiveVersion = 1;
	classes = {
	};
	objectVersion = 46;
	objects = {

/* Begin PBXAggregateTarget section */
		CD7DDE9015877D6D00DA91E4 /* Documentation */ = {
			isa = PBXAggregateTarget;
			buildConfigurationList = CD7DDE9315877D6D00DA91E4 /* Build configuration list for PBXAggregateTarget "Documentation" */;
			buildPhases = (
				CD7DDE9515877D7500DA91E4 /* ShellScript */,
			);
			dependencies = (
			);
			name = Documentation;
			productName = Documentation;
		};
/* End PBXAggregateTarget section */

/* Begin PBXBuildFile section */
		8611AEE3070C436980FA105A /* libPods.a in Frameworks */ = {isa = PBXBuildFile; fileRef = CB7131535C144ED696BFE476 /* libPods.a */; };
		CD29382115766C3E00DE309E /* UIKit.framework in Frameworks */ = {isa = PBXBuildFile; fileRef = CD29382015766C3E00DE309E /* UIKit.framework */; };
		CD29382315766C3E00DE309E /* Foundation.framework in Frameworks */ = {isa = PBXBuildFile; fileRef = CD29382215766C3E00DE309E /* Foundation.framework */; };
		CD29382515766C3E00DE309E /* CoreGraphics.framework in Frameworks */ = {isa = PBXBuildFile; fileRef = CD29382415766C3E00DE309E /* CoreGraphics.framework */; };
		CD29382B15766C3E00DE309E /* InfoPlist.strings in Resources */ = {isa = PBXBuildFile; fileRef = CD29382915766C3E00DE309E /* InfoPlist.strings */; };
		CD29382D15766C3E00DE309E /* main.m in Sources */ = {isa = PBXBuildFile; fileRef = CD29382C15766C3E00DE309E /* main.m */; };
		CD29383115766C3E00DE309E /* AppDelegate.m in Sources */ = {isa = PBXBuildFile; fileRef = CD29383015766C3E00DE309E /* AppDelegate.m */; };
		CD29383415766C3E00DE309E /* ViewController.m in Sources */ = {isa = PBXBuildFile; fileRef = CD29383315766C3E00DE309E /* ViewController.m */; };
		CD29383715766C3E00DE309E /* ViewController_iPhone.xib in Resources */ = {isa = PBXBuildFile; fileRef = CD29383515766C3E00DE309E /* ViewController_iPhone.xib */; };
		CD29383A15766C3E00DE309E /* ViewController_iPad.xib in Resources */ = {isa = PBXBuildFile; fileRef = CD29383815766C3E00DE309E /* ViewController_iPad.xib */; };
		CD29386F15766DBA00DE309E /* CoreData.framework in Frameworks */ = {isa = PBXBuildFile; fileRef = CD29386E15766DBA00DE309E /* CoreData.framework */; };
		CD50A26917AEF7600030C821 /* Default-568h@2x.png in Resources */ = {isa = PBXBuildFile; fileRef = CD50A26817AEF7600030C821 /* Default-568h@2x.png */; };
		CD50A26F17AF917A0030C821 /* libPods.a in Frameworks */ = {isa = PBXBuildFile; fileRef = CD50A26E17AF917A0030C821 /* libPods.a */; };
		CD50A27317AF9CA20030C821 /* SystemConfiguration.framework in Frameworks */ = {isa = PBXBuildFile; fileRef = CD50A27217AF9CA20030C821 /* SystemConfiguration.framework */; };
		CD50A27517AF9CAE0030C821 /* MobileCoreServices.framework in Frameworks */ = {isa = PBXBuildFile; fileRef = CD50A27417AF9CAE0030C821 /* MobileCoreServices.framework */; };
		CD50A27617AF9CFB0030C821 /* SystemConfiguration.framework in Frameworks */ = {isa = PBXBuildFile; fileRef = CD50A27217AF9CA20030C821 /* SystemConfiguration.framework */; };
		CD50A27717AF9D060030C821 /* MobileCoreServices.framework in Frameworks */ = {isa = PBXBuildFile; fileRef = CD50A27417AF9CAE0030C821 /* MobileCoreServices.framework */; };
		CD9BE6AE16EEBB7E005C5CBE /* Foundation.framework in Frameworks */ = {isa = PBXBuildFile; fileRef = CD29382215766C3E00DE309E /* Foundation.framework */; };
		CD9BE6BD16EEBB7E005C5CBE /* SenTestingKit.framework in Frameworks */ = {isa = PBXBuildFile; fileRef = CD9BE6BC16EEBB7E005C5CBE /* SenTestingKit.framework */; };
		CD9BE6BE16EEBB7E005C5CBE /* UIKit.framework in Frameworks */ = {isa = PBXBuildFile; fileRef = CD29382015766C3E00DE309E /* UIKit.framework */; };
		CD9BE6BF16EEBB7E005C5CBE /* Foundation.framework in Frameworks */ = {isa = PBXBuildFile; fileRef = CD29382215766C3E00DE309E /* Foundation.framework */; };
		CD9BE6C216EEBB7E005C5CBE /* libPiwikTracker.a in Frameworks */ = {isa = PBXBuildFile; fileRef = CD9BE6AD16EEBB7E005C5CBE /* libPiwikTracker.a */; };
		CD9BE6C816EEBB7E005C5CBE /* InfoPlist.strings in Resources */ = {isa = PBXBuildFile; fileRef = CD9BE6C616EEBB7E005C5CBE /* InfoPlist.strings */; };
		CD9BE6CB16EEBB7E005C5CBE /* PiwikTrackerTests.m in Sources */ = {isa = PBXBuildFile; fileRef = CD9BE6CA16EEBB7E005C5CBE /* PiwikTrackerTests.m */; };
		CD9BE6F116EF1E6B005C5CBE /* PiwikTracker.m in Sources */ = {isa = PBXBuildFile; fileRef = CD9BE6F016EF1E6B005C5CBE /* PiwikTracker.m */; };
		CD9BE6F216EF1E6B005C5CBE /* PiwikTracker.m in Sources */ = {isa = PBXBuildFile; fileRef = CD9BE6F016EF1E6B005C5CBE /* PiwikTracker.m */; };
		CDAA62F717A7E9960082176B /* PiwikTracker.m in Sources */ = {isa = PBXBuildFile; fileRef = CD9BE6F016EF1E6B005C5CBE /* PiwikTracker.m */; };
		CDAA633A17A8235E0082176B /* piwiktracker.xcdatamodeld in Sources */ = {isa = PBXBuildFile; fileRef = CDAA633817A8235D0082176B /* piwiktracker.xcdatamodeld */; };
		CDAA633B17A8235E0082176B /* piwiktracker.xcdatamodeld in Sources */ = {isa = PBXBuildFile; fileRef = CDAA633817A8235D0082176B /* piwiktracker.xcdatamodeld */; };
		CDAA634317A85ADC0082176B /* EventEntity.m in Sources */ = {isa = PBXBuildFile; fileRef = CDAA634217A85ADC0082176B /* EventEntity.m */; };
		CDAA634417A85ADC0082176B /* EventEntity.m in Sources */ = {isa = PBXBuildFile; fileRef = CDAA634217A85ADC0082176B /* EventEntity.m */; };
		CDAA634517A85ADC0082176B /* EventEntity.m in Sources */ = {isa = PBXBuildFile; fileRef = CDAA634217A85ADC0082176B /* EventEntity.m */; };
/* End PBXBuildFile section */

/* Begin PBXContainerItemProxy section */
		CD9BE6C016EEBB7E005C5CBE /* PBXContainerItemProxy */ = {
			isa = PBXContainerItemProxy;
			containerPortal = CD29381315766C3D00DE309E /* Project object */;
			proxyType = 1;
			remoteGlobalIDString = CD9BE6AC16EEBB7E005C5CBE;
			remoteInfo = PiwikTracker;
		};
/* End PBXContainerItemProxy section */

/* Begin PBXCopyFilesBuildPhase section */
		CD9BE6AB16EEBB7E005C5CBE /* CopyFiles */ = {
			isa = PBXCopyFilesBuildPhase;
			buildActionMask = 2147483647;
			dstPath = "include/${PRODUCT_NAME}";
			dstSubfolderSpec = 16;
			files = (
			);
			runOnlyForDeploymentPostprocessing = 0;
		};
/* End PBXCopyFilesBuildPhase section */

/* Begin PBXFileReference section */
		5511AE6E74C34922935DC2E6 /* Pods.xcconfig */ = {isa = PBXFileReference; includeInIndex = 1; lastKnownFileType = text.xcconfig; name = Pods.xcconfig; path = Pods/Pods.xcconfig; sourceTree = SOURCE_ROOT; };
		CB7131535C144ED696BFE476 /* libPods.a */ = {isa = PBXFileReference; explicitFileType = archive.ar; includeInIndex = 0; path = libPods.a; sourceTree = BUILT_PRODUCTS_DIR; };
		CD29381C15766C3E00DE309E /* PiwikTrackerDemo.app */ = {isa = PBXFileReference; explicitFileType = wrapper.application; includeInIndex = 0; path = PiwikTrackerDemo.app; sourceTree = BUILT_PRODUCTS_DIR; };
		CD29382015766C3E00DE309E /* UIKit.framework */ = {isa = PBXFileReference; lastKnownFileType = wrapper.framework; name = UIKit.framework; path = System/Library/Frameworks/UIKit.framework; sourceTree = SDKROOT; };
		CD29382215766C3E00DE309E /* Foundation.framework */ = {isa = PBXFileReference; lastKnownFileType = wrapper.framework; name = Foundation.framework; path = System/Library/Frameworks/Foundation.framework; sourceTree = SDKROOT; };
		CD29382415766C3E00DE309E /* CoreGraphics.framework */ = {isa = PBXFileReference; lastKnownFileType = wrapper.framework; name = CoreGraphics.framework; path = System/Library/Frameworks/CoreGraphics.framework; sourceTree = SDKROOT; };
		CD29382815766C3E00DE309E /* PiwikTrackerDemo-Info.plist */ = {isa = PBXFileReference; lastKnownFileType = text.plist.xml; path = "PiwikTrackerDemo-Info.plist"; sourceTree = "<group>"; };
		CD29382A15766C3E00DE309E /* en */ = {isa = PBXFileReference; lastKnownFileType = text.plist.strings; name = en; path = en.lproj/InfoPlist.strings; sourceTree = "<group>"; };
		CD29382C15766C3E00DE309E /* main.m */ = {isa = PBXFileReference; lastKnownFileType = sourcecode.c.objc; path = main.m; sourceTree = "<group>"; };
		CD29382E15766C3E00DE309E /* PiwikTrackerDemo-Prefix.pch */ = {isa = PBXFileReference; lastKnownFileType = sourcecode.c.h; path = "PiwikTrackerDemo-Prefix.pch"; sourceTree = "<group>"; };
		CD29382F15766C3E00DE309E /* AppDelegate.h */ = {isa = PBXFileReference; lastKnownFileType = sourcecode.c.h; path = AppDelegate.h; sourceTree = "<group>"; };
		CD29383015766C3E00DE309E /* AppDelegate.m */ = {isa = PBXFileReference; lastKnownFileType = sourcecode.c.objc; path = AppDelegate.m; sourceTree = "<group>"; };
		CD29383215766C3E00DE309E /* ViewController.h */ = {isa = PBXFileReference; lastKnownFileType = sourcecode.c.h; path = ViewController.h; sourceTree = "<group>"; };
		CD29383315766C3E00DE309E /* ViewController.m */ = {isa = PBXFileReference; lastKnownFileType = sourcecode.c.objc; path = ViewController.m; sourceTree = "<group>"; };
		CD29383615766C3E00DE309E /* en */ = {isa = PBXFileReference; lastKnownFileType = file.xib; name = en; path = en.lproj/ViewController_iPhone.xib; sourceTree = "<group>"; };
		CD29383915766C3E00DE309E /* en */ = {isa = PBXFileReference; lastKnownFileType = file.xib; name = en; path = en.lproj/ViewController_iPad.xib; sourceTree = "<group>"; };
		CD29386E15766DBA00DE309E /* CoreData.framework */ = {isa = PBXFileReference; lastKnownFileType = wrapper.framework; name = CoreData.framework; path = System/Library/Frameworks/CoreData.framework; sourceTree = SDKROOT; };
		CD50A26417AEE83E0030C821 /* PiwikTracker-Prefix.pch */ = {isa = PBXFileReference; fileEncoding = 4; lastKnownFileType = sourcecode.c.h; path = "PiwikTracker-Prefix.pch"; sourceTree = "<group>"; };
		CD50A26817AEF7600030C821 /* Default-568h@2x.png */ = {isa = PBXFileReference; lastKnownFileType = image.png; path = "Default-568h@2x.png"; sourceTree = "<group>"; };
		CD50A26A17AEF8110030C821 /* Podfile */ = {isa = PBXFileReference; lastKnownFileType = text; path = Podfile; sourceTree = "<group>"; xcLanguageSpecificationIdentifier = xcode.lang.ruby; };
		CD50A26E17AF917A0030C821 /* libPods.a */ = {isa = PBXFileReference; lastKnownFileType = file; name = libPods.a; path = "Pods/build/Release-iphoneos/libPods.a"; sourceTree = "<group>"; };
		CD50A27217AF9CA20030C821 /* SystemConfiguration.framework */ = {isa = PBXFileReference; lastKnownFileType = wrapper.framework; name = SystemConfiguration.framework; path = System/Library/Frameworks/SystemConfiguration.framework; sourceTree = SDKROOT; };
		CD50A27417AF9CAE0030C821 /* MobileCoreServices.framework */ = {isa = PBXFileReference; lastKnownFileType = wrapper.framework; name = MobileCoreServices.framework; path = System/Library/Frameworks/MobileCoreServices.framework; sourceTree = SDKROOT; };
		CD9BE6AD16EEBB7E005C5CBE /* libPiwikTracker.a */ = {isa = PBXFileReference; explicitFileType = archive.ar; includeInIndex = 0; path = libPiwikTracker.a; sourceTree = BUILT_PRODUCTS_DIR; };
		CD9BE6BB16EEBB7E005C5CBE /* PiwikTrackerTests.octest */ = {isa = PBXFileReference; explicitFileType = wrapper.cfbundle; includeInIndex = 0; path = PiwikTrackerTests.octest; sourceTree = BUILT_PRODUCTS_DIR; };
		CD9BE6BC16EEBB7E005C5CBE /* SenTestingKit.framework */ = {isa = PBXFileReference; lastKnownFileType = wrapper.framework; name = SenTestingKit.framework; path = Library/Frameworks/SenTestingKit.framework; sourceTree = DEVELOPER_DIR; };
		CD9BE6C516EEBB7E005C5CBE /* PiwikTrackerTests-Info.plist */ = {isa = PBXFileReference; lastKnownFileType = text.plist.xml; path = "PiwikTrackerTests-Info.plist"; sourceTree = "<group>"; };
		CD9BE6C716EEBB7E005C5CBE /* en */ = {isa = PBXFileReference; lastKnownFileType = text.plist.strings; name = en; path = en.lproj/InfoPlist.strings; sourceTree = "<group>"; };
		CD9BE6C916EEBB7E005C5CBE /* PiwikTrackerTests.h */ = {isa = PBXFileReference; lastKnownFileType = sourcecode.c.h; path = PiwikTrackerTests.h; sourceTree = "<group>"; };
		CD9BE6CA16EEBB7E005C5CBE /* PiwikTrackerTests.m */ = {isa = PBXFileReference; lastKnownFileType = sourcecode.c.objc; path = PiwikTrackerTests.m; sourceTree = "<group>"; };
		CD9BE6EF16EF1E6B005C5CBE /* PiwikTracker.h */ = {isa = PBXFileReference; fileEncoding = 4; lastKnownFileType = sourcecode.c.h; path = PiwikTracker.h; sourceTree = "<group>"; };
		CD9BE6F016EF1E6B005C5CBE /* PiwikTracker.m */ = {isa = PBXFileReference; fileEncoding = 4; lastKnownFileType = sourcecode.c.objc; path = PiwikTracker.m; sourceTree = "<group>"; };
		CDAA633917A8235E0082176B /* piwiktracker.xcdatamodel */ = {isa = PBXFileReference; lastKnownFileType = wrapper.xcdatamodel; path = piwiktracker.xcdatamodel; sourceTree = "<group>"; };
		CDAA634117A85ADC0082176B /* EventEntity.h */ = {isa = PBXFileReference; fileEncoding = 4; lastKnownFileType = sourcecode.c.h; path = EventEntity.h; sourceTree = "<group>"; };
		CDAA634217A85ADC0082176B /* EventEntity.m */ = {isa = PBXFileReference; fileEncoding = 4; lastKnownFileType = sourcecode.c.objc; path = EventEntity.m; sourceTree = "<group>"; };
/* End PBXFileReference section */

/* Begin PBXFrameworksBuildPhase section */
		CD29381915766C3E00DE309E /* Frameworks */ = {
			isa = PBXFrameworksBuildPhase;
			buildActionMask = 2147483647;
			files = (
				CD29386F15766DBA00DE309E /* CoreData.framework in Frameworks */,
				CD29382115766C3E00DE309E /* UIKit.framework in Frameworks */,
				CD29382315766C3E00DE309E /* Foundation.framework in Frameworks */,
				CD29382515766C3E00DE309E /* CoreGraphics.framework in Frameworks */,
				CD50A27317AF9CA20030C821 /* SystemConfiguration.framework in Frameworks */,
				CD50A27517AF9CAE0030C821 /* MobileCoreServices.framework in Frameworks */,
				CD50A26F17AF917A0030C821 /* libPods.a in Frameworks */,
			);
			runOnlyForDeploymentPostprocessing = 0;
		};
		CD9BE6AA16EEBB7E005C5CBE /* Frameworks */ = {
			isa = PBXFrameworksBuildPhase;
			buildActionMask = 2147483647;
			files = (
				CD9BE6AE16EEBB7E005C5CBE /* Foundation.framework in Frameworks */,
				CD50A27617AF9CFB0030C821 /* SystemConfiguration.framework in Frameworks */,
				CD50A27717AF9D060030C821 /* MobileCoreServices.framework in Frameworks */,
				8611AEE3070C436980FA105A /* libPods.a in Frameworks */,
			);
			runOnlyForDeploymentPostprocessing = 0;
		};
		CD9BE6B716EEBB7E005C5CBE /* Frameworks */ = {
			isa = PBXFrameworksBuildPhase;
			buildActionMask = 2147483647;
			files = (
				CD9BE6BD16EEBB7E005C5CBE /* SenTestingKit.framework in Frameworks */,
				CD9BE6BE16EEBB7E005C5CBE /* UIKit.framework in Frameworks */,
				CD9BE6BF16EEBB7E005C5CBE /* Foundation.framework in Frameworks */,
				CD9BE6C216EEBB7E005C5CBE /* libPiwikTracker.a in Frameworks */,
			);
			runOnlyForDeploymentPostprocessing = 0;
		};
/* End PBXFrameworksBuildPhase section */

/* Begin PBXGroup section */
		CD29381115766C3D00DE309E = {
			isa = PBXGroup;
			children = (
				CD50A26E17AF917A0030C821 /* libPods.a */,
				CD9BE6AF16EEBB7E005C5CBE /* PiwikTracker */,
				CD29382615766C3E00DE309E /* PiwikTrackerDemo */,
				CD9BE6C316EEBB7E005C5CBE /* PiwikTrackerTests */,
				CD29381F15766C3E00DE309E /* Frameworks */,
				CD29381D15766C3E00DE309E /* Products */,
				CD50A26A17AEF8110030C821 /* Podfile */,
				5511AE6E74C34922935DC2E6 /* Pods.xcconfig */,
			);
			sourceTree = "<group>";
		};
		CD29381D15766C3E00DE309E /* Products */ = {
			isa = PBXGroup;
			children = (
				CD29381C15766C3E00DE309E /* PiwikTrackerDemo.app */,
				CD9BE6AD16EEBB7E005C5CBE /* libPiwikTracker.a */,
				CD9BE6BB16EEBB7E005C5CBE /* PiwikTrackerTests.octest */,
			);
			name = Products;
			sourceTree = "<group>";
		};
		CD29381F15766C3E00DE309E /* Frameworks */ = {
			isa = PBXGroup;
			children = (
				CD29386E15766DBA00DE309E /* CoreData.framework */,
				CD29382015766C3E00DE309E /* UIKit.framework */,
				CD29382215766C3E00DE309E /* Foundation.framework */,
				CD29382415766C3E00DE309E /* CoreGraphics.framework */,
				CD9BE6BC16EEBB7E005C5CBE /* SenTestingKit.framework */,
				CD50A27417AF9CAE0030C821 /* MobileCoreServices.framework */,
				CD50A27217AF9CA20030C821 /* SystemConfiguration.framework */,
				CB7131535C144ED696BFE476 /* libPods.a */,
			);
			name = Frameworks;
			sourceTree = "<group>";
		};
		CD29382615766C3E00DE309E /* PiwikTrackerDemo */ = {
			isa = PBXGroup;
			children = (
				CD29382F15766C3E00DE309E /* AppDelegate.h */,
				CD29383015766C3E00DE309E /* AppDelegate.m */,
				CD29383215766C3E00DE309E /* ViewController.h */,
				CD29383315766C3E00DE309E /* ViewController.m */,
				CD29383515766C3E00DE309E /* ViewController_iPhone.xib */,
				CD29383815766C3E00DE309E /* ViewController_iPad.xib */,
				CD29382715766C3E00DE309E /* Supporting Files */,
			);
			path = PiwikTrackerDemo;
			sourceTree = "<group>";
		};
		CD29382715766C3E00DE309E /* Supporting Files */ = {
			isa = PBXGroup;
			children = (
				CD50A26817AEF7600030C821 /* Default-568h@2x.png */,
				CD29382815766C3E00DE309E /* PiwikTrackerDemo-Info.plist */,
				CD29382915766C3E00DE309E /* InfoPlist.strings */,
				CD29382C15766C3E00DE309E /* main.m */,
				CD29382E15766C3E00DE309E /* PiwikTrackerDemo-Prefix.pch */,
			);
			name = "Supporting Files";
			sourceTree = "<group>";
		};
		CD9BE6AF16EEBB7E005C5CBE /* PiwikTracker */ = {
			isa = PBXGroup;
			children = (
				CD9BE6EF16EF1E6B005C5CBE /* PiwikTracker.h */,
				CD9BE6F016EF1E6B005C5CBE /* PiwikTracker.m */,
				CDAA634117A85ADC0082176B /* EventEntity.h */,
				CDAA634217A85ADC0082176B /* EventEntity.m */,
				CDAA633817A8235D0082176B /* piwiktracker.xcdatamodeld */,
				CD50A26417AEE83E0030C821 /* PiwikTracker-Prefix.pch */,
			);
			path = PiwikTracker;
			sourceTree = "<group>";
		};
		CD9BE6C316EEBB7E005C5CBE /* PiwikTrackerTests */ = {
			isa = PBXGroup;
			children = (
				CD9BE6C916EEBB7E005C5CBE /* PiwikTrackerTests.h */,
				CD9BE6CA16EEBB7E005C5CBE /* PiwikTrackerTests.m */,
				CD9BE6C416EEBB7E005C5CBE /* Supporting Files */,
			);
			path = PiwikTrackerTests;
			sourceTree = "<group>";
		};
		CD9BE6C416EEBB7E005C5CBE /* Supporting Files */ = {
			isa = PBXGroup;
			children = (
				CD9BE6C516EEBB7E005C5CBE /* PiwikTrackerTests-Info.plist */,
				CD9BE6C616EEBB7E005C5CBE /* InfoPlist.strings */,
			);
			name = "Supporting Files";
			sourceTree = "<group>";
		};
/* End PBXGroup section */

/* Begin PBXNativeTarget section */
		CD29381B15766C3E00DE309E /* PiwikTrackerDemo */ = {
			isa = PBXNativeTarget;
			buildConfigurationList = CD29383D15766C3E00DE309E /* Build configuration list for PBXNativeTarget "PiwikTrackerDemo" */;
			buildPhases = (
				CD29381815766C3E00DE309E /* Sources */,
				CD29381915766C3E00DE309E /* Frameworks */,
				CD29381A15766C3E00DE309E /* Resources */,
				CD50A27117AF91B00030C821 /* Copy Pod Resources */,
			);
			buildRules = (
			);
			dependencies = (
			);
			name = PiwikTrackerDemo;
			productName = PiwikTrackerDemo;
			productReference = CD29381C15766C3E00DE309E /* PiwikTrackerDemo.app */;
			productType = "com.apple.product-type.application";
		};
		CD9BE6AC16EEBB7E005C5CBE /* PiwikTracker */ = {
			isa = PBXNativeTarget;
			buildConfigurationList = CD9BE6CC16EEBB7E005C5CBE /* Build configuration list for PBXNativeTarget "PiwikTracker" */;
			buildPhases = (
				5D1320E5B1CB476FBC45C2F6 /* Check Pods Manifest.lock */,
				CD9BE6A916EEBB7E005C5CBE /* Sources */,
				CD9BE6AA16EEBB7E005C5CBE /* Frameworks */,
				CD9BE6AB16EEBB7E005C5CBE /* CopyFiles */,
				04231467F70F49F298E16549 /* Copy Pods Resources */,
			);
			buildRules = (
			);
			dependencies = (
			);
			name = PiwikTracker;
			productName = PiwikTracker;
			productReference = CD9BE6AD16EEBB7E005C5CBE /* libPiwikTracker.a */;
			productType = "com.apple.product-type.library.static";
		};
		CD9BE6BA16EEBB7E005C5CBE /* PiwikTrackerTests */ = {
			isa = PBXNativeTarget;
			buildConfigurationList = CD9BE6CF16EEBB7E005C5CBE /* Build configuration list for PBXNativeTarget "PiwikTrackerTests" */;
			buildPhases = (
				CD9BE6B616EEBB7E005C5CBE /* Sources */,
				CD9BE6B716EEBB7E005C5CBE /* Frameworks */,
				CD9BE6B816EEBB7E005C5CBE /* Resources */,
				CD9BE6B916EEBB7E005C5CBE /* ShellScript */,
			);
			buildRules = (
			);
			dependencies = (
				CD9BE6C116EEBB7E005C5CBE /* PBXTargetDependency */,
			);
			name = PiwikTrackerTests;
			productName = PiwikTrackerTests;
			productReference = CD9BE6BB16EEBB7E005C5CBE /* PiwikTrackerTests.octest */;
			productType = "com.apple.product-type.bundle";
		};
/* End PBXNativeTarget section */

/* Begin PBXProject section */
		CD29381315766C3D00DE309E /* Project object */ = {
			isa = PBXProject;
			attributes = {
				LastUpgradeCheck = 0460;
			};
			buildConfigurationList = CD29381615766C3D00DE309E /* Build configuration list for PBXProject "PiwikTracker" */;
			compatibilityVersion = "Xcode 3.2";
			developmentRegion = English;
			hasScannedForEncodings = 0;
			knownRegions = (
				en,
			);
			mainGroup = CD29381115766C3D00DE309E;
			productRefGroup = CD29381D15766C3E00DE309E /* Products */;
			projectDirPath = "";
			projectRoot = "";
			targets = (
				CD9BE6AC16EEBB7E005C5CBE /* PiwikTracker */,
				CD29381B15766C3E00DE309E /* PiwikTrackerDemo */,
				CD7DDE9015877D6D00DA91E4 /* Documentation */,
				CD9BE6BA16EEBB7E005C5CBE /* PiwikTrackerTests */,
			);
		};
/* End PBXProject section */

/* Begin PBXResourcesBuildPhase section */
		CD29381A15766C3E00DE309E /* Resources */ = {
			isa = PBXResourcesBuildPhase;
			buildActionMask = 2147483647;
			files = (
				CD29382B15766C3E00DE309E /* InfoPlist.strings in Resources */,
				CD29383715766C3E00DE309E /* ViewController_iPhone.xib in Resources */,
				CD29383A15766C3E00DE309E /* ViewController_iPad.xib in Resources */,
				CD50A26917AEF7600030C821 /* Default-568h@2x.png in Resources */,
			);
			runOnlyForDeploymentPostprocessing = 0;
		};
		CD9BE6B816EEBB7E005C5CBE /* Resources */ = {
			isa = PBXResourcesBuildPhase;
			buildActionMask = 2147483647;
			files = (
				CD9BE6C816EEBB7E005C5CBE /* InfoPlist.strings in Resources */,
			);
			runOnlyForDeploymentPostprocessing = 0;
		};
/* End PBXResourcesBuildPhase section */

/* Begin PBXShellScriptBuildPhase section */
		04231467F70F49F298E16549 /* Copy Pods Resources */ = {
			isa = PBXShellScriptBuildPhase;
			buildActionMask = 2147483647;
			files = (
			);
			inputPaths = (
			);
			name = "Copy Pods Resources";
			outputPaths = (
			);
			runOnlyForDeploymentPostprocessing = 0;
			shellPath = /bin/sh;
			shellScript = "\"${SRCROOT}/Pods/Pods-resources.sh\"\n";
		};
		5D1320E5B1CB476FBC45C2F6 /* Check Pods Manifest.lock */ = {
			isa = PBXShellScriptBuildPhase;
			buildActionMask = 2147483647;
			files = (
			);
			inputPaths = (
			);
			name = "Check Pods Manifest.lock";
			outputPaths = (
			);
			runOnlyForDeploymentPostprocessing = 0;
			shellPath = /bin/sh;
			shellScript = "diff \"${PODS_ROOT}/../Podfile.lock\" \"${PODS_ROOT}/Manifest.lock\" > /dev/null\nif [[ $? != 0 ]] ; then\n    cat << EOM\nerror: The sandbox is not in sync with the Podfile.lock. Run 'pod install' or update your CocoaPods installation.\nEOM\n    exit 1\nfi\n";
		};
		CD50A27117AF91B00030C821 /* Copy Pod Resources */ = {
			isa = PBXShellScriptBuildPhase;
			buildActionMask = 2147483647;
			files = (
			);
			inputPaths = (
			);
			name = "Copy Pod Resources";
			outputPaths = (
			);
			runOnlyForDeploymentPostprocessing = 0;
			shellPath = /bin/sh;
			shellScript = "\"${SRCROOT}/Pods/Pods-resources.sh\"\n";
		};
		CD7DDE9515877D7500DA91E4 /* ShellScript */ = {
			isa = PBXShellScriptBuildPhase;
			buildActionMask = 2147483647;
			files = (
			);
			inputPaths = (
			);
			outputPaths = (
			);
			runOnlyForDeploymentPostprocessing = 0;
			shellPath = /bin/sh;
			shellScript = "/usr/local/bin/appledoc --project-name PiwikTracker --project-company \"Wadpam\" --company-id com.wadpam --output $SOURCE_ROOT/Doc --no-repeat-first-par --explicit-crossref --no-install-docset --keep-intermediate-files $SOURCE_ROOT/PiwikTracker/.";
		};
		CD9BE6B916EEBB7E005C5CBE /* ShellScript */ = {
			isa = PBXShellScriptBuildPhase;
			buildActionMask = 2147483647;
			files = (
			);
			inputPaths = (
			);
			outputPaths = (
			);
			runOnlyForDeploymentPostprocessing = 0;
			shellPath = /bin/sh;
			shellScript = "# Run the unit tests in this test bundle.\n\"${SYSTEM_DEVELOPER_DIR}/Tools/RunUnitTests\"\n";
		};
/* End PBXShellScriptBuildPhase section */

/* Begin PBXSourcesBuildPhase section */
		CD29381815766C3E00DE309E /* Sources */ = {
			isa = PBXSourcesBuildPhase;
			buildActionMask = 2147483647;
			files = (
				CDAA62F717A7E9960082176B /* PiwikTracker.m in Sources */,
				CD29382D15766C3E00DE309E /* main.m in Sources */,
				CD29383115766C3E00DE309E /* AppDelegate.m in Sources */,
				CD29383415766C3E00DE309E /* ViewController.m in Sources */,
				CDAA633B17A8235E0082176B /* piwiktracker.xcdatamodeld in Sources */,
				CDAA634517A85ADC0082176B /* EventEntity.m in Sources */,
			);
			runOnlyForDeploymentPostprocessing = 0;
		};
		CD9BE6A916EEBB7E005C5CBE /* Sources */ = {
			isa = PBXSourcesBuildPhase;
			buildActionMask = 2147483647;
			files = (
				CD9BE6F116EF1E6B005C5CBE /* PiwikTracker.m in Sources */,
				CDAA633A17A8235E0082176B /* piwiktracker.xcdatamodeld in Sources */,
				CDAA634317A85ADC0082176B /* EventEntity.m in Sources */,
			);
			runOnlyForDeploymentPostprocessing = 0;
		};
		CD9BE6B616EEBB7E005C5CBE /* Sources */ = {
			isa = PBXSourcesBuildPhase;
			buildActionMask = 2147483647;
			files = (
				CD9BE6CB16EEBB7E005C5CBE /* PiwikTrackerTests.m in Sources */,
				CD9BE6F216EF1E6B005C5CBE /* PiwikTracker.m in Sources */,
				CDAA634417A85ADC0082176B /* EventEntity.m in Sources */,
			);
			runOnlyForDeploymentPostprocessing = 0;
		};
/* End PBXSourcesBuildPhase section */

/* Begin PBXTargetDependency section */
		CD9BE6C116EEBB7E005C5CBE /* PBXTargetDependency */ = {
			isa = PBXTargetDependency;
			target = CD9BE6AC16EEBB7E005C5CBE /* PiwikTracker */;
			targetProxy = CD9BE6C016EEBB7E005C5CBE /* PBXContainerItemProxy */;
		};
/* End PBXTargetDependency section */

/* Begin PBXVariantGroup section */
		CD29382915766C3E00DE309E /* InfoPlist.strings */ = {
			isa = PBXVariantGroup;
			children = (
				CD29382A15766C3E00DE309E /* en */,
			);
			name = InfoPlist.strings;
			sourceTree = "<group>";
		};
		CD29383515766C3E00DE309E /* ViewController_iPhone.xib */ = {
			isa = PBXVariantGroup;
			children = (
				CD29383615766C3E00DE309E /* en */,
			);
			name = ViewController_iPhone.xib;
			sourceTree = "<group>";
		};
		CD29383815766C3E00DE309E /* ViewController_iPad.xib */ = {
			isa = PBXVariantGroup;
			children = (
				CD29383915766C3E00DE309E /* en */,
			);
			name = ViewController_iPad.xib;
			sourceTree = "<group>";
		};
		CD9BE6C616EEBB7E005C5CBE /* InfoPlist.strings */ = {
			isa = PBXVariantGroup;
			children = (
				CD9BE6C716EEBB7E005C5CBE /* en */,
			);
			name = InfoPlist.strings;
			sourceTree = "<group>";
		};
/* End PBXVariantGroup section */

/* Begin XCBuildConfiguration section */
		CD29383B15766C3E00DE309E /* Debug */ = {
			isa = XCBuildConfiguration;
			buildSettings = {
				ALWAYS_SEARCH_USER_PATHS = NO;
				ARCHS = "$(ARCHS_STANDARD_32_BIT)";
				CLANG_WARN_CONSTANT_CONVERSION = YES;
				CLANG_WARN_ENUM_CONVERSION = YES;
				CLANG_WARN_INT_CONVERSION = YES;
				CLANG_WARN__DUPLICATE_METHOD_MATCH = YES;
				"CODE_SIGN_IDENTITY[sdk=iphoneos*]" = "iPhone Developer";
				COPY_PHASE_STRIP = NO;
				GCC_C_LANGUAGE_STANDARD = gnu99;
				GCC_DYNAMIC_NO_PIC = NO;
				GCC_OPTIMIZATION_LEVEL = 0;
				GCC_PREPROCESSOR_DEFINITIONS = (
					"DEBUG=1",
					"$(inherited)",
				);
				GCC_SYMBOLS_PRIVATE_EXTERN = NO;
				GCC_VERSION = com.apple.compilers.llvm.clang.1_0;
				GCC_WARN_ABOUT_RETURN_TYPE = YES;
				GCC_WARN_UNINITIALIZED_AUTOS = YES;
				GCC_WARN_UNUSED_VARIABLE = YES;
				IPHONEOS_DEPLOYMENT_TARGET = 5.1;
				SDKROOT = iphoneos;
				TARGETED_DEVICE_FAMILY = "1,2";
			};
			name = Debug;
		};
		CD29383C15766C3E00DE309E /* Release */ = {
			isa = XCBuildConfiguration;
			buildSettings = {
				ALWAYS_SEARCH_USER_PATHS = NO;
				ARCHS = "$(ARCHS_STANDARD_32_BIT)";
				CLANG_WARN_CONSTANT_CONVERSION = YES;
				CLANG_WARN_ENUM_CONVERSION = YES;
				CLANG_WARN_INT_CONVERSION = YES;
				CLANG_WARN__DUPLICATE_METHOD_MATCH = YES;
				"CODE_SIGN_IDENTITY[sdk=iphoneos*]" = "iPhone Developer";
				COPY_PHASE_STRIP = YES;
				GCC_C_LANGUAGE_STANDARD = gnu99;
				GCC_VERSION = com.apple.compilers.llvm.clang.1_0;
				GCC_WARN_ABOUT_RETURN_TYPE = YES;
				GCC_WARN_UNINITIALIZED_AUTOS = YES;
				GCC_WARN_UNUSED_VARIABLE = YES;
				IPHONEOS_DEPLOYMENT_TARGET = 5.1;
				OTHER_CFLAGS = "-DNS_BLOCK_ASSERTIONS=1";
				SDKROOT = iphoneos;
				TARGETED_DEVICE_FAMILY = "1,2";
				VALIDATE_PRODUCT = YES;
			};
			name = Release;
		};
		CD29383E15766C3E00DE309E /* Debug */ = {
			isa = XCBuildConfiguration;
			baseConfigurationReference = 5511AE6E74C34922935DC2E6 /* Pods.xcconfig */;
			buildSettings = {
				CLANG_ENABLE_OBJC_ARC = YES;
				GCC_PRECOMPILE_PREFIX_HEADER = YES;
				GCC_PREFIX_HEADER = "PiwikTrackerDemo/PiwikTrackerDemo-Prefix.pch";
				INFOPLIST_FILE = "PiwikTrackerDemo/PiwikTrackerDemo-Info.plist";
				PRODUCT_NAME = "$(TARGET_NAME)";
				WRAPPER_EXTENSION = app;
			};
			name = Debug;
		};
		CD29383F15766C3E00DE309E /* Release */ = {
			isa = XCBuildConfiguration;
			baseConfigurationReference = 5511AE6E74C34922935DC2E6 /* Pods.xcconfig */;
			buildSettings = {
				CLANG_ENABLE_OBJC_ARC = YES;
				GCC_PRECOMPILE_PREFIX_HEADER = YES;
				GCC_PREFIX_HEADER = "PiwikTrackerDemo/PiwikTrackerDemo-Prefix.pch";
				INFOPLIST_FILE = "PiwikTrackerDemo/PiwikTrackerDemo-Info.plist";
				PRODUCT_NAME = "$(TARGET_NAME)";
				WRAPPER_EXTENSION = app;
			};
			name = Release;
		};
		CD7DDE9115877D6D00DA91E4 /* Debug */ = {
			isa = XCBuildConfiguration;
			buildSettings = {
				PRODUCT_NAME = "$(TARGET_NAME)";
			};
			name = Debug;
		};
		CD7DDE9215877D6D00DA91E4 /* Release */ = {
			isa = XCBuildConfiguration;
			buildSettings = {
				PRODUCT_NAME = "$(TARGET_NAME)";
			};
			name = Release;
		};
		CD9BE6CD16EEBB7E005C5CBE /* Debug */ = {
			isa = XCBuildConfiguration;
			baseConfigurationReference = 5511AE6E74C34922935DC2E6 /* Pods.xcconfig */;
			buildSettings = {
				CLANG_CXX_LANGUAGE_STANDARD = "gnu++0x";
				CLANG_CXX_LIBRARY = "libc++";
				CLANG_ENABLE_OBJC_ARC = YES;
				CLANG_WARN_EMPTY_BODY = YES;
				CLANG_WARN__DUPLICATE_METHOD_MATCH = YES;
				DSTROOT = /tmp/PiwikTracker.dst;
				GCC_PRECOMPILE_PREFIX_HEADER = YES;
				GCC_PREFIX_HEADER = "PiwikTracker/PiwikTracker-Prefix.pch";
				IPHONEOS_DEPLOYMENT_TARGET = 6.0;
				LIBRARY_SEARCH_PATHS = (
					"$(inherited)",
					"\"$(SRCROOT)/GoogleAnalyticsiOS_2.0beta4/Library\"",
				);
				ONLY_ACTIVE_ARCH = YES;
				OTHER_LDFLAGS = "$(inherited)";
				PRODUCT_NAME = "$(TARGET_NAME)";
				SKIP_INSTALL = YES;
			};
			name = Debug;
		};
		CD9BE6CE16EEBB7E005C5CBE /* Release */ = {
			isa = XCBuildConfiguration;
			baseConfigurationReference = 5511AE6E74C34922935DC2E6 /* Pods.xcconfig */;
			buildSettings = {
				CLANG_CXX_LANGUAGE_STANDARD = "gnu++0x";
				CLANG_CXX_LIBRARY = "libc++";
				CLANG_ENABLE_OBJC_ARC = YES;
				CLANG_WARN_EMPTY_BODY = YES;
				CLANG_WARN__DUPLICATE_METHOD_MATCH = YES;
				DSTROOT = /tmp/PiwikTracker.dst;
				GCC_PRECOMPILE_PREFIX_HEADER = YES;
				GCC_PREFIX_HEADER = "PiwikTracker/PiwikTracker-Prefix.pch";
				IPHONEOS_DEPLOYMENT_TARGET = 6.0;
				LIBRARY_SEARCH_PATHS = (
					"$(inherited)",
					"\"$(SRCROOT)/GoogleAnalyticsiOS_2.0beta4/Library\"",
				);
				OTHER_LDFLAGS = "$(inherited)";
				PRODUCT_NAME = "$(TARGET_NAME)";
				SKIP_INSTALL = YES;
			};
			name = Release;
		};
		CD9BE6D016EEBB7E005C5CBE /* Debug */ = {
			isa = XCBuildConfiguration;
			baseConfigurationReference = 5511AE6E74C34922935DC2E6 /* Pods.xcconfig */;
			buildSettings = {
				CLANG_CXX_LANGUAGE_STANDARD = "gnu++0x";
				CLANG_CXX_LIBRARY = "libc++";
				CLANG_ENABLE_OBJC_ARC = YES;
				CLANG_WARN_EMPTY_BODY = YES;
				CLANG_WARN__DUPLICATE_METHOD_MATCH = YES;
				FRAMEWORK_SEARCH_PATHS = (
					"\"$(SDKROOT)/Developer/Library/Frameworks\"",
					"\"$(DEVELOPER_LIBRARY_DIR)/Frameworks\"",
				);
				GCC_PRECOMPILE_PREFIX_HEADER = YES;
				GCC_PREFIX_HEADER = "PiwikTracker/PiwikTracker-Prefix.pch";
				INFOPLIST_FILE = "PiwikTrackerTests/PiwikTrackerTests-Info.plist";
				IPHONEOS_DEPLOYMENT_TARGET = 6.0;
				LIBRARY_SEARCH_PATHS = (
					"$(inherited)",
					"\"$(SRCROOT)/GoogleAnalyticsiOS_2.0beta4/Library\"",
				);
				ONLY_ACTIVE_ARCH = YES;
				PRODUCT_NAME = "$(TARGET_NAME)";
				WRAPPER_EXTENSION = octest;
			};
			name = Debug;
		};
		CD9BE6D116EEBB7E005C5CBE /* Release */ = {
			isa = XCBuildConfiguration;
			baseConfigurationReference = 5511AE6E74C34922935DC2E6 /* Pods.xcconfig */;
			buildSettings = {
				CLANG_CXX_LANGUAGE_STANDARD = "gnu++0x";
				CLANG_CXX_LIBRARY = "libc++";
				CLANG_ENABLE_OBJC_ARC = YES;
				CLANG_WARN_EMPTY_BODY = YES;
				CLANG_WARN__DUPLICATE_METHOD_MATCH = YES;
				FRAMEWORK_SEARCH_PATHS = (
					"\"$(SDKROOT)/Developer/Library/Frameworks\"",
					"\"$(DEVELOPER_LIBRARY_DIR)/Frameworks\"",
				);
				GCC_PRECOMPILE_PREFIX_HEADER = YES;
				GCC_PREFIX_HEADER = "PiwikTracker/PiwikTracker-Prefix.pch";
				INFOPLIST_FILE = "PiwikTrackerTests/PiwikTrackerTests-Info.plist";
				IPHONEOS_DEPLOYMENT_TARGET = 6.0;
				LIBRARY_SEARCH_PATHS = (
					"$(inherited)",
					"\"$(SRCROOT)/GoogleAnalyticsiOS_2.0beta4/Library\"",
				);
				PRODUCT_NAME = "$(TARGET_NAME)";
				WRAPPER_EXTENSION = octest;
			};
			name = Release;
		};
/* End XCBuildConfiguration section */

/* Begin XCConfigurationList section */
		CD29381615766C3D00DE309E /* Build configuration list for PBXProject "PiwikTracker" */ = {
			isa = XCConfigurationList;
			buildConfigurations = (
				CD29383B15766C3E00DE309E /* Debug */,
				CD29383C15766C3E00DE309E /* Release */,
			);
			defaultConfigurationIsVisible = 0;
			defaultConfigurationName = Release;
		};
		CD29383D15766C3E00DE309E /* Build configuration list for PBXNativeTarget "PiwikTrackerDemo" */ = {
			isa = XCConfigurationList;
			buildConfigurations = (
				CD29383E15766C3E00DE309E /* Debug */,
				CD29383F15766C3E00DE309E /* Release */,
			);
			defaultConfigurationIsVisible = 0;
			defaultConfigurationName = Release;
		};
		CD7DDE9315877D6D00DA91E4 /* Build configuration list for PBXAggregateTarget "Documentation" */ = {
			isa = XCConfigurationList;
			buildConfigurations = (
				CD7DDE9115877D6D00DA91E4 /* Debug */,
				CD7DDE9215877D6D00DA91E4 /* Release */,
			);
			defaultConfigurationIsVisible = 0;
			defaultConfigurationName = Release;
		};
		CD9BE6CC16EEBB7E005C5CBE /* Build configuration list for PBXNativeTarget "PiwikTracker" */ = {
			isa = XCConfigurationList;
			buildConfigurations = (
				CD9BE6CD16EEBB7E005C5CBE /* Debug */,
				CD9BE6CE16EEBB7E005C5CBE /* Release */,
			);
			defaultConfigurationIsVisible = 0;
			defaultConfigurationName = Release;
		};
		CD9BE6CF16EEBB7E005C5CBE /* Build configuration list for PBXNativeTarget "PiwikTrackerTests" */ = {
			isa = XCConfigurationList;
			buildConfigurations = (
				CD9BE6D016EEBB7E005C5CBE /* Debug */,
				CD9BE6D116EEBB7E005C5CBE /* Release */,
			);
			defaultConfigurationIsVisible = 0;
			defaultConfigurationName = Release;
		};
/* End XCConfigurationList section */

/* Begin XCVersionGroup section */
		CDAA633817A8235D0082176B /* piwiktracker.xcdatamodeld */ = {
			isa = XCVersionGroup;
			children = (
				CDAA633917A8235E0082176B /* piwiktracker.xcdatamodel */,
			);
			currentVersion = CDAA633917A8235E0082176B /* piwiktracker.xcdatamodel */;
			path = piwiktracker.xcdatamodeld;
			sourceTree = "<group>";
			versionGroupType = wrapper.xcdatamodel;
		};
/* End XCVersionGroup section */
	};
	rootObject = CD29381315766C3D00DE309E /* Project object */;
}
